# This file is automatically @generated by Cargo.
# It is not intended for manual editing.
version = 4

[[package]]
name = "td-builder"
version = "0.1.0"
dependencies = [
 "td-engine",
]

[[package]]
name = "td-engine"
version = "0.1.0"

[[package]]
name = "td-recipe"
version = "0.1.0"
dependencies = [
 "td-engine",
]
