# bat.lock — pinned inputs for building `bat` (0.25.0) WITH its full dependency closure
# via `td-builder build-recipe` (buildSystem "rust", recipe-bat.ts). GENERATED from bat's
# Cargo.lock: bat-source is the upstream crate tarball; every `*.crate` is a fixed-output
# static.crates.io fetch (sha256 == its Cargo.lock checksum). Built --no-default-features
# with syntect's pure-Rust regex-fancy backend (drops git2 AND onig C builds). The rust/
# cargo/gcc-toolchain + coreutils/bash/tar/gzip lines are the shared Rust seed.
kalrvf4si2s65g1ps7cw4gkz0q7lwryn-rust-1.93.0 /gnu/store/kalrvf4si2s65g1ps7cw4gkz0q7lwryn-rust-1.93.0
z7kjjjv2k1aniv8lndhb5q1p3639631q-rust-1.93.0-cargo /gnu/store/z7kjjjv2k1aniv8lndhb5q1p3639631q-rust-1.93.0-cargo
z78xpbjrl0g6238acy238fibgzckqgak-gcc-toolchain-15.2.0 /gnu/store/z78xpbjrl0g6238acy238fibgzckqgak-gcc-toolchain-15.2.0
bwfxzfsm742izbqrx63ica0jq0sbnmrp-coreutils-9.1 /gnu/store/bwfxzfsm742izbqrx63ica0jq0sbnmrp-coreutils-9.1
p5dap5q3wfdy0h3m31q5hbj3gpbkmrxv-bash-5.2.37 /gnu/store/p5dap5q3wfdy0h3m31q5hbj3gpbkmrxv-bash-5.2.37
vlx3kkamd502jahyyn03qq9dxa63h3cz-tar-1.35 /gnu/store/vlx3kkamd502jahyyn03qq9dxa63h3cz-tar-1.35
ch4v61a0lw0f1hkm5adai5z42qpyf20k-gzip-1.14 /gnu/store/ch4v61a0lw0f1hkm5adai5z42qpyf20k-gzip-1.14
bat-source /gnu/store/wbljndrxhgwrydlm36w24ccd4pbrq9qp-bat-0.25.0.crate
adler2-2.0.0.crate /gnu/store/qcbhxldrv8jsz1a86ws6hfyxlvrxb2fw-adler2-2.0.0.crate
aho-corasick-1.1.2.crate /gnu/store/s611vf71vfzh6sflksvw16hvspgxd35g-aho-corasick-1.1.2.crate
ansi_colours-1.2.3.crate /gnu/store/cv079jczqnp8lk22baygjdslaa6zq2zb-ansi_colours-1.2.3.crate
anstream-0.6.18.crate /gnu/store/d7dzjaq592hnfsy8a13mmjhsxalaqcm6-anstream-0.6.18.crate
anstyle-1.0.0.crate /gnu/store/hb6j5jd5830jpjvsbicj58n5ny4717y1-anstyle-1.0.0.crate
anstyle-parse-0.2.0.crate /gnu/store/q8ivbswzyzay2y7c1r7xv4m3wmwl018i-anstyle-parse-0.2.0.crate
anstyle-query-1.0.0.crate /gnu/store/9if9dkfn62gk2d7k3k0d8sk3n4sfs5np-anstyle-query-1.0.0.crate
anstyle-wincon-3.0.6.crate /gnu/store/mj2ql0js7lncsgbkzqmym66s2wmj5azn-anstyle-wincon-3.0.6.crate
anyhow-1.0.86.crate /gnu/store/8n6v9bl9z9hk64lk89dr124jk12132cb-anyhow-1.0.86.crate
assert_cmd-2.0.12.crate /gnu/store/86cdir5flr08jcv4lh0rfsa3gz9x7z4w-assert_cmd-2.0.12.crate
autocfg-1.1.0.crate /gnu/store/wwyi7a8w4i4x9b50d4sabbjw2vl9rsab-autocfg-1.1.0.crate
base64-0.22.1.crate /gnu/store/b7vr12ccmrl1fdw516slz20y1pmgdqf8-base64-0.22.1.crate
bincode-1.3.3.crate /gnu/store/y092l9k0ay889013xc944gj0rz24h3xx-bincode-1.3.3.crate
bitflags-1.3.2.crate /gnu/store/j0pmb6bikk9s6l83rcz6sl835f07zcjs-bitflags-1.3.2.crate
bitflags-2.4.0.crate /gnu/store/3ax5rnzs3pp696n2kra24yqqc1g9vn8s-bitflags-2.4.0.crate
bit-set-0.5.3.crate /gnu/store/nczldqspf8i2m87h5q8yydn2idxw1jdp-bit-set-0.5.3.crate
bit-vec-0.6.3.crate /gnu/store/acd8if9fpsvzli0sr4i4z7pr06sf6s37-bit-vec-0.6.3.crate
bstr-1.8.0.crate /gnu/store/w83i7y66kfniz2i2c1cpg57ivzk996cx-bstr-1.8.0.crate
bugreport-0.5.0.crate /gnu/store/05681spyjjspksaqfchsbsk75xv29ni8-bugreport-0.5.0.crate
bytemuck-1.12.1.crate /gnu/store/01lj11sx7xcnfj8f28zp7c0fv1kfa9r3-bytemuck-1.12.1.crate
bytesize-1.3.0.crate /gnu/store/xndmv9pm5qn6j4ady75g7ms0l788ifix-bytesize-1.3.0.crate
cc-1.0.83.crate /gnu/store/ls83ly66qs4cbd1i9bqg4zvcigf18bwn-cc-1.0.83.crate
cfg_aliases-0.2.1.crate /gnu/store/c6a2b2mgc0gazbsljv90wv4b3126rhap-cfg_aliases-0.2.1.crate
cfg-if-1.0.0.crate /gnu/store/md43mvn1vy69sq3cnpb6b4h6xf04s0yk-cfg-if-1.0.0.crate
clap-4.5.13.crate /gnu/store/ir6pc12irg99inj3b0xr9jjgc1nn2h8z-clap-4.5.13.crate
clap_builder-4.5.13.crate /gnu/store/jq1x69pj6vxcvkv263lazgrl5as7vrrc-clap_builder-4.5.13.crate
clap_lex-0.7.4.crate /gnu/store/li3kxj6iv7cwdc2rilz7cb73zf2qi28l-clap_lex-0.7.4.crate
clircle-0.6.1.crate /gnu/store/p63r4g5m1y1qsyn6hfkcyrlzcxnfabgm-clircle-0.6.1.crate
colorchoice-1.0.0.crate /gnu/store/0d6zbdsn2xv4daglavd88i4v171zrn6b-colorchoice-1.0.0.crate
console-0.15.10.crate /gnu/store/hrf5wk5dqci8yna400iqabn0nfna9l9h-console-0.15.10.crate
content_inspector-0.2.4.crate /gnu/store/sgchcjcmllkczjwlrwrgd1bknzv31mqr-content_inspector-0.2.4.crate
crc32fast-1.3.2.crate /gnu/store/4ib46qzqf7ymghvfvq13l03p4kqv48vf-crc32fast-1.3.2.crate
darling-0.20.3.crate /gnu/store/pmrqxqiyhgdaz1xjh1gq4c6vjvrbbl8d-darling-0.20.3.crate
darling_core-0.20.3.crate /gnu/store/53pv5b3qfm69skrj0hj7ywaakqy3ppvi-darling_core-0.20.3.crate
darling_macro-0.20.3.crate /gnu/store/z53d63f59w85cvn4dn5ljpjcdijxyfhn-darling_macro-0.20.3.crate
dashmap-5.4.0.crate /gnu/store/5zs6mssgzkhhxvdg3skqxibb91fczx56-dashmap-5.4.0.crate
deranged-0.3.11.crate /gnu/store/km6b659kdx36ks13zj550dph32hwb1dm-deranged-0.3.11.crate
difflib-0.4.0.crate /gnu/store/7zx4nk1h9470kfv7hqvnxv8j0qhr1l8f-difflib-0.4.0.crate
dissimilar-1.0.5.crate /gnu/store/q2y4p6425hqbwda8vj1rs0di99fz7z4g-dissimilar-1.0.5.crate
doc-comment-0.3.3.crate /gnu/store/n7syl1rw59p59pcpramra15aq1zmd5h7-doc-comment-0.3.3.crate
either-1.8.0.crate /gnu/store/v45d026h4avwz5yl74vb8s02vckyval5-either-1.8.0.crate
encode_unicode-1.0.0.crate /gnu/store/93c3w60pacj4ccjycqc5rmrgsln7v79r-encode_unicode-1.0.0.crate
encoding_rs-0.8.35.crate /gnu/store/hllhgcp00c8f14nzz6d0y62rdhwwgnk8-encoding_rs-0.8.35.crate
equivalent-1.0.1.crate /gnu/store/kz4dcfdjh2c5yy44cc10vpiqvnxgmvd6-equivalent-1.0.1.crate
errno-0.3.3.crate /gnu/store/6ai1ibfdy8l6pbaz2ccz3p4lyp1r0dl4-errno-0.3.3.crate
errno-dragonfly-0.1.2.crate /gnu/store/8zwxbjam96pc2m187xylzqxqikl0891f-errno-dragonfly-0.1.2.crate
etcetera-0.8.0.crate /gnu/store/rb1li3d2z6z60dvbyrnfdqmqfs2pxq0i-etcetera-0.8.0.crate
execute-0.2.13.crate /gnu/store/chw7ccfs9jbvfwlizarwa5bhg8prw1qf-execute-0.2.13.crate
execute-command-macro-0.1.9.crate /gnu/store/q4914dxjlnyrdgqdjfsf361cwb74k612-execute-command-macro-0.1.9.crate
execute-command-macro-impl-0.1.10.crate /gnu/store/p78skfv0n4r5bdadz60yf63bhndkxad7-execute-command-macro-impl-0.1.10.crate
execute-command-tokens-0.1.7.crate /gnu/store/wcpz96yqwss4m5f2qbfjgdqcy7jb8vnr-execute-command-tokens-0.1.7.crate
expect-test-1.5.0.crate /gnu/store/bpy36pxhd4wwp9d72d8l7lbrnn4sk14f-expect-test-1.5.0.crate
fancy-regex-0.11.0.crate /gnu/store/pg5i3gm4bq9hdd65cnp34l9avd2z3qch-fancy-regex-0.11.0.crate
fastrand-2.0.0.crate /gnu/store/dw3bvrqx0f2avvryb7rglcxab7grai0l-fastrand-2.0.0.crate
flate2-1.0.35.crate /gnu/store/gw1vcw350g6j0nsj3hvc8rfj1km4956m-flate2-1.0.35.crate
float-cmp-0.10.0.crate /gnu/store/nyyyys5cmyll7lyw76713jfrf8wr01rq-float-cmp-0.10.0.crate
fnv-1.0.7.crate /gnu/store/2p7n7q2hmvmyibb9wiszzlw56pi5n7pd-fnv-1.0.7.crate
form_urlencoded-1.2.1.crate /gnu/store/zr17c6whdr3xm7pk1ygd87jg2lrmixji-form_urlencoded-1.2.1.crate
generic-array-1.1.1.crate /gnu/store/6hrlr6nii5nwgw395s23h6mk8rmaaa9n-generic-array-1.1.1.crate
git2-0.19.0.crate /gnu/store/5iwkviv0qkywzvvc0zydxwmxrwxn4027-git2-0.19.0.crate
git-version-0.3.9.crate /gnu/store/v411vijklwy7707kmlycp1lwfjkm7wr7-git-version-0.3.9.crate
git-version-macro-0.3.9.crate /gnu/store/abxs74cwjvywlmdfvxrss87ix7vmk3b3-git-version-macro-0.3.9.crate
glob-0.3.1.crate /gnu/store/lg5w0q2d2gk2kcy7sjbakv5nqafdyd1i-glob-0.3.1.crate
globset-0.4.15.crate /gnu/store/390qxsnx55lbyi2pn7jfc662192m8mvk-globset-0.4.15.crate
grep-cli-0.1.11.crate /gnu/store/bpp4x3w8zsj1csy5hyjh1cicw4vqq617-grep-cli-0.1.11.crate
hashbrown-0.12.3.crate /gnu/store/z7m1ljqinqpdw3jfcdl9syg0xzf1nc3f-hashbrown-0.12.3.crate
hashbrown-0.14.1.crate /gnu/store/02lv1zmcjfyhcy6miymlq76m478hls17-hashbrown-0.14.1.crate
hermit-abi-0.3.9.crate /gnu/store/ya8c2px4ib6i8xxdrk2aj2kp3ziz20vy-hermit-abi-0.3.9.crate
home-0.5.9.crate /gnu/store/gi5zia5wwpai7fvxlbwb0yc0i61w15hy-home-0.5.9.crate
ident_case-1.0.1.crate /gnu/store/qrk17gc5g7gsh8gkvg65x151m3m4ybqz-ident_case-1.0.1.crate
idna-0.5.0.crate /gnu/store/pq3fcijqbv6mwsqz14pqiln30zkvsvzx-idna-0.5.0.crate
indexmap-2.3.0.crate /gnu/store/z0ff02jvlhaj3bqvbkg7f6wxfj4fqkgw-indexmap-2.3.0.crate
is_terminal_polyfill-1.70.1.crate /gnu/store/810aplj3547zakc3rvlb00bh94xc13cs-is_terminal_polyfill-1.70.1.crate
itertools-0.13.0.crate /gnu/store/l1bydvmhj23ll56n40ycwbpxdw408sj7-itertools-0.13.0.crate
itoa-1.0.3.crate /gnu/store/b2m0xrwws4zh04aqpv8bgm7nfwvhkxfa-itoa-1.0.3.crate
jobserver-0.1.25.crate /gnu/store/y51y5x743cwycaz2443ighf0n0smflgy-jobserver-0.1.25.crate
lazy_static-1.4.0.crate /gnu/store/v7ipl7nljqkaildsxgn5givl190r8c1a-lazy_static-1.4.0.crate
libc-0.2.161.crate /gnu/store/m1qbn3gz16rj3q3k8n97984yja5s0z9l-libc-0.2.161.crate
libgit2-sys-0.17.0+1.8.1.crate /gnu/store/p4yb5c9iqn6v0261w67k2f49awm4fawm-libgit2-sys-0.17.0+1.8.1.crate
libz-sys-1.1.8.crate /gnu/store/l6n6lq7754ny2ydgd5cp266h9d9jsbbi-libz-sys-1.1.8.crate
linked-hash-map-0.5.6.crate /gnu/store/bcnx8avxhk88383r1y39hjsg34sxlp9m-linked-hash-map-0.5.6.crate
linux-raw-sys-0.4.10.crate /gnu/store/b0q4d2mnagng6ia7r2953nfrx7k26g38-linux-raw-sys-0.4.10.crate
lock_api-0.4.9.crate /gnu/store/jd809lmxqxfii53ll4wlszarx4fbdlfm-lock_api-0.4.9.crate
log-0.4.20.crate /gnu/store/bcdgiakmnp69mwrjy0h60fga8vzfc7xr-log-0.4.20.crate
memchr-2.7.4.crate /gnu/store/wgz7i2zf32g6wh7v9hcq98p9r80q619v-memchr-2.7.4.crate
miniz_oxide-0.8.0.crate /gnu/store/vlknhfgnlml1bk1vrv86rjsvn110imx6-miniz_oxide-0.8.0.crate
mio-1.0.0.crate /gnu/store/qhcnjmi79wr0idlfx3bgbz0zb9p77i4i-mio-1.0.0.crate
nix-0.29.0.crate /gnu/store/7k33qpfkxgiq204h81qb0b5nnx1rljr0-nix-0.29.0.crate
normalize-line-endings-0.3.0.crate /gnu/store/apadbfp4rgzw64fmwav94lck1an8chff-normalize-line-endings-0.3.0.crate
nu-ansi-term-0.50.0.crate /gnu/store/v70d5r88079zyvg11p0qcwqqyx7q76aj-nu-ansi-term-0.50.0.crate
num-conv-0.1.0.crate /gnu/store/7lyjp89p8gx1g5c0vq7jqcavy7j749hc-num-conv-0.1.0.crate
num-traits-0.2.15.crate /gnu/store/6armwwlqn301hxxx2hnra3jm87q38mm8-num-traits-0.2.15.crate
once_cell-1.20.2.crate /gnu/store/y4jayi1bmya5by1shm9wxq3k4j66k2gw-once_cell-1.20.2.crate
onig-6.4.0.crate /gnu/store/1fnjq3d3lmr0xym4sga40yn818pxgdx9-onig-6.4.0.crate
onig_sys-69.8.1.crate /gnu/store/a454jqdp0jmrsz1sd2z5s50ybk8vn58b-onig_sys-69.8.1.crate
parking_lot-0.12.1.crate /gnu/store/cx2z2z296kq75xcssniw9cvwbfpdmifb-parking_lot-0.12.1.crate
parking_lot_core-0.9.7.crate /gnu/store/vc0px5y7yvx4wkw9bq5g3srx5d2himqk-parking_lot_core-0.9.7.crate
path_abs-0.5.1.crate /gnu/store/a7dmml17gfkapfxajdb5chny5wrg2191-path_abs-0.5.1.crate
percent-encoding-2.3.1.crate /gnu/store/jn67w9dhbpj4p33h97vl94izpva27qkc-percent-encoding-2.3.1.crate
pkg-config-0.3.25.crate /gnu/store/58km3ydqyls4ip0m166rn426jym06wfq-pkg-config-0.3.25.crate
plist-1.7.0.crate /gnu/store/caifrajqqngf4h7djccbz5v2kr72zarz-plist-1.7.0.crate
powerfmt-0.2.0.crate /gnu/store/wp20j1zv0m8335ma222xjkpqi0rvbksx-powerfmt-0.2.0.crate
predicates-3.1.3.crate /gnu/store/bfcywz6fs4ppsysi1h8vfy4hilsnl07q-predicates-3.1.3.crate
predicates-core-1.0.6.crate /gnu/store/lm0skq52jqwg6mihdnjz8scyhipg13wn-predicates-core-1.0.6.crate
predicates-tree-1.0.5.crate /gnu/store/g02nbhj5kdscjhyz3cdrhcqznrq58jk6-predicates-tree-1.0.5.crate
proc-macro2-1.0.92.crate /gnu/store/0p3jymqykb6nchl2zlp375gmbb59r4iz-proc-macro2-1.0.92.crate
quick-xml-0.32.0.crate /gnu/store/7wq7qgnvc2vfhplm261a5z8qsslc6w0m-quick-xml-0.32.0.crate
quote-1.0.35.crate /gnu/store/y4pfilkrps4xs79cdbcypax54h2966wf-quote-1.0.35.crate
redox_syscall-0.2.16.crate /gnu/store/gnf27iw58jfs0bx2rnakgng3pz4s96c0-redox_syscall-0.2.16.crate
redox_syscall-0.4.1.crate /gnu/store/swjll6kmvkzds7pyv6mlmgylvakar5c7-redox_syscall-0.4.1.crate
regex-1.10.6.crate /gnu/store/pj56cizpzgkg4f4k8i85y6x7sglbzpc8-regex-1.10.6.crate
regex-automata-0.4.7.crate /gnu/store/2mq4xmyr4hywzkivppmwwlbvvjcbgv55-regex-automata-0.4.7.crate
regex-syntax-0.8.2.crate /gnu/store/my9jk3a64bc750ain2gjyxzsr08idk6r-regex-syntax-0.8.2.crate
rgb-0.8.34.crate /gnu/store/2vjml5hqn3scab5j3f07rv85189ymigm-rgb-0.8.34.crate
rustix-0.38.21.crate /gnu/store/0818bd4nz6qj1abp9ibf4z434b50k9si-rustix-0.38.21.crate
ryu-1.0.11.crate /gnu/store/blaw5zfkryxw0x0hldy4am0v056v1q0h-ryu-1.0.11.crate
same-file-1.0.6.crate /gnu/store/55kpbrak1xn2bbnp2fmdpzfnypvm0sc1-same-file-1.0.6.crate
scopeguard-1.1.0.crate /gnu/store/f8fd5xwnh45g4ji80dqii339ry4knl3i-scopeguard-1.1.0.crate
semver-1.0.23.crate /gnu/store/cw7yd9hfbz16m0b5m5lvmsqr5r73m05b-semver-1.0.23.crate
serde-1.0.217.crate /gnu/store/4lkhdxk4xi08wp2jygp9zq622iwwpyrp-serde-1.0.217.crate
serde_derive-1.0.217.crate /gnu/store/wmbqrmia0gjzxqjwl1py9n0w2z0zdlvm-serde_derive-1.0.217.crate
serde_json-1.0.85.crate /gnu/store/nf2k32b0h1afkj3b0001xvdmp8rpni3l-serde_json-1.0.85.crate
serde_spanned-0.6.8.crate /gnu/store/ln2srqw33s9bmdi1ak8592hrmafrdj5f-serde_spanned-0.6.8.crate
serde_with-3.12.0.crate /gnu/store/6pbzsjpgxsv765zxfak5461cqa0y8mvk-serde_with-3.12.0.crate
serde_with_macros-3.12.0.crate /gnu/store/jlqpmhq5dcvhajvn0ma4plr2r27b128a-serde_with_macros-3.12.0.crate
serde_yaml-0.9.29.crate /gnu/store/1z3gw45yh54slvyf7glnz7h65x87h956-serde_yaml-0.9.29.crate
serial_test-2.0.0.crate /gnu/store/b30mdsq223dgfb28xbl7l35iqcb6g6sr-serial_test-2.0.0.crate
serial_test_derive-2.0.0.crate /gnu/store/asgr5krzxl05xrams5i33q4p2v2dzq33-serial_test_derive-2.0.0.crate
shell-escape-0.1.5.crate /gnu/store/gw9akydvzl2k2ssjlaaz2xc58p19fjvl-shell-escape-0.1.5.crate
shell-words-1.1.0.crate /gnu/store/8wl4rlbq6r06h06qxmvyc8al5zjj1z1p-shell-words-1.1.0.crate
smallvec-1.10.0.crate /gnu/store/y7ydcbsdxifchk6vsy0r05wlz628zyyy-smallvec-1.10.0.crate
std_prelude-0.2.12.crate /gnu/store/y6cnj895awkir7bhps9jcby20s37m7c4-std_prelude-0.2.12.crate
strsim-0.10.0.crate /gnu/store/py1fqniybdmcjhdwcxqzx1izyn2lsl4i-strsim-0.10.0.crate
strsim-0.11.1.crate /gnu/store/hjvjr70kmchp5aqsdvw2xggs5hwhqngh-strsim-0.11.1.crate
syn-2.0.93.crate /gnu/store/q0ympbpq8f6gv33n8hxiq3m7jyqpn8gv-syn-2.0.93.crate
syntect-5.2.0.crate /gnu/store/x7xbvf7ph5bcracxp6cgmfqkl783826h-syntect-5.2.0.crate
sys-info-0.9.1.crate /gnu/store/jagsqmqr46kv8kfigws1xqm33v06gv63-sys-info-0.9.1.crate
tempfile-3.8.1.crate /gnu/store/xndwnld6mqsxcg7yl8vd4lv0nm5l076k-tempfile-3.8.1.crate
termcolor-1.4.0.crate /gnu/store/9a5wx903wmkljbwxagdjil3xlcl4xagn-termcolor-1.4.0.crate
terminal-colorsaurus-0.4.7.crate /gnu/store/y55l46shr848ym0lwvfma34wlvv313h6-terminal-colorsaurus-0.4.7.crate
terminal_size-0.3.0.crate /gnu/store/kal9w42f1ka8ml5mbniqhr33scapm8qn-terminal_size-0.3.0.crate
terminal-trx-0.2.3.crate /gnu/store/l2la675804i4k4pi3dlyr9n565gj4m6p-terminal-trx-0.2.3.crate
termtree-0.2.4.crate /gnu/store/6mc74b2414kd3r26p7mpgy20azr8xkba-termtree-0.2.4.crate
thiserror-1.0.61.crate /gnu/store/0krpbfb51bwzhwn7kc336wbixkqrmmm6-thiserror-1.0.61.crate
thiserror-impl-1.0.61.crate /gnu/store/4micxbknqgbl67ag6c3xzdw7q1qhc59a-thiserror-impl-1.0.61.crate
time-0.3.36.crate /gnu/store/1ax5jx2b212sagim9wqhalq231a2p9g6-time-0.3.36.crate
time-core-0.1.2.crate /gnu/store/2j6svq22rbap6jb0g6myjlxawdqh89jv-time-core-0.1.2.crate
time-macros-0.2.18.crate /gnu/store/xrkrgjwf1c47a05qkkdl9lj67w5hpx1w-time-macros-0.2.18.crate
tinyvec-1.6.0.crate /gnu/store/6hbdvrl8gjykv5wn16waxi57fic8ab40-tinyvec-1.6.0.crate
tinyvec_macros-0.1.0.crate /gnu/store/ldpmwm1nrp56njk5lsj83yimy0gjx3kx-tinyvec_macros-0.1.0.crate
toml-0.8.19.crate /gnu/store/3zchgihq9f4kw8qm13qlx5z225cmibx5-toml-0.8.19.crate
toml_datetime-0.6.8.crate /gnu/store/2bkdb88m1wxvnlw33i0274p1vcrnzyrf-toml_datetime-0.6.8.crate
toml_edit-0.22.22.crate /gnu/store/f4hzm89bh4cr4dxnlhwzndzrwmbcpfmd-toml_edit-0.22.22.crate
typenum-1.17.0.crate /gnu/store/0g02jqnzcnrrywcqy3xjhvrdkjdh6ras-typenum-1.17.0.crate
unicode-bidi-0.3.18.crate /gnu/store/4817nkz4g6jaqrbapj09hb7jxq7z1d22-unicode-bidi-0.3.18.crate
unicode-ident-1.0.4.crate /gnu/store/v3aign3xfby2wzgc7z6kcl8z99f5m45z-unicode-ident-1.0.4.crate
unicode-normalization-0.1.22.crate /gnu/store/ls6byrsbvlpcwrlmc8v0yii376l6ws6s-unicode-normalization-0.1.22.crate
unicode-width-0.1.13.crate /gnu/store/s5l9ha10c375warab2wlymib34wbfv1z-unicode-width-0.1.13.crate
unicode-width-0.2.0.crate /gnu/store/01i3yvd8ayi8m2lw0p8mjw1v0g49418n-unicode-width-0.2.0.crate
unsafe-libyaml-0.2.10.crate /gnu/store/5g3h14f4knzix787skr6z6dky2nkpa02-unsafe-libyaml-0.2.10.crate
url-2.5.2.crate /gnu/store/2cyrxb0a6bwfgsnjz6cax70q9ard4d8f-url-2.5.2.crate
utf8parse-0.2.1.crate /gnu/store/cjg2dkf2g845bwvm5p6hiyiw63y0rbdq-utf8parse-0.2.1.crate
vcpkg-0.2.15.crate /gnu/store/bw93qs6823imz571kd46vkyzm988688d-vcpkg-0.2.15.crate
wait-timeout-0.2.0.crate /gnu/store/83s4a6rr4ysszghgj3s4mymp0bmw9lk3-wait-timeout-0.2.0.crate
walkdir-2.5.0.crate /gnu/store/zm27z0yl373yddi1rax0ifcxa29dgscn-walkdir-2.5.0.crate
wasi-0.11.0+wasi-snapshot-preview1.crate /gnu/store/db2jvcz8rf92qdryq0k61h576cwb4zyg-wasi-0.11.0+wasi-snapshot-preview1.crate
wild-2.2.1.crate /gnu/store/s9rrnk5gcakqzdkiv51dmgv44rwmd78n-wild-2.2.1.crate
winapi-0.3.9.crate /gnu/store/1h6dw7664nxx5v57lqrcb3adaqxia566-winapi-0.3.9.crate
winapi-i686-pc-windows-gnu-0.4.0.crate /gnu/store/911f23l7vphvxn7v2sal86px6pybnib9-winapi-i686-pc-windows-gnu-0.4.0.crate
winapi-util-0.1.6.crate /gnu/store/dhxyk5ypv7fhy5jv51dzy9gw237r0bva-winapi-util-0.1.6.crate
winapi-x86_64-pc-windows-gnu-0.4.0.crate /gnu/store/0v8q2a0fbym648aa43iz6q3nmm4xjanh-winapi-x86_64-pc-windows-gnu-0.4.0.crate
windows-0.56.0.crate /gnu/store/h02nzgz6xwajdf6q5ylvfhpw2vps7g3c-windows-0.56.0.crate
windows_aarch64_gnullvm-0.42.1.crate /gnu/store/zpvcmmjgwhr808lv93sv861zcjcmz9k8-windows_aarch64_gnullvm-0.42.1.crate
windows_aarch64_gnullvm-0.48.0.crate /gnu/store/75dyz2hvazg6mcz6yinxq6m4xqaydaqz-windows_aarch64_gnullvm-0.48.0.crate
windows_aarch64_gnullvm-0.52.6.crate /gnu/store/rg4ry72h729l3giv9qs401rfrzyw0708-windows_aarch64_gnullvm-0.52.6.crate
windows_aarch64_msvc-0.42.1.crate /gnu/store/r6b3pw9pchv46262j1c87ki4zn22m275-windows_aarch64_msvc-0.42.1.crate
windows_aarch64_msvc-0.48.0.crate /gnu/store/2pmmgd2nj17nqh23bxyl95jm84hm39mc-windows_aarch64_msvc-0.48.0.crate
windows_aarch64_msvc-0.52.6.crate /gnu/store/jvxzk87cgpmnmx4x292avjfkk3a5bg3w-windows_aarch64_msvc-0.52.6.crate
windows-core-0.56.0.crate /gnu/store/6i1wj1nrq418c4aygfzdk6gwbxq0l4i2-windows-core-0.56.0.crate
windows_i686_gnu-0.42.1.crate /gnu/store/4j0brrjb5q5g8cklkr355giv3lbybkfh-windows_i686_gnu-0.42.1.crate
windows_i686_gnu-0.48.0.crate /gnu/store/z92lmsvkpp0rdkxivcrlx3y9rssvy2kf-windows_i686_gnu-0.48.0.crate
windows_i686_gnu-0.52.6.crate /gnu/store/aq9fcaz2ngzymq5zh7h9vfgjq13dyrc0-windows_i686_gnu-0.52.6.crate
windows_i686_gnullvm-0.52.6.crate /gnu/store/0yhp6a28by3gx19jsblz1xywzgmyzik4-windows_i686_gnullvm-0.52.6.crate
windows_i686_msvc-0.42.1.crate /gnu/store/sir5xk7sc36jma5rj3z8ydlya1m9j0kb-windows_i686_msvc-0.42.1.crate
windows_i686_msvc-0.48.0.crate /gnu/store/grzw4m4x3nmn6dijam9gpzg9a0xkm4m9-windows_i686_msvc-0.48.0.crate
windows_i686_msvc-0.52.6.crate /gnu/store/rk7nhshmacjrba8x72mpy2bg0amhp0lh-windows_i686_msvc-0.52.6.crate
windows-implement-0.56.0.crate /gnu/store/1pbz97364688y5k4j70ywqnkh92rskm2-windows-implement-0.56.0.crate
windows-interface-0.56.0.crate /gnu/store/0phymx4w268z2z3cwwvchqidc7k6lgkz-windows-interface-0.56.0.crate
windows-result-0.1.2.crate /gnu/store/nk67swc021hjbwr231dhfgm38f3hbzch-windows-result-0.1.2.crate
windows-sys-0.45.0.crate /gnu/store/jj5hvcrpq7sk7bd09kw1zsivkp22aclj-windows-sys-0.45.0.crate
windows-sys-0.48.0.crate /gnu/store/m1dd2mfj5w6sqs7wr9ll0g9gqv1n33gn-windows-sys-0.48.0.crate
windows-sys-0.52.0.crate /gnu/store/q9f2kviin05prrj0igx94nxsgsv3km55-windows-sys-0.52.0.crate
windows-sys-0.59.0.crate /gnu/store/15lg2yn57fd2z03w1a8wa2xr4hczxmp8-windows-sys-0.59.0.crate
windows-targets-0.42.1.crate /gnu/store/csjjbaia5bas41lmjj9j1pdiaicikr7l-windows-targets-0.42.1.crate
windows-targets-0.48.0.crate /gnu/store/ykvfjnbjfk3lid2mhdfjfzir0br3i2p1-windows-targets-0.48.0.crate
windows-targets-0.52.6.crate /gnu/store/343niy8jfi87m8gzmiv5rviff3ik0bim-windows-targets-0.52.6.crate
windows_x86_64_gnu-0.42.1.crate /gnu/store/js2gyqzqjs0bsvv0yrx1l3cm3wa2irsw-windows_x86_64_gnu-0.42.1.crate
windows_x86_64_gnu-0.48.0.crate /gnu/store/dz1c8p69rbl120vsm3xicf084h97g2ba-windows_x86_64_gnu-0.48.0.crate
windows_x86_64_gnu-0.52.6.crate /gnu/store/0jkfmb8dyr6dlalprh8j91c7hm7p5dj1-windows_x86_64_gnu-0.52.6.crate
windows_x86_64_gnullvm-0.42.1.crate /gnu/store/sl0n3gh85s3blkwifk0nawjnxj42rnc2-windows_x86_64_gnullvm-0.42.1.crate
windows_x86_64_gnullvm-0.48.0.crate /gnu/store/8wj8pd6crahh3lv8jlq5cq7sk43dvgkx-windows_x86_64_gnullvm-0.48.0.crate
windows_x86_64_gnullvm-0.52.6.crate /gnu/store/0lz4q364rg6jl360nv0kk7dxa0z34mv0-windows_x86_64_gnullvm-0.52.6.crate
windows_x86_64_msvc-0.42.1.crate /gnu/store/a1b7zy37pc4wbmd7pdvz66w3dpa19lvf-windows_x86_64_msvc-0.42.1.crate
windows_x86_64_msvc-0.48.0.crate /gnu/store/w63spgjl50cs7mlkiq50l76616g77n2y-windows_x86_64_msvc-0.48.0.crate
windows_x86_64_msvc-0.52.6.crate /gnu/store/m05bpzmqgnns551qba3vqhlll32i0y3s-windows_x86_64_msvc-0.52.6.crate
winnow-0.6.20.crate /gnu/store/ps6cps6db1jy2afwgvl5jggqjiy6ca5p-winnow-0.6.20.crate
yaml-rust-0.4.5.crate /gnu/store/nixxa6nkkfkxjkvxp4p5pkvkc29i7rhd-yaml-rust-0.4.5.crate
