# fd.lock — pinned inputs for building `fd` (fd-find 10.2.0, binary fd) WITH its full
# dependency closure via `td-builder build-recipe` (buildSystem "rust", recipe-fd.ts).
# GENERATED from fd-find's shipped Cargo.lock: fd-source is the upstream fd-find crate
# tarball; every `*.crate` is a fixed-output static.crates.io fetch (sha256 == its
# Cargo.lock checksum). The rust/cargo/gcc-toolchain + coreutils/bash/tar/gzip build-env
# lines are the shared Rust seed (identical to cat-uutils.lock). Regenerate the crate
# lines on a dep bump via guix download over the new Cargo.lock checksums.
kalrvf4si2s65g1ps7cw4gkz0q7lwryn-rust-1.93.0 /gnu/store/kalrvf4si2s65g1ps7cw4gkz0q7lwryn-rust-1.93.0
z7kjjjv2k1aniv8lndhb5q1p3639631q-rust-1.93.0-cargo /gnu/store/z7kjjjv2k1aniv8lndhb5q1p3639631q-rust-1.93.0-cargo
z78xpbjrl0g6238acy238fibgzckqgak-gcc-toolchain-15.2.0 /gnu/store/z78xpbjrl0g6238acy238fibgzckqgak-gcc-toolchain-15.2.0
bwfxzfsm742izbqrx63ica0jq0sbnmrp-coreutils-9.1 /gnu/store/bwfxzfsm742izbqrx63ica0jq0sbnmrp-coreutils-9.1
p5dap5q3wfdy0h3m31q5hbj3gpbkmrxv-bash-5.2.37 /gnu/store/p5dap5q3wfdy0h3m31q5hbj3gpbkmrxv-bash-5.2.37
vlx3kkamd502jahyyn03qq9dxa63h3cz-tar-1.35 /gnu/store/vlx3kkamd502jahyyn03qq9dxa63h3cz-tar-1.35
ch4v61a0lw0f1hkm5adai5z42qpyf20k-gzip-1.14 /gnu/store/ch4v61a0lw0f1hkm5adai5z42qpyf20k-gzip-1.14
fd-source /gnu/store/y3yw77pr4mbjp7kgfcya90052b7vpydx-fd-find-10.2.0.crate
aho-corasick-1.1.3.crate /gnu/store/f3lpjam7ckjchvlzn91zkk7sfjslvjyh-aho-corasick-1.1.3.crate
android_system_properties-0.1.5.crate /gnu/store/8vzvhgf98aphw3n85sihl9a8b59cyrja-android_system_properties-0.1.5.crate
android-tzdata-0.1.1.crate /gnu/store/9gr14gzrqgyqvnwx91rx9zhr2h2h98sr-android-tzdata-0.1.1.crate
anstream-0.6.15.crate /gnu/store/qrh206b7zlyx5sin9y2jy3j7k6rza7g5-anstream-0.6.15.crate
anstyle-1.0.8.crate /gnu/store/dy4l18q3qibvn6y21al543s1av03lg0i-anstyle-1.0.8.crate
anstyle-parse-0.2.5.crate /gnu/store/qaf7pv849hv6ww47cmc0ghlyp4pc0352-anstyle-parse-0.2.5.crate
anstyle-query-1.1.1.crate /gnu/store/w7n79zdhjxmkkwz36awbxcaf0ffdv2hw-anstyle-query-1.1.1.crate
anstyle-wincon-3.0.4.crate /gnu/store/l34qmmn23hvz0i8y9n4s6kgp09dqvks6-anstyle-wincon-3.0.4.crate
anyhow-1.0.86.crate /gnu/store/8n6v9bl9z9hk64lk89dr124jk12132cb-anyhow-1.0.86.crate
argmax-0.3.1.crate /gnu/store/ml4vghk826756gx9ha0k244r83rb5b8p-argmax-0.3.1.crate
autocfg-1.3.0.crate /gnu/store/3bl8xm7mnsqnhdqswq0r3vw3ax5mdb8f-autocfg-1.3.0.crate
bitflags-1.3.2.crate /gnu/store/j0pmb6bikk9s6l83rcz6sl835f07zcjs-bitflags-1.3.2.crate
bitflags-2.6.0.crate /gnu/store/5j9gxjd1lk19jw01rilzfvkavm8fghp2-bitflags-2.6.0.crate
bstr-1.10.0.crate /gnu/store/gx6zkzl9b1ma1bv4851pgf3qac92gvkv-bstr-1.10.0.crate
bumpalo-3.16.0.crate /gnu/store/75b1j7gahxp3n6l1gh26z9w898rkc8bp-bumpalo-3.16.0.crate
cc-1.1.13.crate /gnu/store/1q3bzh4waajn3fb3gpi61397z1vjqqkx-cc-1.1.13.crate
cfg_aliases-0.2.1.crate /gnu/store/c6a2b2mgc0gazbsljv90wv4b3126rhap-cfg_aliases-0.2.1.crate
cfg-if-1.0.0.crate /gnu/store/md43mvn1vy69sq3cnpb6b4h6xf04s0yk-cfg-if-1.0.0.crate
chrono-0.4.38.crate /gnu/store/4gak6qmw3vb0ymwa0xmcl96wyq8p953h-chrono-0.4.38.crate
clap-4.5.16.crate /gnu/store/yj2z66p3q8j7vd4zl4kwc1ngs8vx4mb6-clap-4.5.16.crate
clap_builder-4.5.15.crate /gnu/store/7a8lj65lm9q16vfgp7bc0vs3hnn1ycmz-clap_builder-4.5.15.crate
clap_complete-4.5.19.crate /gnu/store/dm0cmnblpxanzjinvsnkrlnlqx84dv24-clap_complete-4.5.19.crate
clap_derive-4.5.13.crate /gnu/store/d6awfdj4019sjcrzxs13km0w4g09k3xx-clap_derive-4.5.13.crate
clap_lex-0.7.2.crate /gnu/store/svg2i1qrx6cwqlqxbv8dgk4lk625ay9d-clap_lex-0.7.2.crate
colorchoice-1.0.2.crate /gnu/store/9cjb4linvrn3kfrcrv4app50j6ijv2np-colorchoice-1.0.2.crate
core-foundation-sys-0.8.7.crate /gnu/store/2aj6mpkvhx6v38pkg79fwslchnslxr90-core-foundation-sys-0.8.7.crate
crossbeam-channel-0.5.13.crate /gnu/store/fkf1lhgxrr0nxdbsfxvi5xq85rc89f2c-crossbeam-channel-0.5.13.crate
crossbeam-deque-0.8.5.crate /gnu/store/hij1lqw2k3nnllxh5i9p0n5lp9rklxpy-crossbeam-deque-0.8.5.crate
crossbeam-epoch-0.9.18.crate /gnu/store/9zf4wyvq3jv66p5g66iga4g93rd138ix-crossbeam-epoch-0.9.18.crate
crossbeam-utils-0.8.20.crate /gnu/store/s32nwacbg3jcmcl10qrf283nybqalyq5-crossbeam-utils-0.8.20.crate
ctrlc-3.4.5.crate /gnu/store/dn4kp7rmxhj5vyigncyjkzlxih4s69xw-ctrlc-3.4.5.crate
diff-0.1.13.crate /gnu/store/b5vdnrlzwvc0khca66ci0sbg5qcxl188-diff-0.1.13.crate
errno-0.3.9.crate /gnu/store/f6yyv60rhps6m887m2lw7s15x1lgcifr-errno-0.3.9.crate
etcetera-0.8.0.crate /gnu/store/rb1li3d2z6z60dvbyrnfdqmqfs2pxq0i-etcetera-0.8.0.crate
faccess-0.2.4.crate /gnu/store/rx1aq1j2bg7maz954wqqfnxsk669cly2-faccess-0.2.4.crate
fastrand-2.1.0.crate /gnu/store/wwxx1f5zvcsa3mc5bgjnf3z2z8cl3pjw-fastrand-2.1.0.crate
filetime-0.2.24.crate /gnu/store/q67n0panc9zqxrb9kvvrjwv9lnz44i9m-filetime-0.2.24.crate
globset-0.4.14.crate /gnu/store/w70x5hk2281qlm8ygx1mda7130252rlv-globset-0.4.14.crate
heck-0.5.0.crate /gnu/store/v2fbsphdk3hx22pba2c67vndch9170yk-heck-0.5.0.crate
home-0.5.9.crate /gnu/store/gi5zia5wwpai7fvxlbwb0yc0i61w15hy-home-0.5.9.crate
humantime-2.1.0.crate /gnu/store/p5fn1xgz0fb48lrbw1kzv58d21fq1v05-humantime-2.1.0.crate
iana-time-zone-0.1.60.crate /gnu/store/phyy1pj9p0y6gp2d5fzmmflbyrbjklla-iana-time-zone-0.1.60.crate
iana-time-zone-haiku-0.1.2.crate /gnu/store/g5q9yz5cgn5s31v8abkrn5vwryc1y8dv-iana-time-zone-haiku-0.1.2.crate
ignore-0.4.22.crate /gnu/store/d7g6d0aa7snk9n91fyl24x1iy4zdx5jw-ignore-0.4.22.crate
is_terminal_polyfill-1.70.1.crate /gnu/store/810aplj3547zakc3rvlb00bh94xc13cs-is_terminal_polyfill-1.70.1.crate
jemallocator-0.5.4.crate /gnu/store/jdw1pv0brc4nxf6c1xa2h53964vcx9gp-jemallocator-0.5.4.crate
jemalloc-sys-0.5.4+5.3.0-patched.crate /gnu/store/s202m3ip7f6z8dw4ph2afynlgjq2n55l-jemalloc-sys-0.5.4+5.3.0-patched.crate
js-sys-0.3.70.crate /gnu/store/cwbdfxdv1kp65fz35rrk0d8h9724v9kj-js-sys-0.3.70.crate
lazy_static-1.5.0.crate /gnu/store/f71y67yv6z5alzhg230d2lbz9w5ldncf-lazy_static-1.5.0.crate
libc-0.2.158.crate /gnu/store/1hw6cyjch3m4vlwwsi28rp5lzwmsa4gv-libc-0.2.158.crate
libredox-0.1.3.crate /gnu/store/jxahhpdg37zpg0b02xwwv2m10jyq5qny-libredox-0.1.3.crate
linux-raw-sys-0.4.14.crate /gnu/store/d9flfkcpxpq9j7df7x7g91ns7qb3zfwz-linux-raw-sys-0.4.14.crate
log-0.4.22.crate /gnu/store/zvyxiwa322mvpbbyl62x4f9b2d4mvbc6-log-0.4.22.crate
lscolors-0.19.0.crate /gnu/store/ipbhaig7h7543m5d37w79i9dd1s58iha-lscolors-0.19.0.crate
memchr-2.7.4.crate /gnu/store/wgz7i2zf32g6wh7v9hcq98p9r80q619v-memchr-2.7.4.crate
nix-0.24.3.crate /gnu/store/p3l3ilcg18fpkdjgyxcdd6gvpacc1asn-nix-0.24.3.crate
nix-0.29.0.crate /gnu/store/7k33qpfkxgiq204h81qb0b5nnx1rljr0-nix-0.29.0.crate
normpath-1.3.0.crate /gnu/store/yaaz79wjaz86fyg99k0pl0m5kqirq7nz-normpath-1.3.0.crate
nu-ansi-term-0.50.1.crate /gnu/store/kzs2j7mpdlpdyh8apnr8fggv6fbr21bp-nu-ansi-term-0.50.1.crate
num-traits-0.2.19.crate /gnu/store/r3lj4j2lcpl8r72wryq6zr3wnmmrm6ms-num-traits-0.2.19.crate
once_cell-1.19.0.crate /gnu/store/p2c3yzbp3zlamkdj2fcwb6mslwsbcv80-once_cell-1.19.0.crate
proc-macro2-1.0.86.crate /gnu/store/3wyni47w7wp4dqyzhb1faryq3lp9plp3-proc-macro2-1.0.86.crate
quote-1.0.36.crate /gnu/store/9lzrgmbc3ik2x0a91s6ifa134389afik-quote-1.0.36.crate
redox_syscall-0.5.3.crate /gnu/store/5iwj8fxzkwwm83yqnsyx43iyx30dc3nd-redox_syscall-0.5.3.crate
regex-1.10.6.crate /gnu/store/pj56cizpzgkg4f4k8i85y6x7sglbzpc8-regex-1.10.6.crate
regex-automata-0.4.7.crate /gnu/store/2mq4xmyr4hywzkivppmwwlbvvjcbgv55-regex-automata-0.4.7.crate
regex-syntax-0.8.4.crate /gnu/store/cmx6vq5z2b04i92l8i37ixh229yxqc2c-regex-syntax-0.8.4.crate
rustix-0.38.34.crate /gnu/store/9l1qqmds5r6g8dnpg42323qfnj3ljq3y-rustix-0.38.34.crate
same-file-1.0.6.crate /gnu/store/55kpbrak1xn2bbnp2fmdpzfnypvm0sc1-same-file-1.0.6.crate
serde-1.0.208.crate /gnu/store/x0izwp8q8d1wwq22vg5rw5wgbgzqvfs1-serde-1.0.208.crate
serde_derive-1.0.208.crate /gnu/store/qk0pyqgawzqzb057i5l0y9dxcxbxj2fk-serde_derive-1.0.208.crate
shlex-1.3.0.crate /gnu/store/c7c1gbrj2k3j28684a08fvfp2qds0fg4-shlex-1.3.0.crate
strsim-0.11.1.crate /gnu/store/hjvjr70kmchp5aqsdvw2xggs5hwhqngh-strsim-0.11.1.crate
syn-2.0.75.crate /gnu/store/yqjwip6amas12h2rcnqsv9598n3kkxnk-syn-2.0.75.crate
tempfile-3.12.0.crate /gnu/store/2mq1ljm2nzhyw31qyaxxhcibka1ja7v3-tempfile-3.12.0.crate
terminal_size-0.3.0.crate /gnu/store/kal9w42f1ka8ml5mbniqhr33scapm8qn-terminal_size-0.3.0.crate
test-case-3.3.1.crate /gnu/store/xhp6pg6nmq428a5lhiqlih92as8ndrcv-test-case-3.3.1.crate
test-case-core-3.3.1.crate /gnu/store/h4lx22cn8li9nr9rwx64hva79pia4gs3-test-case-core-3.3.1.crate
test-case-macros-3.3.1.crate /gnu/store/yhi1pnmix6fpl64008m3653hkh3f1w9n-test-case-macros-3.3.1.crate
unicode-ident-1.0.12.crate /gnu/store/x9ycwpv0ak2bbpc5gbq380rxd551ldlm-unicode-ident-1.0.12.crate
utf8parse-0.2.2.crate /gnu/store/x1d35rflshf5sr1wnk5rri5vypabzhma-utf8parse-0.2.2.crate
version_check-0.9.5.crate /gnu/store/l0fqvn5p9rkng1f287ymykbp8y3hk4a2-version_check-0.9.5.crate
walkdir-2.5.0.crate /gnu/store/zm27z0yl373yddi1rax0ifcxa29dgscn-walkdir-2.5.0.crate
wasm-bindgen-0.2.93.crate /gnu/store/2si800x0ckjhdp4mdwc8yi55hz749mv1-wasm-bindgen-0.2.93.crate
wasm-bindgen-backend-0.2.93.crate /gnu/store/scilzhng7p72gqb2vwqd5vq6dmbh4hc0-wasm-bindgen-backend-0.2.93.crate
wasm-bindgen-macro-0.2.93.crate /gnu/store/xwfmbcwslklq7jkiab279fag3w66p4z3-wasm-bindgen-macro-0.2.93.crate
wasm-bindgen-macro-support-0.2.93.crate /gnu/store/drc5dv2dzh58kk279qspqhpik0jilzmz-wasm-bindgen-macro-support-0.2.93.crate
wasm-bindgen-shared-0.2.93.crate /gnu/store/bswr9sb7d07j2gxwml9d9fxynww46whd-wasm-bindgen-shared-0.2.93.crate
winapi-0.3.9.crate /gnu/store/1h6dw7664nxx5v57lqrcb3adaqxia566-winapi-0.3.9.crate
winapi-i686-pc-windows-gnu-0.4.0.crate /gnu/store/911f23l7vphvxn7v2sal86px6pybnib9-winapi-i686-pc-windows-gnu-0.4.0.crate
winapi-util-0.1.9.crate /gnu/store/y3d725badgigfxkm8di788h67qhp5xz2-winapi-util-0.1.9.crate
winapi-x86_64-pc-windows-gnu-0.4.0.crate /gnu/store/0v8q2a0fbym648aa43iz6q3nmm4xjanh-winapi-x86_64-pc-windows-gnu-0.4.0.crate
windows_aarch64_gnullvm-0.48.5.crate /gnu/store/72vmkg3y2kql5wia74bgdp0bn7q3fvli-windows_aarch64_gnullvm-0.48.5.crate
windows_aarch64_gnullvm-0.52.6.crate /gnu/store/rg4ry72h729l3giv9qs401rfrzyw0708-windows_aarch64_gnullvm-0.52.6.crate
windows_aarch64_msvc-0.48.5.crate /gnu/store/xghy475xzlmrh0mm99zwvq8agrxb7k7j-windows_aarch64_msvc-0.48.5.crate
windows_aarch64_msvc-0.52.6.crate /gnu/store/jvxzk87cgpmnmx4x292avjfkk3a5bg3w-windows_aarch64_msvc-0.52.6.crate
windows-core-0.52.0.crate /gnu/store/ppwk5yw84mksrlb2s5db32ykjns8v354-windows-core-0.52.0.crate
windows_i686_gnu-0.48.5.crate /gnu/store/0sd9ddhx8n3jh0srm3qgn0lxi9b956r6-windows_i686_gnu-0.48.5.crate
windows_i686_gnu-0.52.6.crate /gnu/store/aq9fcaz2ngzymq5zh7h9vfgjq13dyrc0-windows_i686_gnu-0.52.6.crate
windows_i686_gnullvm-0.52.6.crate /gnu/store/0yhp6a28by3gx19jsblz1xywzgmyzik4-windows_i686_gnullvm-0.52.6.crate
windows_i686_msvc-0.48.5.crate /gnu/store/bvx1c6akkz6f8pl7s07vcjkrzf546rg2-windows_i686_msvc-0.48.5.crate
windows_i686_msvc-0.52.6.crate /gnu/store/rk7nhshmacjrba8x72mpy2bg0amhp0lh-windows_i686_msvc-0.52.6.crate
windows-sys-0.48.0.crate /gnu/store/m1dd2mfj5w6sqs7wr9ll0g9gqv1n33gn-windows-sys-0.48.0.crate
windows-sys-0.52.0.crate /gnu/store/q9f2kviin05prrj0igx94nxsgsv3km55-windows-sys-0.52.0.crate
windows-sys-0.59.0.crate /gnu/store/15lg2yn57fd2z03w1a8wa2xr4hczxmp8-windows-sys-0.59.0.crate
windows-targets-0.48.5.crate /gnu/store/7ibr122qvx067h2vgx5839j2rgq0gdhr-windows-targets-0.48.5.crate
windows-targets-0.52.6.crate /gnu/store/343niy8jfi87m8gzmiv5rviff3ik0bim-windows-targets-0.52.6.crate
windows_x86_64_gnu-0.48.5.crate /gnu/store/fsvgk8szvxr1gbcix0gb71iv7kpm43k7-windows_x86_64_gnu-0.48.5.crate
windows_x86_64_gnu-0.52.6.crate /gnu/store/0jkfmb8dyr6dlalprh8j91c7hm7p5dj1-windows_x86_64_gnu-0.52.6.crate
windows_x86_64_gnullvm-0.48.5.crate /gnu/store/gzzcl5qnxil6iz565l4ymqcmqi4akdhc-windows_x86_64_gnullvm-0.48.5.crate
windows_x86_64_gnullvm-0.52.6.crate /gnu/store/0lz4q364rg6jl360nv0kk7dxa0z34mv0-windows_x86_64_gnullvm-0.52.6.crate
windows_x86_64_msvc-0.48.5.crate /gnu/store/vvmh8197arqylz39wn02yki0rkgxr012-windows_x86_64_msvc-0.48.5.crate
windows_x86_64_msvc-0.52.6.crate /gnu/store/m05bpzmqgnns551qba3vqhlll32i0y3s-windows_x86_64_msvc-0.52.6.crate
