2c3ikfc9h1ghl9fx765mdiwsx1nnpr0f-sed-4.9 /gnu/store/2c3ikfc9h1ghl9fx765mdiwsx1nnpr0f-sed-4.9
bwfxzfsm742izbqrx63ica0jq0sbnmrp-coreutils-9.1 /gnu/store/bwfxzfsm742izbqrx63ica0jq0sbnmrp-coreutils-9.1
d783kq85zaqfmgybi0xf0gks075lxmcd-file-5.46 /gnu/store/d783kq85zaqfmgybi0xf0gks075lxmcd-file-5.46
5flw622yyd2lgs7dvw65k048ih076jvm-libunistring-1.3 /gnu/store/5flw622yyd2lgs7dvw65k048ih076jvm-libunistring-1.3
mb7ahgjxkmx6766d7m984fxdpng5pnn3-make-4.4.1 /gnu/store/mb7ahgjxkmx6766d7m984fxdpng5pnn3-make-4.4.1
ch4v61a0lw0f1hkm5adai5z42qpyf20k-gzip-1.14 /gnu/store/ch4v61a0lw0f1hkm5adai5z42qpyf20k-gzip-1.14
3m35da59fr3wwdy0imzi2jg29jd6lhlz-bzip2-1.0.8 /gnu/store/3m35da59fr3wwdy0imzi2jg29jd6lhlz-bzip2-1.0.8
gettext-minimal-source /gnu/store/zy5779r2ch2am1m1ymj8nzmnv9givksh-gettext-0.23.1.tar.gz
vlx3kkamd502jahyyn03qq9dxa63h3cz-tar-1.35 /gnu/store/vlx3kkamd502jahyyn03qq9dxa63h3cz-tar-1.35
rcpg5kn07hflcv2lvz0k8gd76lr5ihdc-ncurses-6.2.20210619 /gnu/store/rcpg5kn07hflcv2lvz0k8gd76lr5ihdc-ncurses-6.2.20210619
l5l6r4dx9c03fvccnkh1zv42y9bpdgdx-patch-2.8 /gnu/store/l5l6r4dx9c03fvccnkh1zv42y9bpdgdx-patch-2.8
z78xpbjrl0g6238acy238fibgzckqgak-gcc-toolchain-15.2.0 /gnu/store/z78xpbjrl0g6238acy238fibgzckqgak-gcc-toolchain-15.2.0
34063mvq157yy8jcl1n9942akx82bik5-grep-3.11 /gnu/store/34063mvq157yy8jcl1n9942akx82bik5-grep-3.11
p18c1zrjhq3y5gwmgw5g686x3pvgf7gq-xz-5.4.5 /gnu/store/p18c1zrjhq3y5gwmgw5g686x3pvgf7gq-xz-5.4.5
3q7axknggy9773aa71806kdhgy54wgr1-gawk-5.3.0 /gnu/store/3q7axknggy9773aa71806kdhgy54wgr1-gawk-5.3.0
grkzgd1q70wvkqx708wz2q0r340d8b91-diffutils-3.12 /gnu/store/grkzgd1q70wvkqx708wz2q0r340d8b91-diffutils-3.12
sva889ibmh86nqb4mfnlqk43x239wms0-libxml2-2.14.6 /gnu/store/sva889ibmh86nqb4mfnlqk43x239wms0-libxml2-2.14.6
p5dap5q3wfdy0h3m31q5hbj3gpbkmrxv-bash-5.2.37 /gnu/store/p5dap5q3wfdy0h3m31q5hbj3gpbkmrxv-bash-5.2.37
9l3lhsd57rfrp5phn3xinv99pxiwkvz7-findutils-4.10.0 /gnu/store/9l3lhsd57rfrp5phn3xinv99pxiwkvz7-findutils-4.10.0
