# procs.lock — pinned inputs for building `procs` (0.14.10) WITH its full dependency
# closure via `td-builder build-recipe` (buildSystem "rust", recipe-procs.ts). GENERATED
# from procs' Cargo.lock: procs-source is the upstream crate tarball; every `*.crate` is a
# fixed-output static.crates.io fetch (sha256 == its Cargo.lock checksum). Pure Rust. The
# rust/cargo/gcc-toolchain + coreutils/bash/tar/gzip lines are the shared Rust seed.
kalrvf4si2s65g1ps7cw4gkz0q7lwryn-rust-1.93.0 /gnu/store/kalrvf4si2s65g1ps7cw4gkz0q7lwryn-rust-1.93.0
z7kjjjv2k1aniv8lndhb5q1p3639631q-rust-1.93.0-cargo /gnu/store/z7kjjjv2k1aniv8lndhb5q1p3639631q-rust-1.93.0-cargo
z78xpbjrl0g6238acy238fibgzckqgak-gcc-toolchain-15.2.0 /gnu/store/z78xpbjrl0g6238acy238fibgzckqgak-gcc-toolchain-15.2.0
bwfxzfsm742izbqrx63ica0jq0sbnmrp-coreutils-9.1 /gnu/store/bwfxzfsm742izbqrx63ica0jq0sbnmrp-coreutils-9.1
p5dap5q3wfdy0h3m31q5hbj3gpbkmrxv-bash-5.2.37 /gnu/store/p5dap5q3wfdy0h3m31q5hbj3gpbkmrxv-bash-5.2.37
vlx3kkamd502jahyyn03qq9dxa63h3cz-tar-1.35 /gnu/store/vlx3kkamd502jahyyn03qq9dxa63h3cz-tar-1.35
ch4v61a0lw0f1hkm5adai5z42qpyf20k-gzip-1.14 /gnu/store/ch4v61a0lw0f1hkm5adai5z42qpyf20k-gzip-1.14
procs-source /gnu/store/wgjkaj4ih8xfd5bygi5ph0028dd8ws30-procs-0.14.10.crate
addr2line-0.24.2.crate /gnu/store/5j6pcy9hp4a9kxvzn29jh70kw60wnmvq-addr2line-0.24.2.crate
adler2-2.0.0.crate /gnu/store/qcbhxldrv8jsz1a86ws6hfyxlvrxb2fw-adler2-2.0.0.crate
ahash-0.7.8.crate /gnu/store/q8kk3l1fx3bqxdf80ss4pl3hksv1kh0c-ahash-0.7.8.crate
aho-corasick-1.1.3.crate /gnu/store/f3lpjam7ckjchvlzn91zkk7sfjslvjyh-aho-corasick-1.1.3.crate
android_system_properties-0.1.5.crate /gnu/store/8vzvhgf98aphw3n85sihl9a8b59cyrja-android_system_properties-0.1.5.crate
android-tzdata-0.1.1.crate /gnu/store/9gr14gzrqgyqvnwx91rx9zhr2h2h98sr-android-tzdata-0.1.1.crate
anstream-0.6.18.crate /gnu/store/d7dzjaq592hnfsy8a13mmjhsxalaqcm6-anstream-0.6.18.crate
anstyle-1.0.10.crate /gnu/store/lg3lgwa755r9a07fpngwh92bhph3rm5b-anstyle-1.0.10.crate
anstyle-parse-0.2.6.crate /gnu/store/kdikfqvx611jvm7yngms17ask546g1r6-anstyle-parse-0.2.6.crate
anstyle-query-1.1.2.crate /gnu/store/9y0zzfc8k666mnxlqkvs5w684hxbbfj9-anstyle-query-1.1.2.crate
anstyle-wincon-3.0.7.crate /gnu/store/sszys9wlb76g7id8qgzhdc6c0zjqky5c-anstyle-wincon-3.0.7.crate
anyhow-1.0.97.crate /gnu/store/mnphgz04chzkb3yy8ffcsy7pa377i4mv-anyhow-1.0.97.crate
arrayvec-0.7.6.crate /gnu/store/y42ygcsrbbpv30rxgv26626l7mhrhcix-arrayvec-0.7.6.crate
async-stream-0.3.6.crate /gnu/store/ljl8b69r2r7gzfbafp1na72yjbyihz95-async-stream-0.3.6.crate
async-stream-impl-0.3.6.crate /gnu/store/ys910fkq6n6p5gd3hbca8zvmzizcgqd0-async-stream-impl-0.3.6.crate
async-trait-0.1.88.crate /gnu/store/9017f4g2qksl5525xj901rqlgblxxjbv-async-trait-0.1.88.crate
autocfg-1.4.0.crate /gnu/store/mnmr0radqh2rq98xv5h8vbqcvjhis7sb-autocfg-1.4.0.crate
backtrace-0.3.74.crate /gnu/store/xvw5v27h8kyw46y5wk2hqzha4x3277ap-backtrace-0.3.74.crate
base64-0.21.7.crate /gnu/store/lkbq5927vywfsh2ah7vwg6mr70k4ysc0-base64-0.21.7.crate
bindgen-0.65.1.crate /gnu/store/d67r3xz9kv2x49z2srh5r5i078s7hfcg-bindgen-0.65.1.crate
bindgen-0.70.1.crate /gnu/store/8y9si9qzss0gx750jn9rhwrsd6qkja5n-bindgen-0.70.1.crate
bitflags-1.3.2.crate /gnu/store/j0pmb6bikk9s6l83rcz6sl835f07zcjs-bitflags-1.3.2.crate
bitflags-2.9.0.crate /gnu/store/fx5lv64cm5hfvlfjdq6xy26agcnpzymm-bitflags-2.9.0.crate
bitvec-1.0.1.crate /gnu/store/kfhdz0jmh7lbnm9lqbrsxwzg77y7kg0y-bitvec-1.0.1.crate
borsh-1.5.5.crate /gnu/store/r4j9a0zvm0fy7g66lsh2xyld79qivqwc-borsh-1.5.5.crate
borsh-derive-1.5.5.crate /gnu/store/vcmfnlcfnib33jxwffj6afp34fr7nq0v-borsh-derive-1.5.5.crate
bsd-kvm-0.1.5.crate /gnu/store/asfxvs7rlpm81p7kf5v93d8fym3qyigm-bsd-kvm-0.1.5.crate
bsd-kvm-sys-0.2.0.crate /gnu/store/1bvy99s6p1ws733z218lajr2f9h2a7g8-bsd-kvm-sys-0.2.0.crate
bumpalo-3.17.0.crate /gnu/store/yzk13dcmnfpx1n89mbcjkr8wpypvc0my-bumpalo-3.17.0.crate
bytecheck-0.6.12.crate /gnu/store/0b82rd8s9dj5ckc29q2xhw6y50bkdrcy-bytecheck-0.6.12.crate
bytecheck_derive-0.6.12.crate /gnu/store/s47lda9g2d59shqbqiwg65s81c54297j-bytecheck_derive-0.6.12.crate
byteorder-1.5.0.crate /gnu/store/k67mcfsd155y8dibv4v966yjf2jg6hh3-byteorder-1.5.0.crate
bytes-1.10.1.crate /gnu/store/kc8mb57ky581ms3cf431jz3kyb6c0sl5-bytes-1.10.1.crate
byte-unit-5.1.6.crate /gnu/store/976g0gf9vdav0xlrqhj5s9mz5f9hhf5l-byte-unit-5.1.6.crate
cc-1.2.16.crate /gnu/store/zjq9cmv1qpbhdk6q9p0pdb1qiikdnc37-cc-1.2.16.crate
cexpr-0.6.0.crate /gnu/store/fn9h84ji1591hm1n6bbrs13yc4ybzb0b-cexpr-0.6.0.crate
cfg_aliases-0.2.1.crate /gnu/store/c6a2b2mgc0gazbsljv90wv4b3126rhap-cfg_aliases-0.2.1.crate
cfg-if-1.0.0.crate /gnu/store/md43mvn1vy69sq3cnpb6b4h6xf04s0yk-cfg-if-1.0.0.crate
chrono-0.4.40.crate /gnu/store/nzjcfsrvwd7k1rx7lb5fsdsj4mlz81lh-chrono-0.4.40.crate
clang-sys-1.8.1.crate /gnu/store/3fljr0cl1pcccs7jjray5241354543yc-clang-sys-1.8.1.crate
clap-4.5.32.crate /gnu/store/dizdn1p54kr10j9yhjj3qz3sxyz4fpi0-clap-4.5.32.crate
clap_builder-4.5.32.crate /gnu/store/bpkkinmsl6s4kjj7f9d5j6njr3k02dhw-clap_builder-4.5.32.crate
clap_complete-4.5.46.crate /gnu/store/x1kwd2jsx6ca8lw078mw3j45mhvq9ys0-clap_complete-4.5.46.crate
clap_derive-4.5.32.crate /gnu/store/ivwzmnbxwk8f6la6wx488i8kj0n4lldz-clap_derive-4.5.32.crate
clap_lex-0.7.4.crate /gnu/store/li3kxj6iv7cwdc2rilz7cb73zf2qi28l-clap_lex-0.7.4.crate
colorchoice-1.0.3.crate /gnu/store/9zsjzs6lx5c7q8grdr8cbkizy1h6h64f-colorchoice-1.0.3.crate
console-0.15.11.crate /gnu/store/f1dyp5ll3bpw1w2l63bxydr8jqn7cvpa-console-0.15.11.crate
core-foundation-sys-0.8.7.crate /gnu/store/2aj6mpkvhx6v38pkg79fwslchnslxr90-core-foundation-sys-0.8.7.crate
crc32fast-1.4.2.crate /gnu/store/yk6khgrn84nxgqvv63i17a65yj9qhi71-crc32fast-1.4.2.crate
crossbeam-channel-0.5.14.crate /gnu/store/41na7dlhiwwim5y21qwl3xvmsp7zdz0p-crossbeam-channel-0.5.14.crate
crossbeam-utils-0.8.21.crate /gnu/store/xn9iq1pw7jqb685yj4say105c7ffgi2p-crossbeam-utils-0.8.21.crate
crossterm-0.27.0.crate /gnu/store/l32lglaiaqb7rfzxhzp0kzpwpzhjy18i-crossterm-0.27.0.crate
crossterm-0.28.1.crate /gnu/store/xys7j2bpzp0hka4awlbyw7rpw9n4kqjg-crossterm-0.28.1.crate
crossterm_winapi-0.9.1.crate /gnu/store/76hw6qj1vbnih75djzgvv9qnqdcydslp-crossterm_winapi-0.9.1.crate
deranged-0.3.11.crate /gnu/store/km6b659kdx36ks13zj550dph32hwb1dm-deranged-0.3.11.crate
directories-6.0.0.crate /gnu/store/15mzzqxixf85c6x9bhz64zmxhkmzvp63-directories-6.0.0.crate
dirs-5.0.1.crate /gnu/store/gv0glm3n4rnvnv28rxii74zkyz7fqicp-dirs-5.0.1.crate
dirs-sys-0.4.1.crate /gnu/store/nyn4ncg1g2wwfgwahaswa1fkqnhv1nj4-dirs-sys-0.4.1.crate
dirs-sys-0.5.0.crate /gnu/store/xa5cjhsfadd5qvchbf4mr7bfv04ipcjv-dirs-sys-0.5.0.crate
displaydoc-0.2.5.crate /gnu/store/s3qhjc3v0crib0ci0ipfq49k3xlmy6m0-displaydoc-0.2.5.crate
dockworker-0.6.0.crate /gnu/store/al4cdc1s8yg2sva89f7z0kc4mfj1jjyv-dockworker-0.6.0.crate
downcast-0.11.0.crate /gnu/store/frxf98f5881v85h9ycihzq1l8gzidzzy-downcast-0.11.0.crate
either-1.15.0.crate /gnu/store/rqfn5k6dvgidqaghypwis1iyxh2v1mad-either-1.15.0.crate
encode_unicode-1.0.0.crate /gnu/store/93c3w60pacj4ccjycqc5rmrgsln7v79r-encode_unicode-1.0.0.crate
env_home-0.1.0.crate /gnu/store/kdfas9ga6mrv11xk3yiqiirs1bgw4wix-env_home-0.1.0.crate
equivalent-1.0.2.crate /gnu/store/i0lww8s18pixd50znab9dpqn59f5vlz4-equivalent-1.0.2.crate
errno-0.2.8.crate /gnu/store/ni593ahjkmcf1pm0n013nmah86j5yglp-errno-0.2.8.crate
errno-0.3.10.crate /gnu/store/10kiy274imk0jmn1fkz95r336ni1p9kg-errno-0.3.10.crate
errno-dragonfly-0.1.2.crate /gnu/store/8zwxbjam96pc2m187xylzqxqikl0891f-errno-dragonfly-0.1.2.crate
filetime-0.2.25.crate /gnu/store/h0in32iy1j1pwgfsjwqydv3a0xbrq1qq-filetime-0.2.25.crate
flate2-1.1.0.crate /gnu/store/l9s681wg5xr60pgncqppfzr5bll2y5j2-flate2-1.1.0.crate
fnv-1.0.7.crate /gnu/store/2p7n7q2hmvmyibb9wiszzlw56pi5n7pd-fnv-1.0.7.crate
form_urlencoded-1.2.1.crate /gnu/store/zr17c6whdr3xm7pk1ygd87jg2lrmixji-form_urlencoded-1.2.1.crate
fragile-2.0.0.crate /gnu/store/7dbi6h01vjkxrpi5xywb1v35j7r9aaz0-fragile-2.0.0.crate
funty-2.0.0.crate /gnu/store/361ln0r65gkldxikpaxgrz5mz6nglllh-funty-2.0.0.crate
futures-0.3.31.crate /gnu/store/1fr9ilhfyd44158ysm5cnis6nmi4lkl8-futures-0.3.31.crate
futures-channel-0.3.31.crate /gnu/store/mvbs06aw86cp9xrz10h31qzkd8sjdyvz-futures-channel-0.3.31.crate
futures-core-0.3.31.crate /gnu/store/17l1943833bdnijs5aa8mk2sdafbi4x9-futures-core-0.3.31.crate
futures-io-0.3.31.crate /gnu/store/k9va4rxafdh12rin2m25nj1a5srh9q7g-futures-io-0.3.31.crate
futures-macro-0.3.31.crate /gnu/store/9z1aa1drdgdc037l2qmbli0s8dzkm5j3-futures-macro-0.3.31.crate
futures-sink-0.3.31.crate /gnu/store/gbpfpqgjl389lfpaq4kk3ib1m752dhgj-futures-sink-0.3.31.crate
futures-task-0.3.31.crate /gnu/store/b2ifzrn475b2ihc0y46k50zcjgf4vh2n-futures-task-0.3.31.crate
futures-util-0.3.31.crate /gnu/store/6h2s29vxmdzahsrr300zi7ib6w2ddqp8-futures-util-0.3.31.crate
getch-0.3.1.crate /gnu/store/nz2ldwdl3vkm79ky3yw83jinrbm8kkwd-getch-0.3.1.crate
getrandom-0.2.15.crate /gnu/store/hcbmkcsrzn72cgb7r88akbxn8c2ciqbn-getrandom-0.2.15.crate
gimli-0.31.1.crate /gnu/store/sdzdv4z7vhpkspdl0v0mg5xl10rl41rs-gimli-0.31.1.crate
glob-0.3.2.crate /gnu/store/cwg8y424lk9rn688aczmcjy6mbv2cbsz-glob-0.3.2.crate
hashbrown-0.12.3.crate /gnu/store/z7m1ljqinqpdw3jfcdl9syg0xzf1nc3f-hashbrown-0.12.3.crate
hashbrown-0.15.2.crate /gnu/store/ahxbsljpsvh1lrmfc5bf4p20vz0q2hha-hashbrown-0.15.2.crate
heck-0.5.0.crate /gnu/store/v2fbsphdk3hx22pba2c67vndch9170yk-heck-0.5.0.crate
hex-0.4.3.crate /gnu/store/ja2g834szjh1rrnb330abcbdy0idfs1r-hex-0.4.3.crate
home-0.5.11.crate /gnu/store/avfa1dlx6k06v8mpfkbxj2c392iv89sp-home-0.5.11.crate
http-0.2.12.crate /gnu/store/q6mqilq7qd3myj5265pi628aq89wh8pm-http-0.2.12.crate
httparse-1.10.1.crate /gnu/store/n6q1qr6k0hmksim8r53sd5zc3psgjix2-httparse-1.10.1.crate
http-body-0.4.6.crate /gnu/store/f57ba652nynydhjaqikxgp14vw597k4i-http-body-0.4.6.crate
httpdate-1.0.3.crate /gnu/store/sp95h0h2d782373cz260rp3v8jnlv487-httpdate-1.0.3.crate
hyper-0.14.32.crate /gnu/store/1nq5zqsd9h9xivqhiav0s1gc263p3f4y-hyper-0.14.32.crate
hyperlocal-0.8.0.crate /gnu/store/jqqb39gqx3gf5bvlcv72yd498sm7vasq-hyperlocal-0.8.0.crate
iana-time-zone-0.1.61.crate /gnu/store/15ghixq4k7mslbiygzm28rramd4avmp7-iana-time-zone-0.1.61.crate
iana-time-zone-haiku-0.1.2.crate /gnu/store/g5q9yz5cgn5s31v8abkrn5vwryc1y8dv-iana-time-zone-haiku-0.1.2.crate
icu_collections-1.5.0.crate /gnu/store/7xi86kh91nm636pbqk7zyaq21j4dj0vc-icu_collections-1.5.0.crate
icu_locid-1.5.0.crate /gnu/store/lyws8qi1bzs5s75yz8ja09j4srpfqaly-icu_locid-1.5.0.crate
icu_locid_transform-1.5.0.crate /gnu/store/i0gfd4gd604akxza7dmylmcdjh3lcnh0-icu_locid_transform-1.5.0.crate
icu_locid_transform_data-1.5.0.crate /gnu/store/g1hjq5i29mrjx99mk3qngddypn5clykm-icu_locid_transform_data-1.5.0.crate
icu_normalizer-1.5.0.crate /gnu/store/rmzq325d3162h2pdx6ag7brs3zgaaha5-icu_normalizer-1.5.0.crate
icu_normalizer_data-1.5.0.crate /gnu/store/h2k1jzvqpc4dlpbp0n02js16a22wah0w-icu_normalizer_data-1.5.0.crate
icu_properties-1.5.1.crate /gnu/store/5y70al5r79jjc807a6a2170bv3fqxclk-icu_properties-1.5.1.crate
icu_properties_data-1.5.0.crate /gnu/store/dqx6ad2b9bfny6x25h3ndn09wr196aqv-icu_properties_data-1.5.0.crate
icu_provider-1.5.0.crate /gnu/store/rj0sz356xgac4wfqwrbb881vzmm7w3f6-icu_provider-1.5.0.crate
icu_provider_macros-1.5.0.crate /gnu/store/rbckn18rhhd9z0ydz1ad0blr0rc0x80p-icu_provider_macros-1.5.0.crate
idna-1.0.3.crate /gnu/store/v8y5sqz3p7lzpzf3xz6klbp4r5jn7sw4-idna-1.0.3.crate
idna_adapter-1.2.0.crate /gnu/store/l80v65idh9vvq9fjh5yyf7lvd4jbj95b-idna_adapter-1.2.0.crate
indexmap-2.8.0.crate /gnu/store/75371y29yp0ywlgr2gr8j5ap90ih98m9-indexmap-2.8.0.crate
is_terminal_polyfill-1.70.1.crate /gnu/store/810aplj3547zakc3rvlb00bh94xc13cs-is_terminal_polyfill-1.70.1.crate
itertools-0.13.0.crate /gnu/store/l1bydvmhj23ll56n40ycwbpxdw408sj7-itertools-0.13.0.crate
itoa-1.0.15.crate /gnu/store/crpnlz21rzxmgk420pq86r90rpv98729-itoa-1.0.15.crate
js-sys-0.3.77.crate /gnu/store/kzpm8v6qkivq39irg8nfp9ry8qsnsbsa-js-sys-0.3.77.crate
lazycell-1.3.0.crate /gnu/store/26lyf4dz5j853s3hmq6xlfirn6dqazkz-lazycell-1.3.0.crate
lazy_static-1.5.0.crate /gnu/store/f71y67yv6z5alzhg230d2lbz9w5ldncf-lazy_static-1.5.0.crate
libc-0.2.171.crate /gnu/store/bg16wpc98x40887v0nsn61ggl721bkrs-libc-0.2.171.crate
libloading-0.8.6.crate /gnu/store/lyq145wpn0w69sbyal5m3if334ay2lgg-libloading-0.8.6.crate
libproc-0.14.10.crate /gnu/store/syg9nayvxbpf5k91ma5pam51sssxlp9y-libproc-0.14.10.crate
libredox-0.1.3.crate /gnu/store/jxahhpdg37zpg0b02xwwv2m10jyq5qny-libredox-0.1.3.crate
linux-raw-sys-0.4.15.crate /gnu/store/m7ahlhsa7wpqz7irrvcjq5yg6pyc4g0v-linux-raw-sys-0.4.15.crate
linux-raw-sys-0.9.3.crate /gnu/store/3ngrqfr7ic00bjgg6sp4pc6jnnarc898-linux-raw-sys-0.9.3.crate
litemap-0.7.4.crate /gnu/store/283p9rj46fn38njwvbacr2lcp5xymy1w-litemap-0.7.4.crate
lock_api-0.4.12.crate /gnu/store/b63mg8jx52x6hxpl9d62gi3bx7l3b8lr-lock_api-0.4.12.crate
log-0.4.26.crate /gnu/store/j646cfr8iwm8j0f3csg19l05m3zjp3jn-log-0.4.26.crate
mach2-0.4.2.crate /gnu/store/22a5jsp93air38gl9nlncypap7r4vis0-mach2-0.4.2.crate
memchr-2.7.4.crate /gnu/store/wgz7i2zf32g6wh7v9hcq98p9r80q619v-memchr-2.7.4.crate
memoffset-0.7.1.crate /gnu/store/1hm5f0mb7n1p57508sfhwj8hx91gc11q-memoffset-0.7.1.crate
minimal-lexical-0.2.1.crate /gnu/store/h5vv29cp4kcwccj6wr05q4jdn4z835ss-minimal-lexical-0.2.1.crate
miniz_oxide-0.8.5.crate /gnu/store/gsrpx3dgw3b2f0g37ymy6r5kzr92iyiy-miniz_oxide-0.8.5.crate
minus-5.6.1.crate /gnu/store/3vypcq7qn3vqg208bg52k0aqgvx9idqi-minus-5.6.1.crate
mio-0.8.11.crate /gnu/store/s398ykdkxmdy6xmcsr257rks1ndw93ff-mio-0.8.11.crate
mio-1.0.3.crate /gnu/store/idrcqbnbsmg2v1afzgva3ws0fmm74lhm-mio-1.0.3.crate
mockall-0.13.1.crate /gnu/store/1c6vssjzydr3kqs97wyk6x1bg1vs767h-mockall-0.13.1.crate
mockall_derive-0.13.1.crate /gnu/store/y9yz7ara9giw6dz3ba3j8pr09qylzx59-mockall_derive-0.13.1.crate
named_pipe-0.4.1.crate /gnu/store/ksxzd352ja5q67a2bdfqpb33h0lwa5nd-named_pipe-0.4.1.crate
nix-0.26.4.crate /gnu/store/s4mrw3d5ad5i1pz8jjx40jrniz30v2kh-nix-0.26.4.crate
nix-0.29.0.crate /gnu/store/7k33qpfkxgiq204h81qb0b5nnx1rljr0-nix-0.29.0.crate
nom-7.1.3.crate /gnu/store/g20ap595wa0pqzgf24pigz640896cgqd-nom-7.1.3.crate
num-conv-0.1.0.crate /gnu/store/7lyjp89p8gx1g5c0vq7jqcavy7j749hc-num-conv-0.1.0.crate
num_threads-0.1.7.crate /gnu/store/jkacfpa673f8gsvk9kxvhwjc73q85mf9-num_threads-0.1.7.crate
num-traits-0.2.19.crate /gnu/store/r3lj4j2lcpl8r72wryq6zr3wnmmrm6ms-num-traits-0.2.19.crate
object-0.36.7.crate /gnu/store/nmh6zn34ls914b25kf2v8nqara2c8r2y-object-0.36.7.crate
once_cell-1.21.2.crate /gnu/store/lqwh4nlg7wil7qc8dw2a73r8diw9yb07-once_cell-1.21.2.crate
option-ext-0.2.0.crate /gnu/store/i740fxn0ksrynrfrirz7lczy3zk59wzv-option-ext-0.2.0.crate
pager-0.16.1.crate /gnu/store/2kixj3xpgxjnhw1vmjvxxji7nwz9d9l1-pager-0.16.1.crate
parking_lot-0.12.3.crate /gnu/store/r092g1aswi3zpz06x7qrrkbyz76pjif3-parking_lot-0.12.3.crate
parking_lot_core-0.9.10.crate /gnu/store/mc4a19waaynxdg1nxprgqdh5yn45xk1w-parking_lot_core-0.9.10.crate
peeking_take_while-0.1.2.crate /gnu/store/krl1ib7g43dblazh6n32y452p2gxaf2b-peeking_take_while-0.1.2.crate
percent-encoding-2.3.1.crate /gnu/store/jn67w9dhbpj4p33h97vl94izpva27qkc-percent-encoding-2.3.1.crate
pin-project-1.1.10.crate /gnu/store/8f9hs030640n6a0f7yk8s2pdfv4nivav-pin-project-1.1.10.crate
pin-project-internal-1.1.10.crate /gnu/store/9asyhd6xj1ip30lcz6xx8zvl6xcsq9rp-pin-project-internal-1.1.10.crate
pin-project-lite-0.2.16.crate /gnu/store/xc9lf72rrdjmz059w48n5vhj3p4v9swd-pin-project-lite-0.2.16.crate
pin-utils-0.1.0.crate /gnu/store/qxi8yng656gmrnvybxcg285bfz6hgikd-pin-utils-0.1.0.crate
powerfmt-0.2.0.crate /gnu/store/wp20j1zv0m8335ma222xjkpqi0rvbksx-powerfmt-0.2.0.crate
ppv-lite86-0.2.21.crate /gnu/store/7lqk09ycvs9z45pw3zk58sf60x9djdg5-ppv-lite86-0.2.21.crate
predicates-3.1.3.crate /gnu/store/bfcywz6fs4ppsysi1h8vfy4hilsnl07q-predicates-3.1.3.crate
predicates-core-1.0.9.crate /gnu/store/51mh6g5a6l81b130jr1qllqn1s6ymhf8-predicates-core-1.0.9.crate
predicates-tree-1.0.12.crate /gnu/store/1p4qpi1k6p77qsr8r4d9r3k230ck8f5a-predicates-tree-1.0.12.crate
prettyplease-0.2.31.crate /gnu/store/y137nyn9gxkal9shhljssjxzr4jp9c8d-prettyplease-0.2.31.crate
procfs-0.17.0.crate /gnu/store/s25yxkhz7pj7d305j0xm640kfz925b6x-procfs-0.17.0.crate
procfs-core-0.17.0.crate /gnu/store/nf7frym2zpa7gd46p1if19dqn5lqjb36-procfs-core-0.17.0.crate
proc-macro2-1.0.94.crate /gnu/store/ycx91mzy1548x1gc7i0inm1ri4fryxpl-proc-macro2-1.0.94.crate
proc-macro-crate-3.3.0.crate /gnu/store/91z2cad56dfml51xqhjqjn1xwb72xlld-proc-macro-crate-3.3.0.crate
ptr_meta-0.1.4.crate /gnu/store/b0kc6f282kklc305cmwarv6vgzazjffc-ptr_meta-0.1.4.crate
ptr_meta_derive-0.1.4.crate /gnu/store/jhha1nz8anhiyd3cvj0f2l3v93rkaks9-ptr_meta_derive-0.1.4.crate
quote-1.0.40.crate /gnu/store/lyk5frr4zwlcadsiic9921xry40qbsn5-quote-1.0.40.crate
radium-0.7.0.crate /gnu/store/p7xhks6m88b2pr3a5272c2i58vsjy84z-radium-0.7.0.crate
rand-0.8.5.crate /gnu/store/ziaab0yc65dbfcxz3bpf5s0cmv6l09j4-rand-0.8.5.crate
rand_chacha-0.3.1.crate /gnu/store/6k4q7y66chkppb0p5s5h7hjn2cvr4vq2-rand_chacha-0.3.1.crate
rand_core-0.6.4.crate /gnu/store/4xirdi2273zmjlwsi0mm1jsiyjcbjj34-rand_core-0.6.4.crate
redox_syscall-0.5.10.crate /gnu/store/bvf7b8d1510nnp1f1wmbbz8qrgpmnd8l-redox_syscall-0.5.10.crate
redox_users-0.4.6.crate /gnu/store/h71p34ks5p28cw8nd0825zji5nvpwmd9-redox_users-0.4.6.crate
redox_users-0.5.0.crate /gnu/store/l4b4fc824vzvyvh2y2wl0a06wr2b9qfd-redox_users-0.5.0.crate
regex-1.11.1.crate /gnu/store/z4140qwd08hkc7byy0jd0ikhzcg7b3nl-regex-1.11.1.crate
regex-automata-0.4.9.crate /gnu/store/j720hh88xmz5ibq37gigqvnn9n6vn5jc-regex-automata-0.4.9.crate
regex-syntax-0.8.5.crate /gnu/store/x6khz5m7zvg9mw1s6y0plbqyxqzwlw00-regex-syntax-0.8.5.crate
rend-0.4.2.crate /gnu/store/zy2c2d0i3b3a2rzm9pf3ahb292cpgi6r-rend-0.4.2.crate
rkyv-0.7.45.crate /gnu/store/f33fcp3qm2pjcwhdsy9xn6libl6p66i7-rkyv-0.7.45.crate
rkyv_derive-0.7.45.crate /gnu/store/2zp6iqzf1rd13gb7pg31kwgdbcbw0ih6-rkyv_derive-0.7.45.crate
rustc-demangle-0.1.24.crate /gnu/store/agrw00a93glbgf3qv7qcpwrrabwfqm7y-rustc-demangle-0.1.24.crate
rustc-hash-1.1.0.crate /gnu/store/n6l8j4l1swxghlxsn161cv4qyxxsv8cp-rustc-hash-1.1.0.crate
rust_decimal-1.36.0.crate /gnu/store/baiqqyl53c5qkcgay80475ab7v1db1s3-rust_decimal-1.36.0.crate
rustix-0.38.44.crate /gnu/store/kqd0xacafrpqksrir2hap7rw3a2nk2n4-rustix-0.38.44.crate
rustix-1.0.2.crate /gnu/store/p0gyj5yy1cj78vi489dsrkdgy5bsfs7f-rustix-1.0.2.crate
rustversion-1.0.20.crate /gnu/store/j66is5wk0z6sk9phqzcgfjx5i54pvsza-rustversion-1.0.20.crate
ryu-1.0.20.crate /gnu/store/xwf445nfw02r3wbaqksv2y8x0vshz016-ryu-1.0.20.crate
scopeguard-1.2.0.crate /gnu/store/2lh0qgjd94n90i8q3p62imqnmp03ppf9-scopeguard-1.2.0.crate
seahash-4.1.0.crate /gnu/store/4aiyb9s6spzhxi5j6ym6b2xyqrbc61gp-seahash-4.1.0.crate
serde-1.0.219.crate /gnu/store/h67airqw5p83x3ifnym06511aspq3zhw-serde-1.0.219.crate
serde_derive-1.0.219.crate /gnu/store/p9xrhd96a2pw13nzh8fr5gmcrw3q68n5-serde_derive-1.0.219.crate
serde_json-1.0.140.crate /gnu/store/svimcbpa704n9hkmbdmwg24f2mxpnyfq-serde_json-1.0.140.crate
serde_spanned-0.6.8.crate /gnu/store/ln2srqw33s9bmdi1ak8592hrmafrdj5f-serde_spanned-0.6.8.crate
shlex-1.3.0.crate /gnu/store/c7c1gbrj2k3j28684a08fvfp2qds0fg4-shlex-1.3.0.crate
signal-hook-0.3.17.crate /gnu/store/88nl19nxm84m340ajar675v7vpwgd9k1-signal-hook-0.3.17.crate
signal-hook-mio-0.2.4.crate /gnu/store/gjsymsqn3n5bs6qpykxq4lac09ih9khb-signal-hook-mio-0.2.4.crate
signal-hook-registry-1.4.2.crate /gnu/store/bxhjqi3kdxky5w7vpqswrzyrm48pxw6k-signal-hook-registry-1.4.2.crate
simdutf8-0.1.5.crate /gnu/store/db6schi5ff6naxc5sj5c5lwjwkypba10-simdutf8-0.1.5.crate
simplelog-0.12.2.crate /gnu/store/si4l7dwi7vslsf51n6h5w1wvz2zfxmlq-simplelog-0.12.2.crate
slab-0.4.9.crate /gnu/store/d4i8d4xb9bdyfnclvs7n9rncwk3v09if-slab-0.4.9.crate
smallvec-1.14.0.crate /gnu/store/n0dqrcn1z4dnn3il57hid9sqiy8vz8mz-smallvec-1.14.0.crate
socket2-0.5.8.crate /gnu/store/9v4807brmbw97fvd7gvb9s5zg1fn3pfy-socket2-0.5.8.crate
stable_deref_trait-1.2.0.crate /gnu/store/lfcv6davbbnba31my66plzpgkfyz25rd-stable_deref_trait-1.2.0.crate
strsim-0.11.1.crate /gnu/store/hjvjr70kmchp5aqsdvw2xggs5hwhqngh-strsim-0.11.1.crate
syn-1.0.109.crate /gnu/store/nagg7r61k5qh4yb0pr7xp4q34gmz37pq-syn-1.0.109.crate
syn-2.0.100.crate /gnu/store/qc24wmz61f2m13rwwy3by43dwwz6rwnr-syn-2.0.100.crate
synstructure-0.13.1.crate /gnu/store/wzl368k40qhvi5a4qawxif3qbpgnxf1v-synstructure-0.13.1.crate
tap-1.0.1.crate /gnu/store/w62dwjh3pi7vzvv2y69fsx5rg2951ri5-tap-1.0.1.crate
tar-0.4.44.crate /gnu/store/s0dwcp0nwb90nywwfbgvkrki3wkl8hpv-tar-0.4.44.crate
termbg-0.6.2.crate /gnu/store/9hwq9cccgk46vy8rjwgvm7158ch3k8jg-termbg-0.6.2.crate
termcolor-1.4.1.crate /gnu/store/dii5pvlwd0mdyf0hhqxayjkl98ac6yq7-termcolor-1.4.1.crate
termios-0.3.3.crate /gnu/store/a703mbss5vns9ypchgly0x6pix881ba8-termios-0.3.3.crate
termtree-0.5.1.crate /gnu/store/ic5rpx8c0hhsz73m7z0jalfq2yjyh67p-termtree-0.5.1.crate
textwrap-0.16.2.crate /gnu/store/v8yi8dj9b0i8732r6sxxx6cdqsmgcbj5-textwrap-0.16.2.crate
thiserror-1.0.69.crate /gnu/store/lsmb62h900610q19hb42nq30z3xc5r0h-thiserror-1.0.69.crate
thiserror-2.0.12.crate /gnu/store/i3kd2v33h7l3yck0n0l7zyngzh33fp5f-thiserror-2.0.12.crate
thiserror-impl-1.0.69.crate /gnu/store/32lds8pra884sn8gy14f99r4x5jafwg7-thiserror-impl-1.0.69.crate
thiserror-impl-2.0.12.crate /gnu/store/lhb8qkrr3rq11wvqwg273whbmxy005mx-thiserror-impl-2.0.12.crate
time-0.3.39.crate /gnu/store/1cac4r4ccwxkbl1f0r9vhrcz59rja3rs-time-0.3.39.crate
time-core-0.1.3.crate /gnu/store/1p2i5zlza2br2488irnrigjqrmll8xmx-time-core-0.1.3.crate
time-macros-0.2.20.crate /gnu/store/xpywqbdw2ab58kc65f2pgahqxa4d492a-time-macros-0.2.20.crate
tinystr-0.7.6.crate /gnu/store/zmxrxs921x00qzcmmcp6zvvp113hjygb-tinystr-0.7.6.crate
tinyvec-1.9.0.crate /gnu/store/11fzz4gns7svg9aln9rphpdiw2abzyj1-tinyvec-1.9.0.crate
tinyvec_macros-0.1.1.crate /gnu/store/1nccw4dsidn80wj5d176nh85z95b0xzm-tinyvec_macros-0.1.1.crate
tokio-1.44.1.crate /gnu/store/v30n4a9pvy3fd36fj1k8rf6pksqkkdnl-tokio-1.44.1.crate
tokio-macros-2.5.0.crate /gnu/store/d3ml2nvhjxppmq3idwnbflwmnp4qssjg-tokio-macros-2.5.0.crate
tokio-stream-0.1.17.crate /gnu/store/q3j6qq77xqg2994gsgg06af8mqn7q9gr-tokio-stream-0.1.17.crate
tokio-util-0.7.14.crate /gnu/store/4dwb8r21wdps1ggzdql7xv9g7lr1p3b9-tokio-util-0.7.14.crate
toml-0.8.20.crate /gnu/store/683avhx336pj6hv8xzimawhpbkba1afj-toml-0.8.20.crate
toml_datetime-0.6.8.crate /gnu/store/2bkdb88m1wxvnlw33i0274p1vcrnzyrf-toml_datetime-0.6.8.crate
toml_edit-0.22.24.crate /gnu/store/asclhmw12b3dmsxq01nm1lln5y5z4pq8-toml_edit-0.22.24.crate
tower-service-0.3.3.crate /gnu/store/gy83acmgsqbggwxgk7v8d0c0jsmhd820-tower-service-0.3.3.crate
tracing-0.1.41.crate /gnu/store/9wqamfxkx4m25916ras820bcwjna258x-tracing-0.1.41.crate
tracing-core-0.1.33.crate /gnu/store/w0wy8fngzw7rcr9n9kq3zdb3d7vjsbxz-tracing-core-0.1.33.crate
try-lock-0.2.5.crate /gnu/store/lzyhash6dwvxi3fsk6kh48sr8fa4iryy-try-lock-0.2.5.crate
unicode-ident-1.0.18.crate /gnu/store/jv6y39jws8is589dvj9rkxacyk4hbf7j-unicode-ident-1.0.18.crate
unicode-width-0.2.0.crate /gnu/store/01i3yvd8ayi8m2lw0p8mjw1v0g49418n-unicode-width-0.2.0.crate
url-2.5.4.crate /gnu/store/8lpg9w2qjbdm4bk20dlnxv7gzl49255d-url-2.5.4.crate
utf16_iter-1.0.5.crate /gnu/store/i38p60g45pcrx133sk59p6pva6ycwd20-utf16_iter-1.0.5.crate
utf8_iter-1.0.4.crate /gnu/store/48v86aqicmdmpwgznf2dfxkf8b1vxl4w-utf8_iter-1.0.4.crate
utf8parse-0.2.2.crate /gnu/store/x1d35rflshf5sr1wnk5rri5vypabzhma-utf8parse-0.2.2.crate
utf8-width-0.1.7.crate /gnu/store/08w8z5zpjg1pzr131i56dc6svvhigkmx-utf8-width-0.1.7.crate
uuid-1.16.0.crate /gnu/store/ki72s8g5729k8m4fgxxg99r0f08hnpdv-uuid-1.16.0.crate
uzers-0.12.1.crate /gnu/store/g378mivnyj1f8g3g0wl0l9pix66w926l-uzers-0.12.1.crate
version_check-0.9.5.crate /gnu/store/l0fqvn5p9rkng1f287ymykbp8y3hk4a2-version_check-0.9.5.crate
want-0.3.1.crate /gnu/store/1k2s2cxqn07ds18qp8wm84zmg43nnpx3-want-0.3.1.crate
wasi-0.11.0+wasi-snapshot-preview1.crate /gnu/store/db2jvcz8rf92qdryq0k61h576cwb4zyg-wasi-0.11.0+wasi-snapshot-preview1.crate
wasm-bindgen-0.2.100.crate /gnu/store/b9ssvr31p14gc57lqdh32rl6i7p9yk78-wasm-bindgen-0.2.100.crate
wasm-bindgen-backend-0.2.100.crate /gnu/store/dw0nj1c05lwscgi536nxzdnj1a6r4pl2-wasm-bindgen-backend-0.2.100.crate
wasm-bindgen-macro-0.2.100.crate /gnu/store/jwv4nzv8l06l9ssn80wkcili7qjnzakn-wasm-bindgen-macro-0.2.100.crate
wasm-bindgen-macro-support-0.2.100.crate /gnu/store/ir7010j5da0ggyn2bgkrp3i40cyalqk7-wasm-bindgen-macro-support-0.2.100.crate
wasm-bindgen-shared-0.2.100.crate /gnu/store/9pk564y86sjajvkl1sss8lvg17nvy9cc-wasm-bindgen-shared-0.2.100.crate
which-4.4.2.crate /gnu/store/b4lnlbdxz7s95avzv1l5v1bq606mb62d-which-4.4.2.crate
which-7.0.2.crate /gnu/store/aa0x8cyfpskshq5blvrscw08r671x87m-which-7.0.2.crate
winapi-0.3.9.crate /gnu/store/1h6dw7664nxx5v57lqrcb3adaqxia566-winapi-0.3.9.crate
winapi-i686-pc-windows-gnu-0.4.0.crate /gnu/store/911f23l7vphvxn7v2sal86px6pybnib9-winapi-i686-pc-windows-gnu-0.4.0.crate
winapi-util-0.1.9.crate /gnu/store/y3d725badgigfxkm8di788h67qhp5xz2-winapi-util-0.1.9.crate
winapi-x86_64-pc-windows-gnu-0.4.0.crate /gnu/store/0v8q2a0fbym648aa43iz6q3nmm4xjanh-winapi-x86_64-pc-windows-gnu-0.4.0.crate
windows_aarch64_gnullvm-0.48.5.crate /gnu/store/72vmkg3y2kql5wia74bgdp0bn7q3fvli-windows_aarch64_gnullvm-0.48.5.crate
windows_aarch64_gnullvm-0.52.6.crate /gnu/store/rg4ry72h729l3giv9qs401rfrzyw0708-windows_aarch64_gnullvm-0.52.6.crate
windows_aarch64_msvc-0.48.5.crate /gnu/store/xghy475xzlmrh0mm99zwvq8agrxb7k7j-windows_aarch64_msvc-0.48.5.crate
windows_aarch64_msvc-0.52.6.crate /gnu/store/jvxzk87cgpmnmx4x292avjfkk3a5bg3w-windows_aarch64_msvc-0.52.6.crate
windows-core-0.52.0.crate /gnu/store/ppwk5yw84mksrlb2s5db32ykjns8v354-windows-core-0.52.0.crate
windows_i686_gnu-0.48.5.crate /gnu/store/0sd9ddhx8n3jh0srm3qgn0lxi9b956r6-windows_i686_gnu-0.48.5.crate
windows_i686_gnu-0.52.6.crate /gnu/store/aq9fcaz2ngzymq5zh7h9vfgjq13dyrc0-windows_i686_gnu-0.52.6.crate
windows_i686_gnullvm-0.52.6.crate /gnu/store/0yhp6a28by3gx19jsblz1xywzgmyzik4-windows_i686_gnullvm-0.52.6.crate
windows_i686_msvc-0.48.5.crate /gnu/store/bvx1c6akkz6f8pl7s07vcjkrzf546rg2-windows_i686_msvc-0.48.5.crate
windows_i686_msvc-0.52.6.crate /gnu/store/rk7nhshmacjrba8x72mpy2bg0amhp0lh-windows_i686_msvc-0.52.6.crate
windows-link-0.1.0.crate /gnu/store/3m1fz6zjcxqys0g8q1akh3v453phsk6z-windows-link-0.1.0.crate
windows-sys-0.48.0.crate /gnu/store/m1dd2mfj5w6sqs7wr9ll0g9gqv1n33gn-windows-sys-0.48.0.crate
windows-sys-0.52.0.crate /gnu/store/q9f2kviin05prrj0igx94nxsgsv3km55-windows-sys-0.52.0.crate
windows-sys-0.59.0.crate /gnu/store/15lg2yn57fd2z03w1a8wa2xr4hczxmp8-windows-sys-0.59.0.crate
windows-targets-0.48.5.crate /gnu/store/7ibr122qvx067h2vgx5839j2rgq0gdhr-windows-targets-0.48.5.crate
windows-targets-0.52.6.crate /gnu/store/343niy8jfi87m8gzmiv5rviff3ik0bim-windows-targets-0.52.6.crate
windows_x86_64_gnu-0.48.5.crate /gnu/store/fsvgk8szvxr1gbcix0gb71iv7kpm43k7-windows_x86_64_gnu-0.48.5.crate
windows_x86_64_gnu-0.52.6.crate /gnu/store/0jkfmb8dyr6dlalprh8j91c7hm7p5dj1-windows_x86_64_gnu-0.52.6.crate
windows_x86_64_gnullvm-0.48.5.crate /gnu/store/gzzcl5qnxil6iz565l4ymqcmqi4akdhc-windows_x86_64_gnullvm-0.48.5.crate
windows_x86_64_gnullvm-0.52.6.crate /gnu/store/0lz4q364rg6jl360nv0kk7dxa0z34mv0-windows_x86_64_gnullvm-0.52.6.crate
windows_x86_64_msvc-0.48.5.crate /gnu/store/vvmh8197arqylz39wn02yki0rkgxr012-windows_x86_64_msvc-0.48.5.crate
windows_x86_64_msvc-0.52.6.crate /gnu/store/m05bpzmqgnns551qba3vqhlll32i0y3s-windows_x86_64_msvc-0.52.6.crate
winnow-0.7.4.crate /gnu/store/xq1jhs1g1csrvyix0c6q5yy2iwhww4nn-winnow-0.7.4.crate
winsafe-0.0.19.crate /gnu/store/l3phyp44xlf9158x5dra26lh3makb1hj-winsafe-0.0.19.crate
write16-1.0.0.crate /gnu/store/f7rlc27m5nvzi1sw170krz18pfj1chlb-write16-1.0.0.crate
writeable-0.5.5.crate /gnu/store/7ni4givh77kga7xzfgyfn9fnnd7xnz2g-writeable-0.5.5.crate
wyz-0.5.1.crate /gnu/store/dcvb07l2v3r72y56407yaypw589kdazv-wyz-0.5.1.crate
xattr-1.5.0.crate /gnu/store/ijqj865gkyjcpx3xbmfmc460z3v4jnyw-xattr-1.5.0.crate
yoke-0.7.5.crate /gnu/store/jis7pq2s3wxr1x8vxj1pqhk1i2jrswn0-yoke-0.7.5.crate
yoke-derive-0.7.5.crate /gnu/store/qy3wqyyasdsxkm4q7zwab37zpm8zlszp-yoke-derive-0.7.5.crate
zerocopy-0.8.23.crate /gnu/store/zg3plfip3bkdn1qy143lp5jr5lscdkqr-zerocopy-0.8.23.crate
zerocopy-derive-0.8.23.crate /gnu/store/dnwpm4h78bk07nfz8n4x102il454zyfb-zerocopy-derive-0.8.23.crate
zerofrom-0.1.5.crate /gnu/store/k0abzwc4bkz8gkz11s7s08qw0v93bfqv-zerofrom-0.1.5.crate
zerofrom-derive-0.1.6.crate /gnu/store/72w6fd22yjvsi549svkclr53vyar8scw-zerofrom-derive-0.1.6.crate
zerovec-0.10.4.crate /gnu/store/sac2qmn7b6skghaczb7hh2mhb5dklj4c-zerovec-0.10.4.crate
zerovec-derive-0.10.3.crate /gnu/store/hg652605gmfhzb0s7mr8937yrl3ajfkn-zerovec-derive-0.10.3.crate
