# td-builder-rust.lock — the pinned SEED for self-hosting td-builder via
# `td-builder build-recipe` (buildSystem "rust"). Every build input resolved here,
# no specification->package in the build path. The rustc/cargo/gcc-toolchain seed is
# the guix-built toolchain, retired LAST (§5); regenerate on a channel bump.
#
# The SOURCE is NOT pinned here: the crate is the LIVE builder/ tree, which changes
# every edit, so the `td-builder-source <path>` line is appended at gate time (the
# gate interns the current tree). Format: `NAME <store-path>` (NAME is a label; the
# `<recipe>-source` key is the source, every other line is a build input).
kalrvf4si2s65g1ps7cw4gkz0q7lwryn-rust-1.93.0 /gnu/store/kalrvf4si2s65g1ps7cw4gkz0q7lwryn-rust-1.93.0
z7kjjjv2k1aniv8lndhb5q1p3639631q-rust-1.93.0-cargo /gnu/store/z7kjjjv2k1aniv8lndhb5q1p3639631q-rust-1.93.0-cargo
z78xpbjrl0g6238acy238fibgzckqgak-gcc-toolchain-15.2.0 /gnu/store/z78xpbjrl0g6238acy238fibgzckqgak-gcc-toolchain-15.2.0
bwfxzfsm742izbqrx63ica0jq0sbnmrp-coreutils-9.1 /gnu/store/bwfxzfsm742izbqrx63ica0jq0sbnmrp-coreutils-9.1
p5dap5q3wfdy0h3m31q5hbj3gpbkmrxv-bash-5.2.37 /gnu/store/p5dap5q3wfdy0h3m31q5hbj3gpbkmrxv-bash-5.2.37
