# td-cmake-demo.lock — pinned inputs for building the td-cmake-demo cmake project
# via `td-builder build-recipe` (buildSystem "cmake"). No specification->package in
# the build path — every input is resolved from this lock. Regenerate the seed on a
# channel bump.
#
# Seed toolchain (cmake + gcc-toolchain + make + coreutils + bash + tar + gzip): the
# external SEED (§5, retired last), exactly as the autotools (gnu) path uses make/gcc.
# cmake configures + drives the build; make is the Unix Makefiles generator's backend;
# gcc-toolchain is the C compiler/linker; coreutils/bash are the standard build shell;
# tar/gzip are present for the tarball-source path (the demo source is interned, not a
# tarball, so they are unused here but kept so the seed matches the autotools shape).
bcm8is7b1vpqdxwn7ik37hyllimhwp0l-cmake-minimal-3.31.10 /gnu/store/bcm8is7b1vpqdxwn7ik37hyllimhwp0l-cmake-minimal-3.31.10
z78xpbjrl0g6238acy238fibgzckqgak-gcc-toolchain-15.2.0 /gnu/store/z78xpbjrl0g6238acy238fibgzckqgak-gcc-toolchain-15.2.0
sc48b7l5h0hz4yp1kzgrf5k86ac0syyn-make-4.4.1 /gnu/store/sc48b7l5h0hz4yp1kzgrf5k86ac0syyn-make-4.4.1
bwfxzfsm742izbqrx63ica0jq0sbnmrp-coreutils-9.1 /gnu/store/bwfxzfsm742izbqrx63ica0jq0sbnmrp-coreutils-9.1
p5dap5q3wfdy0h3m31q5hbj3gpbkmrxv-bash-5.2.37 /gnu/store/p5dap5q3wfdy0h3m31q5hbj3gpbkmrxv-bash-5.2.37
vlx3kkamd502jahyyn03qq9dxa63h3cz-tar-1.35 /gnu/store/vlx3kkamd502jahyyn03qq9dxa63h3cz-tar-1.35
ch4v61a0lw0f1hkm5adai5z42qpyf20k-gzip-1.14 /gnu/store/ch4v61a0lw0f1hkm5adai5z42qpyf20k-gzip-1.14
