# td-feed.lock — the toolchain SEED for building td-feed (feed/, td's local HTTP mirror)
# FROM SOURCE via td-builder build-recipe (buildSystem "rust"). The rust/cargo/gcc-toolchain
# + coreutils/bash/tar/gzip lines are the shared Rust seed (retired last by source-bootstrap).
#
# Phase 2b: the 73-crate closure is NO LONGER pinned here as /gnu/store FODs. td-feed shares
# td-fetch's closure EXACTLY (ureq + rustls/ring + sha2 — only the bin name differs), so the
# td-feed gate reuses td-fetch's GUIX-FREE vendor tree (.td-build-cache/crate-vendor/td-fetch,
# td-fetched from static.crates.io by tools/warm-td-fetch-crates.sh, sha256 == the upstream
# feed/Cargo.lock checksum) and interns it + the feed/ source at gate time (no guix build, no
# /gnu/store crate FOD, no oracle — content-address is the upstream pin). The feed/ SOURCE
# tree is interned by td's OWN recursive addToStore (tests/intern-src.sh), keyed td-feed-source.
kalrvf4si2s65g1ps7cw4gkz0q7lwryn-rust-1.93.0 /gnu/store/kalrvf4si2s65g1ps7cw4gkz0q7lwryn-rust-1.93.0
z7kjjjv2k1aniv8lndhb5q1p3639631q-rust-1.93.0-cargo /gnu/store/z7kjjjv2k1aniv8lndhb5q1p3639631q-rust-1.93.0-cargo
z78xpbjrl0g6238acy238fibgzckqgak-gcc-toolchain-15.2.0 /gnu/store/z78xpbjrl0g6238acy238fibgzckqgak-gcc-toolchain-15.2.0
bwfxzfsm742izbqrx63ica0jq0sbnmrp-coreutils-9.1 /gnu/store/bwfxzfsm742izbqrx63ica0jq0sbnmrp-coreutils-9.1
p5dap5q3wfdy0h3m31q5hbj3gpbkmrxv-bash-5.2.37 /gnu/store/p5dap5q3wfdy0h3m31q5hbj3gpbkmrxv-bash-5.2.37
vlx3kkamd502jahyyn03qq9dxa63h3cz-tar-1.35 /gnu/store/vlx3kkamd502jahyyn03qq9dxa63h3cz-tar-1.35
ch4v61a0lw0f1hkm5adai5z42qpyf20k-gzip-1.14 /gnu/store/ch4v61a0lw0f1hkm5adai5z42qpyf20k-gzip-1.14
