# td-russh-demo.lock — pinned inputs for building the td-russh-demo crate (a russh
# client<->server SSH round-trip) via `td-builder build-recipe` (buildSystem "rust").
# GENERATED from tests/russh-demo/Cargo.lock: every `*.crate` is a vendored
# dependency, a static.crates.io fixed-output fetch (sha256 == Cargo.lock checksum);
# no specification->package. The crypto backend (aws-lc-sys) has a C build script,
# so the seed carries cmake + linux-libre-headers (kernel headers) beyond the usual
# toolchain; run_rust sets CC/CXX + C_INCLUDE_PATH from these. Regenerate the seed on
# a channel bump; regenerate the deps from the demo's Cargo.lock on a dep bump.
# The crate source is interned at gate time (appended) — it is the live tree.
# Toolchain seed (the C build-env is provided by run_rust: CC/CXX + C_INCLUDE_PATH
# from gcc-toolchain/include, which already bundles the kernel headers -- no extra seed):
kalrvf4si2s65g1ps7cw4gkz0q7lwryn-rust-1.93.0 /gnu/store/kalrvf4si2s65g1ps7cw4gkz0q7lwryn-rust-1.93.0
z7kjjjv2k1aniv8lndhb5q1p3639631q-rust-1.93.0-cargo /gnu/store/z7kjjjv2k1aniv8lndhb5q1p3639631q-rust-1.93.0-cargo
z78xpbjrl0g6238acy238fibgzckqgak-gcc-toolchain-15.2.0 /gnu/store/z78xpbjrl0g6238acy238fibgzckqgak-gcc-toolchain-15.2.0
bwfxzfsm742izbqrx63ica0jq0sbnmrp-coreutils-9.1 /gnu/store/bwfxzfsm742izbqrx63ica0jq0sbnmrp-coreutils-9.1
p5dap5q3wfdy0h3m31q5hbj3gpbkmrxv-bash-5.2.37 /gnu/store/p5dap5q3wfdy0h3m31q5hbj3gpbkmrxv-bash-5.2.37
vlx3kkamd502jahyyn03qq9dxa63h3cz-tar-1.35 /gnu/store/vlx3kkamd502jahyyn03qq9dxa63h3cz-tar-1.35
ch4v61a0lw0f1hkm5adai5z42qpyf20k-gzip-1.14 /gnu/store/ch4v61a0lw0f1hkm5adai5z42qpyf20k-gzip-1.14
# Vendored dependency closure (static.crates.io fixed-output fetches):
adler2-2.0.1.crate /gnu/store/dikyd6abcmxwqiail913a4pd5srgyk9g-adler2-2.0.1.crate
aead-0.6.1.crate /gnu/store/swyp3dpk4rhjb6y0v2ykvhymrqbidgf8-aead-0.6.1.crate
aes-0.9.1.crate /gnu/store/x3wcpnyp0qf1ph90d8x93z290m7mgi02-aes-0.9.1.crate
aes-gcm-0.11.0-rc.4.crate /gnu/store/vmv1nfcgnhdj9rx051lmx7qfi364a02b-aes-gcm-0.11.0-rc.4.crate
android_system_properties-0.1.5.crate /gnu/store/8vzvhgf98aphw3n85sihl9a8b59cyrja-android_system_properties-0.1.5.crate
anyhow-1.0.102.crate /gnu/store/5z0y78dxsibx1p4hbxpawc2ry1kl8sz1-anyhow-1.0.102.crate
argon2-0.6.0-rc.8.crate /gnu/store/f5riv3d9kxw1cx6yzgf1llb0psqdax3l-argon2-0.6.0-rc.8.crate
autocfg-1.5.1.crate /gnu/store/35qjdx64km9g8vjg8xlwbjzcijgjj863-autocfg-1.5.1.crate
aws-lc-rs-1.17.0.crate /gnu/store/qhrid45dq07mvi656gxwma8g0imscvd5-aws-lc-rs-1.17.0.crate
aws-lc-sys-0.41.0.crate /gnu/store/il7xj5f6w7sr8rr49np4s2aslv8xrl43-aws-lc-sys-0.41.0.crate
base16ct-1.0.0.crate /gnu/store/7f9jz002lsfk9slhdbhv2pisklppf2w9-base16ct-1.0.0.crate
base64ct-1.8.3.crate /gnu/store/n18a8grx1j6jr8ybs9p3dswawjzk0y9z-base64ct-1.8.3.crate
bcrypt-pbkdf-0.11.0.crate /gnu/store/wd2x2q9srwppvnvvmzp64bwn6lq13w1g-bcrypt-pbkdf-0.11.0.crate
bitflags-2.13.0.crate /gnu/store/38g1jkxvfwadzpl057l7pbzyk7hdkwkc-bitflags-2.13.0.crate
blake2-0.11.0-rc.6.crate /gnu/store/ib2milnc0ana0mlfjjypr7lmqlpw5wbg-blake2-0.11.0-rc.6.crate
block-buffer-0.12.1.crate /gnu/store/h37c2jx095mdz1nx44gcr6kxg6xxq7r7-block-buffer-0.12.1.crate
block-padding-0.4.2.crate /gnu/store/7a40m7nmnla22p30fywvbv32swg46ap5-block-padding-0.4.2.crate
blowfish-0.10.0.crate /gnu/store/8r6b7fm51d63i671dvfwzwsfa1vfpm47-blowfish-0.10.0.crate
bumpalo-3.20.3.crate /gnu/store/q5whs16k1dgg8vd89n80477kbk5l66iy-bumpalo-3.20.3.crate
byteorder-1.5.0.crate /gnu/store/k67mcfsd155y8dibv4v966yjf2jg6hh3-byteorder-1.5.0.crate
bytes-1.12.0.crate /gnu/store/1qzs4ffbha21yw8s53qskwfpw8piim0b-bytes-1.12.0.crate
cbc-0.2.1.crate /gnu/store/kn1ssx4l9jr5yifca3agg2rpwj0miijn-cbc-0.2.1.crate
cc-1.2.64.crate /gnu/store/8i1d2z4wxcplrq51mwyq5rrmjfgpx0z7-cc-1.2.64.crate
cfg-if-1.0.4.crate /gnu/store/3qkldk98fx04kxj7pp72ynmxvibrk63d-cfg-if-1.0.4.crate
cfg_aliases-0.2.1.crate /gnu/store/c6a2b2mgc0gazbsljv90wv4b3126rhap-cfg_aliases-0.2.1.crate
chacha20-0.10.0.crate /gnu/store/mm3hf3i4dsdn6ns9cpglsmjzwqr1yxdv-chacha20-0.10.0.crate
chrono-0.4.45.crate /gnu/store/ry86yk6165jzzj1fj6kcx94c1vbxv7jk-chrono-0.4.45.crate
cipher-0.5.2.crate /gnu/store/831z47hcfz3061zbxmrxdhnblmbilfj8-cipher-0.5.2.crate
cmake-0.1.58.crate /gnu/store/gq18qknprf67zbdgwsbvkghhs1bry8wz-cmake-0.1.58.crate
cmov-0.5.4.crate /gnu/store/qanbn77pw7sf02sw83bvy644j23nd6cx-cmov-0.5.4.crate
const-oid-0.10.2.crate /gnu/store/bfdqv9hc5zd4q3gp8pgxfav48gna9d53-const-oid-0.10.2.crate
core-foundation-sys-0.8.7.crate /gnu/store/2aj6mpkvhx6v38pkg79fwslchnslxr90-core-foundation-sys-0.8.7.crate
cpubits-0.1.1.crate /gnu/store/1jxiz9drg3hyz05bxillyxmsm4yyik4h-cpubits-0.1.1.crate
cpufeatures-0.3.0.crate /gnu/store/wayyvjisxh45gsw6w232r7l7yndjf97h-cpufeatures-0.3.0.crate
crc32fast-1.5.0.crate /gnu/store/y77nr0vz7mgmyxxrnls4k9c9g3nk3zmd-crc32fast-1.5.0.crate
crypto-bigint-0.7.4.crate /gnu/store/ns14ygamsdp47c4dlik5ib7p40rnypvd-crypto-bigint-0.7.4.crate
crypto-common-0.2.2.crate /gnu/store/cssw4lhi6mhikviivmvvb7sf260xjdi1-crypto-common-0.2.2.crate
crypto-primes-0.7.2.crate /gnu/store/zb97h1ixxph7zq0hks9rs8g5j0z06q0a-crypto-primes-0.7.2.crate
ctr-0.10.1.crate /gnu/store/apixyxjhqzhz4hn970z37a0l3rp0ywlj-ctr-0.10.1.crate
ctutils-0.4.2.crate /gnu/store/6sxbgbw2wqn1bck6mlwb32dagl843isc-ctutils-0.4.2.crate
curve25519-dalek-5.0.0-rc.0.crate /gnu/store/las43ljkliqnsw52k4p8cd6n7shdqhsk-curve25519-dalek-5.0.0-rc.0.crate
curve25519-dalek-derive-0.1.1.crate /gnu/store/793d2mbrxpqsznkv1zd2zjw1z7cc6dlm-curve25519-dalek-derive-0.1.1.crate
data-encoding-2.11.0.crate /gnu/store/bsz58ifcb7y3r74sjcr244z0qxbiwrkh-data-encoding-2.11.0.crate
delegate-0.13.5.crate /gnu/store/85aahj6nlbir6qnapv4pcnn3xyx2jpf3-delegate-0.13.5.crate
der-0.8.0.crate /gnu/store/4hwb7dwc4m14j9hbbn7g9x480233iahh-der-0.8.0.crate
des-0.9.0.crate /gnu/store/q5lrlkcczf33ddafzrz0qcnyjn08iivl-des-0.9.0.crate
digest-0.11.3.crate /gnu/store/xchqqfyh8mh6h2ldga3w642ncm4118kj-digest-0.11.3.crate
dunce-1.0.5.crate /gnu/store/l8gjpxwfz92f25vmc7a9300rq4xnl9dk-dunce-1.0.5.crate
ecdsa-0.17.0-rc.18.crate /gnu/store/f5sgw6jb1dlm8rcifkn0jhqmybkss8vw-ecdsa-0.17.0-rc.18.crate
ed25519-3.0.0.crate /gnu/store/b3yy6505yxhakg5r7n64nhgngwii1vj4-ed25519-3.0.0.crate
ed25519-dalek-3.0.0-rc.0.crate /gnu/store/vlqx65j74az1jvk5bijb75814h2ccmi2-ed25519-dalek-3.0.0-rc.0.crate
elliptic-curve-0.14.0-rc.33.crate /gnu/store/gy9kpr98za8ydm7dljqq9dqd0ig1gkh8-elliptic-curve-0.14.0-rc.33.crate
enum_dispatch-0.3.13.crate /gnu/store/7ai60n5z5720wrgwh7h7nr5ig0f996wn-enum_dispatch-0.3.13.crate
errno-0.3.14.crate /gnu/store/8hbs0pxm2jc272z7z4l23dqq76hnlc1x-errno-0.3.14.crate
ff-0.14.0.crate /gnu/store/s9qisdcmanln1pcwdv425cpwsmihq9r1-ff-0.14.0.crate
fiat-crypto-0.3.0.crate /gnu/store/d7p4sqrg0y1ls8nvi5bc544fgsh1sl0x-fiat-crypto-0.3.0.crate
find-msvc-tools-0.1.9.crate /gnu/store/kdrkkakcjbmrjxja9rjz8gsmzpn2q445-find-msvc-tools-0.1.9.crate
flate2-1.1.9.crate /gnu/store/368wgqb0nvyrxy0wj4rwv6zz25k03lsf-flate2-1.1.9.crate
fs_extra-1.3.0.crate /gnu/store/ngm5k9v89nvcv4gziibhnc7b9yc7j5s6-fs_extra-1.3.0.crate
futures-0.3.32.crate /gnu/store/kxyv8f5lim3jhqzhky3zxxc5l6l8pjk0-futures-0.3.32.crate
futures-channel-0.3.32.crate /gnu/store/l8aw38v5473bfdy0hrlypah4x4x947g6-futures-channel-0.3.32.crate
futures-core-0.3.32.crate /gnu/store/h6fpgqf81zybndnis9q1fsnwarznvn0p-futures-core-0.3.32.crate
futures-executor-0.3.32.crate /gnu/store/2yy6jvhgmdzaxzab6nnc5y42rdmgk1l2-futures-executor-0.3.32.crate
futures-io-0.3.32.crate /gnu/store/527wfklx91m3j3rzpqmnzxh1svw57j3c-futures-io-0.3.32.crate
futures-macro-0.3.32.crate /gnu/store/lcp0qg8i7v6w9daz4qwbjwyg35lrl1pn-futures-macro-0.3.32.crate
futures-sink-0.3.32.crate /gnu/store/3ivmah8bp05jvl2gpcr2ndk8kaawwpwj-futures-sink-0.3.32.crate
futures-task-0.3.32.crate /gnu/store/503202i136whrfjkdh3d4gcrgjcb7pj8-futures-task-0.3.32.crate
futures-util-0.3.32.crate /gnu/store/3g2kpyp86q3d3wqk2nv9rhy460mvqwdh-futures-util-0.3.32.crate
generic-array-0.14.9.crate /gnu/store/27v4lca9njnw6nqgh1ibywf28hm5lny3-generic-array-0.14.9.crate
generic-array-1.4.3.crate /gnu/store/5jcw3467md5bl673h4c3xa42zmbdmi6z-generic-array-1.4.3.crate
getrandom-0.3.4.crate /gnu/store/kb7ss35q9qhwaj8w4xxzn1928zg3xy1y-getrandom-0.3.4.crate
getrandom-0.4.3.crate /gnu/store/si2bcw3khsaprjjn8av1ggvznaxng0b3-getrandom-0.4.3.crate
ghash-0.6.0.crate /gnu/store/89js6l67966nzfhmgybcy2xxmvb2kphr-ghash-0.6.0.crate
group-0.14.0.crate /gnu/store/iqqx98c2cb3l1d446sm13gpgf5lw5grd-group-0.14.0.crate
hex-0.4.3.crate /gnu/store/ja2g834szjh1rrnb330abcbdy0idfs1r-hex-0.4.3.crate
hex-literal-1.1.0.crate /gnu/store/35dry1h29h0zarzy6yvhmp3yzidhlj86-hex-literal-1.1.0.crate
hkdf-0.13.0.crate /gnu/store/nfjshb9r3dljb4gx1xvx7s51s2gcingf-hkdf-0.13.0.crate
hmac-0.13.0.crate /gnu/store/dpl84aqi5lfjkv4d7cpkla6k6nm75hra-hmac-0.13.0.crate
hybrid-array-0.4.12.crate /gnu/store/axjnybp27zm471pa7c1kwds1kyg9l9n8-hybrid-array-0.4.12.crate
iana-time-zone-0.1.65.crate /gnu/store/5l07r2q8z3i4h37zha7bm33jw28rij9c-iana-time-zone-0.1.65.crate
iana-time-zone-haiku-0.1.2.crate /gnu/store/g5q9yz5cgn5s31v8abkrn5vwryc1y8dv-iana-time-zone-haiku-0.1.2.crate
inout-0.2.2.crate /gnu/store/ka8d9f832f81nsbvrp6id1rr19a8qr5a-inout-0.2.2.crate
internal-russh-num-bigint-0.5.0.crate /gnu/store/ihrkyl3x535962429pvjp0l03mw4dwk6-internal-russh-num-bigint-0.5.0.crate
jobserver-0.1.34.crate /gnu/store/0sjm9zdyf5a30p5lj4k1nnckvi6xmh9s-jobserver-0.1.34.crate
js-sys-0.3.102.crate /gnu/store/q24yp7iqb0wqr21vj1lm75xn762gjrb8-js-sys-0.3.102.crate
keccak-0.2.0.crate /gnu/store/9q9i4f99c6k59vk7cj4qqk0v1wpwxxqy-keccak-0.2.0.crate
kem-0.3.0.crate /gnu/store/hwxiq73sdrcrnwax0vr7mayjh66j7wx7-kem-0.3.0.crate
libc-0.2.186.crate /gnu/store/6z23zikr51l5f1dv8ggwb1sas5c2pvk0-libc-0.2.186.crate
lock_api-0.4.14.crate /gnu/store/60n2lc3y41pfnlh4j7j8b3vdcrrm7b1x-lock_api-0.4.14.crate
log-0.4.32.crate /gnu/store/5w3zsxalrkwlybwwjaxq5s1z7mpdv5ha-log-0.4.32.crate
md5-0.8.0.crate /gnu/store/vy7by21bw9k5gfz9l5y41vf6ybks2jwd-md5-0.8.0.crate
memchr-2.8.2.crate /gnu/store/03a7631q1w5akvdpil3l7qnlgplsj41k-memchr-2.8.2.crate
miniz_oxide-0.8.9.crate /gnu/store/0mrmqqf4yqv5hqp4irigz3yz9mwwv08l-miniz_oxide-0.8.9.crate
mio-1.2.1.crate /gnu/store/66vc8lj0n93380pph6llp9y7hsncqajf-mio-1.2.1.crate
ml-kem-0.3.2.crate /gnu/store/1pqb7zvwsxl07aa722a79kkn9yfl1zgr-ml-kem-0.3.2.crate
module-lattice-0.2.3.crate /gnu/store/xb8vs74vk1ghw9b7mjqjnss7h59467iz-module-lattice-0.2.3.crate
nix-0.31.3.crate /gnu/store/g0mbcjsp730zjhsqah4x3srvvc03xlpn-nix-0.31.3.crate
num-bigint-0.4.6.crate /gnu/store/4qsgpy7j8viwwq3h96lnyrjrd4vla62g-num-bigint-0.4.6.crate
num-integer-0.1.46.crate /gnu/store/7ih4yzhfv5h5rdin55pbr8s32shsxyfw-num-integer-0.1.46.crate
num-traits-0.2.19.crate /gnu/store/r3lj4j2lcpl8r72wryq6zr3wnmmrm6ms-num-traits-0.2.19.crate
once_cell-1.21.4.crate /gnu/store/pv264x1nj4xvz8nwlbn3ka0h8xdk4n4b-once_cell-1.21.4.crate
p256-0.14.0-rc.10.crate /gnu/store/9b7yi9p1akgnj3nr0lfxv53f612lancy-p256-0.14.0-rc.10.crate
p384-0.14.0-rc.10.crate /gnu/store/9xcd9dk0y6bnlscir443s8awi214g101-p384-0.14.0-rc.10.crate
p521-0.14.0-rc.10.crate /gnu/store/mrjgckl53s1345pn620x0qisqyg71psy-p521-0.14.0-rc.10.crate
pageant-0.2.1.crate /gnu/store/yz3ykkhn6cw87npnksizlh38q8nyqw2n-pageant-0.2.1.crate
parking_lot-0.12.5.crate /gnu/store/8dvl6sgl0r35dq1zsa4gc4ppfs620gsk-parking_lot-0.12.5.crate
parking_lot_core-0.9.12.crate /gnu/store/6a79zihsf001hzshp0rxkkpagbh93rpj-parking_lot_core-0.9.12.crate
password-hash-0.6.1.crate /gnu/store/ggjs6b0b835c87qaz8k0ins17wkdifh5-password-hash-0.6.1.crate
pbkdf2-0.13.0.crate /gnu/store/mghryplsynpwkj0ic0d01wpa64qjn08f-pbkdf2-0.13.0.crate
pem-rfc7468-1.0.0.crate /gnu/store/09gil9cdwl32ims9falh48pg83bdvb2b-pem-rfc7468-1.0.0.crate
phc-0.6.1.crate /gnu/store/zhapxg3g33rlkzrqn8m73pw4zy3xrc2x-phc-0.6.1.crate
pin-project-lite-0.2.17.crate /gnu/store/arjkj04g2qqd99n2qz7z1lngr2060d68-pin-project-lite-0.2.17.crate
pkcs1-0.8.0-rc.4.crate /gnu/store/5anlf4mk1ymzmjfdnzc0xgirjbsf3d3x-pkcs1-0.8.0-rc.4.crate
pkcs5-0.8.0.crate /gnu/store/id5am92x0rr9pf44mywd2wsym14hq17y-pkcs5-0.8.0.crate
pkcs8-0.11.0.crate /gnu/store/v080war2vfrc102i2n62gably6bqawj9-pkcs8-0.11.0.crate
poly1305-0.9.0.crate /gnu/store/xw8aiy553qknsnrgi23vjvkdxmpzr01m-poly1305-0.9.0.crate
polyval-0.7.1.crate /gnu/store/m6hchdx9akpv378zzr8s8jg6j5v11dly-polyval-0.7.1.crate
primefield-0.14.0-rc.12.crate /gnu/store/r7a8w42iq144f5chbxfiy79gdr08pchb-primefield-0.14.0-rc.12.crate
primeorder-0.14.0-rc.10.crate /gnu/store/q4a92b3mh4w6k1ns99xp398fzn20b8qj-primeorder-0.14.0-rc.10.crate
proc-macro2-1.0.106.crate /gnu/store/klw2pvqcrlici7n0rxvxidj12kd0fr8v-proc-macro2-1.0.106.crate
quote-1.0.45.crate /gnu/store/m3ssfwbs4hjb3q5wh22l1n3853chgvh0-quote-1.0.45.crate
r-efi-5.3.0.crate /gnu/store/8pvm2qr80if29s7wnmsb38nh8hwq3ks1-r-efi-5.3.0.crate
r-efi-6.0.0.crate /gnu/store/nyxparzws5yfyr6d6ffzwrh9ac3bjm2z-r-efi-6.0.0.crate
rand-0.10.1.crate /gnu/store/l952pm33fz0mw9zp9wk7amrlr6bmq0wn-rand-0.10.1.crate
rand_core-0.10.1.crate /gnu/store/9zilab2s171i5swvigzm63y7j8i0xjhx-rand_core-0.10.1.crate
redox_syscall-0.5.18.crate /gnu/store/jmhgin47r4izf0wah4bazcfkld25r0vv-redox_syscall-0.5.18.crate
rfc6979-0.5.0.crate /gnu/store/bgg11wp5v16lcg3gsf1js810ydncg37g-rfc6979-0.5.0.crate
rsa-0.10.0-rc.18.crate /gnu/store/16hhg7fsd1ija8cw2y3fdzw81m435pvw-rsa-0.10.0-rc.18.crate
russh-0.61.2.crate /gnu/store/1m37mc67rhzjn6vj82fy99wsp18ddlk6-russh-0.61.2.crate
russh-cryptovec-0.61.0.crate /gnu/store/nr3lsqn6bn1pq99cj6crpn5n057hw81q-russh-cryptovec-0.61.0.crate
russh-util-0.52.0.crate /gnu/store/04f2x3carvivr482jqs82pkvrdhdzw5v-russh-util-0.52.0.crate
rustc_version-0.4.1.crate /gnu/store/pld57ylinzxv56fvrdsdrgk399pjrbis-rustc_version-0.4.1.crate
rustversion-1.0.22.crate /gnu/store/s86m5vkanskv695jzb2vlwvrg3qk7nyb-rustversion-1.0.22.crate
salsa20-0.11.0.crate /gnu/store/7knvw0idmyq8f29ahibp3h7n718xifpb-salsa20-0.11.0.crate
scopeguard-1.2.0.crate /gnu/store/2lh0qgjd94n90i8q3p62imqnmp03ppf9-scopeguard-1.2.0.crate
scrypt-0.12.0.crate /gnu/store/nq77dhy9y3iwfz88d95kl322v9mz4n9x-scrypt-0.12.0.crate
sec1-0.8.1.crate /gnu/store/54njdgmrm9mpvgx2aabm6sdknsggpyqs-sec1-0.8.1.crate
semver-1.0.28.crate /gnu/store/h9gmv3jh555rv7j06axzpsb5g4kcv7wn-semver-1.0.28.crate
serde-1.0.228.crate /gnu/store/8p7dng2jrns0fln47aiv0imj1wna6fyc-serde-1.0.228.crate
serde_core-1.0.228.crate /gnu/store/iam1jbf61sldmn1zxvx3i2ibm68zgyfa-serde_core-1.0.228.crate
serde_derive-1.0.228.crate /gnu/store/39gbq3hzbnsnssbgb2q5blqds6irh1mc-serde_derive-1.0.228.crate
serdect-0.4.3.crate /gnu/store/sw32jr4b7viy561za4gpdakmv693nsqy-serdect-0.4.3.crate
sha1-0.11.0.crate /gnu/store/nxcrc0adrkwpf1rxjbmz5cmm2hgwd0zm-sha1-0.11.0.crate
sha2-0.11.0.crate /gnu/store/ikjxjywi5x0sghxd67cl8bwj59zzhs0b-sha2-0.11.0.crate
sha3-0.11.0.crate /gnu/store/r7b63z4781smg894f9hh6rfdask0v0qv-sha3-0.11.0.crate
shlex-2.0.1.crate /gnu/store/7kdf9igdcdajypsrmp3f45clwd87s70d-shlex-2.0.1.crate
signal-hook-registry-1.4.8.crate /gnu/store/aka1kb4s7p4xc9lcmm4507xxv5gdxc2k-signal-hook-registry-1.4.8.crate
signature-3.0.0.crate /gnu/store/3p54s4cbsg2ni3hiypyllblfc52f8gxc-signature-3.0.0.crate
simd-adler32-0.3.9.crate /gnu/store/2zqh4nkxl17zlzsnjavz4fjwgjbf0h34-simd-adler32-0.3.9.crate
slab-0.4.12.crate /gnu/store/gr4x0y9fggzygljqdan15rwik5xx9mir-slab-0.4.12.crate
smallvec-1.15.2.crate /gnu/store/055ms9779mkm36ssq9611hfg1grl7d7l-smallvec-1.15.2.crate
socket2-0.6.4.crate /gnu/store/xc2p1i0xg92wnvxvpdlkccbv9r0c84jy-socket2-0.6.4.crate
spki-0.8.0.crate /gnu/store/c6y422l7kw9ss75f6c06p6q2h3cin58d-spki-0.8.0.crate
ssh-cipher-0.3.0-rc.9.crate /gnu/store/ax5qjzspicvgl1mqcdy2lkcm5pyn9mwy-ssh-cipher-0.3.0-rc.9.crate
ssh-encoding-0.3.0-rc.9.crate /gnu/store/npimqfvvzj21qj16ic3y8z7aj1lxpg4j-ssh-encoding-0.3.0-rc.9.crate
ssh-key-0.7.0-rc.10.crate /gnu/store/jkqvbzqlm9adw3dk8v67l9h49gybvi89-ssh-key-0.7.0-rc.10.crate
subtle-2.6.1.crate /gnu/store/hqxszw9pkgg47qn794aa0x5jkmpp556j-subtle-2.6.1.crate
syn-2.0.118.crate /gnu/store/hi4xjw3fq64imgsm0wm6wyjhr3398l5q-syn-2.0.118.crate
thiserror-2.0.18.crate /gnu/store/gf2c793vrmjd1bpkwxs3ypfyrzgzvryc-thiserror-2.0.18.crate
thiserror-impl-2.0.18.crate /gnu/store/ksnpzl525d3z8n2wdv2r90wnrq39ccia-thiserror-impl-2.0.18.crate
tokio-1.52.3.crate /gnu/store/r1i0djns2q7pk7rgym2gxpjvajr00z3p-tokio-1.52.3.crate
tokio-macros-2.7.0.crate /gnu/store/a7367qzpharcjxfaqrbbk22h85jb2xbc-tokio-macros-2.7.0.crate
typenum-1.20.1.crate /gnu/store/ax1xlyzb7gvw0vxvs3g2wffxjd2gswav-typenum-1.20.1.crate
unicode-ident-1.0.24.crate /gnu/store/kd162djh3hq59zk00hlzkrsxvc2gkwlh-unicode-ident-1.0.24.crate
universal-hash-0.6.1.crate /gnu/store/pglshp0jbc5jfpvbks2yqns65prfpjk7-universal-hash-0.6.1.crate
untrusted-0.7.1.crate /gnu/store/i5w8cq40riv5dlwaaipkrd7v3kbaz57m-untrusted-0.7.1.crate
version_check-0.9.5.crate /gnu/store/l0fqvn5p9rkng1f287ymykbp8y3hk4a2-version_check-0.9.5.crate
wasi-0.11.1+wasi-snapshot-preview1.crate /gnu/store/pzgrwdgywqd6ckc5gxv60igq5d7js4kk-wasi-0.11.1+wasi-snapshot-preview1.crate
wasip2-1.0.4+wasi-0.2.12.crate /gnu/store/jn0qa5vapznyvn3jbpa0534xl4lxvkf3-wasip2-1.0.4+wasi-0.2.12.crate
wasm-bindgen-0.2.125.crate /gnu/store/8j4jhprpsdlp4627xn98v3a6y0k586qh-wasm-bindgen-0.2.125.crate
wasm-bindgen-futures-0.4.75.crate /gnu/store/rmvx215w8s244c51k8j6b0b0ij8s2rk1-wasm-bindgen-futures-0.4.75.crate
wasm-bindgen-macro-0.2.125.crate /gnu/store/11ym4dq8xr87dxjdjvfq4vw4clwaq79r-wasm-bindgen-macro-0.2.125.crate
wasm-bindgen-macro-support-0.2.125.crate /gnu/store/0svxj1zyg1p27nfrfyq33pnmcq5h0a8h-wasm-bindgen-macro-support-0.2.125.crate
wasm-bindgen-shared-0.2.125.crate /gnu/store/cfi28v20ws5rsmg93c54nvn886d09z7n-wasm-bindgen-shared-0.2.125.crate
windows-0.62.2.crate /gnu/store/xajidjidyqwhrm67676bwgm05law60iw-windows-0.62.2.crate
windows-collections-0.3.2.crate /gnu/store/h3znzd68sl9y5syy7j437d8yr20pjm4r-windows-collections-0.3.2.crate
windows-core-0.62.2.crate /gnu/store/xbnq74wkcsyzvrp7q42wz9f46q67sdrx-windows-core-0.62.2.crate
windows-future-0.3.2.crate /gnu/store/k44dqaszhzqxq4q37ay6mk76p0zffjmz-windows-future-0.3.2.crate
windows-implement-0.60.2.crate /gnu/store/lfgksdzvsvhqip3rffa0xn85w6d4m3jd-windows-implement-0.60.2.crate
windows-interface-0.59.3.crate /gnu/store/7c1gkw7rm6z9izmf8da9fdin7i41559j-windows-interface-0.59.3.crate
windows-link-0.2.1.crate /gnu/store/3jj3c5wb8ahnkszdz42xdc6brm2033l1-windows-link-0.2.1.crate
windows-numerics-0.3.1.crate /gnu/store/q3b1165d9qn3yag5bmm5xd7m59jwd8mw-windows-numerics-0.3.1.crate
windows-result-0.4.1.crate /gnu/store/sbs9bz86x52yaxg63a5dad18vkllbbfg-windows-result-0.4.1.crate
windows-strings-0.5.1.crate /gnu/store/cmhr442wpxa54xkyidb8blsa0dqdfxkh-windows-strings-0.5.1.crate
windows-sys-0.61.2.crate /gnu/store/h3s6ph781279nzn52bz1van33zk2m9gs-windows-sys-0.61.2.crate
windows-threading-0.2.1.crate /gnu/store/fc63gg4ikb0ngxy54glvb6grpqg0w8ih-windows-threading-0.2.1.crate
wit-bindgen-0.57.1.crate /gnu/store/bjm6hk2xlj8g7idfxjavydzbbmjnap8p-wit-bindgen-0.57.1.crate
zeroize-1.9.0.crate /gnu/store/h0j34dvh0zbhalkviwkhwzfcnc1y25cq-zeroize-1.9.0.crate
