# tests/td-seed-tools.lock — the DECLARED guix-seed scaffolding tools the recipe
# rungs consume as lock inputs (ladder.rs BASE_TOOLS + the flex/bison/m4/python
# extras): the pinned root-of-trust userland that builds the bootstrap chain
# until td-built rungs replace it (#388). td-recipe-eval's tool_root resolves
# these FIRST (before tests/td-subst.lock and PATH); there is NO store scavenge —
# a tool absent here and off PATH fails loudly. The loop prelude binds each
# path's closure into the check sandbox read-only (per-item, never a store
# directory). Captured from the same resolution the chain cache was built
# against — changing a pin re-keys every dependent rung (a world rebuild).
bash /gnu/store/p5dap5q3wfdy0h3m31q5hbj3gpbkmrxv-bash-5.2.37
coreutils /gnu/store/bwfxzfsm742izbqrx63ica0jq0sbnmrp-coreutils-9.1
sed /gnu/store/w7cxnqm5g12jnn1nm86dapmc6l4k40aa-sed-4.9
grep /gnu/store/rd1ibqywq0d3jfxkhwak9aaamlpxm6q0-grep-3.11
gawk /gnu/store/s8kw668y4523vhym2qml74iz37hgkz5y-gawk-5.3.0
tar /gnu/store/vlx3kkamd502jahyyn03qq9dxa63h3cz-tar-1.35
gzip /gnu/store/ch4v61a0lw0f1hkm5adai5z42qpyf20k-gzip-1.14
bzip2 /gnu/store/3m35da59fr3wwdy0imzi2jg29jd6lhlz-bzip2-1.0.8
xz /gnu/store/h878s2cm65k45jpgg3ns53al5c58ig2c-xz-5.4.5
findutils /gnu/store/7md7ymkq12wy3nsw7if85ab480v2cdip-findutils-4.10.0
diffutils /gnu/store/kl5w7las1fz7xk1bkg0sg2cyy3ab4i3q-diffutils-3.12
flex /gnu/store/21a5w6ahmf8bsh3zsw36xpfs3fx23y2k-flex-2.6.4
bison /gnu/store/1sg79scj5gjbl3nm4kih5xvz1z4vn2a3-bison-3.8.2
m4 /gnu/store/0z45z1fnj449in4khd54rmj4zaddqr37-m4-1.4.19
make /gnu/store/mb7ahgjxkmx6766d7m984fxdpng5pnn3-make-4.4.1
python /gnu/store/pv50hmdxs15c32laa1vn03wkfl023wwk-python-3.11.14
