# td-ts-eval.lock — pinned inputs for building td-ts-eval (td's boa-based JS
# evaluator, ts-eval/, boa_engine 0.20) WITH its full dependency closure via
# `td-builder build-recipe` (buildSystem "rust"). GENERATED from ts-eval/Cargo.lock:
# every `*.crate` entry is a vendored dependency — a fixed-output fetch from
# static.crates.io (sha256 == its Cargo.lock checksum); no specification->package in
# the build path. The td-ts-eval SOURCE tree (ts-eval/) is interned at gate time by
# td's OWN recursive addToStore (tests/intern-src.sh), keyed `td-ts-eval-source`.
# The guix channel carries NO per-crate packages, so the build is guix-independent
# (the guix-built td-ts-eval is only the SEED that evaluates the recipe + the oracle).
# Regenerate the toolchain seed on a channel bump; regenerate the crate deps from
# ts-eval/Cargo.lock on a boa/dep bump (the gen-lock guile realizer, network prep).
# Toolchain seed (rustc + cargo + gcc-toolchain + coreutils + bash + tar + gzip):
kalrvf4si2s65g1ps7cw4gkz0q7lwryn-rust-1.93.0 /gnu/store/kalrvf4si2s65g1ps7cw4gkz0q7lwryn-rust-1.93.0
z7kjjjv2k1aniv8lndhb5q1p3639631q-rust-1.93.0-cargo /gnu/store/z7kjjjv2k1aniv8lndhb5q1p3639631q-rust-1.93.0-cargo
z78xpbjrl0g6238acy238fibgzckqgak-gcc-toolchain-15.2.0 /gnu/store/z78xpbjrl0g6238acy238fibgzckqgak-gcc-toolchain-15.2.0
bwfxzfsm742izbqrx63ica0jq0sbnmrp-coreutils-9.1 /gnu/store/bwfxzfsm742izbqrx63ica0jq0sbnmrp-coreutils-9.1
p5dap5q3wfdy0h3m31q5hbj3gpbkmrxv-bash-5.2.37 /gnu/store/p5dap5q3wfdy0h3m31q5hbj3gpbkmrxv-bash-5.2.37
vlx3kkamd502jahyyn03qq9dxa63h3cz-tar-1.35 /gnu/store/vlx3kkamd502jahyyn03qq9dxa63h3cz-tar-1.35
ch4v61a0lw0f1hkm5adai5z42qpyf20k-gzip-1.14 /gnu/store/ch4v61a0lw0f1hkm5adai5z42qpyf20k-gzip-1.14
# Vendored dependency closure (128 crates, static.crates.io):
allocator-api2-0.2.21.crate /gnu/store/izmjjy64kl66c4lq76rwin9g767ra1z4-allocator-api2-0.2.21.crate
arrayvec-0.7.6.crate /gnu/store/y42ygcsrbbpv30rxgv26626l7mhrhcix-arrayvec-0.7.6.crate
autocfg-1.5.1.crate /gnu/store/35qjdx64km9g8vjg8xlwbjzcijgjj863-autocfg-1.5.1.crate
bitflags-2.13.0.crate /gnu/store/38g1jkxvfwadzpl057l7pbzyk7hdkwkc-bitflags-2.13.0.crate
boa_ast-0.20.0.crate /gnu/store/vxqh5jal5ws3k6rhqxdqsbml9rzfla7l-boa_ast-0.20.0.crate
boa_engine-0.20.0.crate /gnu/store/4p2bab9ckblksiz5swhr3ql5487m78sb-boa_engine-0.20.0.crate
boa_gc-0.20.0.crate /gnu/store/xxd4jbx7xslss5zc1p56h9kbmk6mgcjb-boa_gc-0.20.0.crate
boa_interner-0.20.0.crate /gnu/store/dhgrx7zi4f66zlfb7d2a7677yv5dzjfs-boa_interner-0.20.0.crate
boa_macros-0.20.0.crate /gnu/store/v4i8z7hl1s0v0618xfzy0ia007b4fn2v-boa_macros-0.20.0.crate
boa_parser-0.20.0.crate /gnu/store/nrc7s4xbpq8332v5dn0pvm7yhp1lj940-boa_parser-0.20.0.crate
boa_profiler-0.20.0.crate /gnu/store/s8a7a1a3ml8zn8cy8c74s7gh0vjngxp6-boa_profiler-0.20.0.crate
boa_string-0.20.0.crate /gnu/store/jbs2bik5qkxra0w8ksc6xq71ayxchsp4-boa_string-0.20.0.crate
bumpalo-3.20.3.crate /gnu/store/q5whs16k1dgg8vd89n80477kbk5l66iy-bumpalo-3.20.3.crate
bytemuck-1.25.0.crate /gnu/store/hyzaidx1hf7bbnb18mwh1qy64fimm5g2-bytemuck-1.25.0.crate
bytemuck_derive-1.10.2.crate /gnu/store/qyimkvfjj8m929dr0bmd67h3hrrbjxk2-bytemuck_derive-1.10.2.crate
cfg-if-1.0.4.crate /gnu/store/3qkldk98fx04kxj7pp72ynmxvibrk63d-cfg-if-1.0.4.crate
crossbeam-utils-0.8.21.crate /gnu/store/xn9iq1pw7jqb685yj4say105c7ffgi2p-crossbeam-utils-0.8.21.crate
dashmap-6.2.1.crate /gnu/store/3ws56hnd0jpq464rfxd8wrxxvmhpmid7-dashmap-6.2.1.crate
deranged-0.5.8.crate /gnu/store/m1y2jd09gdb2k41fg31qrxls2a45k82d-deranged-0.5.8.crate
displaydoc-0.2.6.crate /gnu/store/ak9f8mj8rd4x2hpw1cc020bdk7fjz4g8-displaydoc-0.2.6.crate
either-1.16.0.crate /gnu/store/9jnacm0r4xzpr16l73yfyq867218f1pf-either-1.16.0.crate
equivalent-1.0.2.crate /gnu/store/i0lww8s18pixd50znab9dpqn59f5vlz4-equivalent-1.0.2.crate
fast-float2-0.2.3.crate /gnu/store/6snlg014vhfzz371zp63d8jqcqrjm542-fast-float2-0.2.3.crate
foldhash-0.1.5.crate /gnu/store/dhpg86r0hh8s6djixpwc62gkzbf7ipwg-foldhash-0.1.5.crate
foldhash-0.2.0.crate /gnu/store/lmbsf9ak9m5lb2i5rb01c21yab1nzbj2-foldhash-0.2.0.crate
futures-core-0.3.32.crate /gnu/store/h6fpgqf81zybndnis9q1fsnwarznvn0p-futures-core-0.3.32.crate
futures-task-0.3.32.crate /gnu/store/503202i136whrfjkdh3d4gcrgjcb7pj8-futures-task-0.3.32.crate
futures-util-0.3.32.crate /gnu/store/3g2kpyp86q3d3wqk2nv9rhy460mvqwdh-futures-util-0.3.32.crate
getrandom-0.2.17.crate /gnu/store/7dmx4r8h5d4js46bswsk41fx5ymiqc2w-getrandom-0.2.17.crate
hashbrown-0.14.5.crate /gnu/store/12q8cr0r1rhwagk6h349jld3lbxpvxpj-hashbrown-0.14.5.crate
hashbrown-0.15.5.crate /gnu/store/8ysfiz97llrhl07xx3i39hc8vgnd4nmc-hashbrown-0.15.5.crate
hashbrown-0.16.1.crate /gnu/store/4an95553sigrp3zfwqr4y9jp3acx0c9s-hashbrown-0.16.1.crate
hashbrown-0.17.1.crate /gnu/store/l3qqcqnpzjnw90f4zpbh09fnnfdv8xx0-hashbrown-0.17.1.crate
icu_collections-1.5.0.crate /gnu/store/7xi86kh91nm636pbqk7zyaq21j4dj0vc-icu_collections-1.5.0.crate
icu_locid-1.5.0.crate /gnu/store/lyws8qi1bzs5s75yz8ja09j4srpfqaly-icu_locid-1.5.0.crate
icu_locid_transform-1.5.0.crate /gnu/store/i0gfd4gd604akxza7dmylmcdjh3lcnh0-icu_locid_transform-1.5.0.crate
icu_locid_transform_data-1.5.1.crate /gnu/store/9agxvkd93b9sna8bh3hr3kk420041636-icu_locid_transform_data-1.5.1.crate
icu_normalizer-1.5.0.crate /gnu/store/rmzq325d3162h2pdx6ag7brs3zgaaha5-icu_normalizer-1.5.0.crate
icu_normalizer_data-1.5.1.crate /gnu/store/dpq09l5kcq7qrjgqir0bsiipzhiqazh4-icu_normalizer_data-1.5.1.crate
icu_properties-1.5.1.crate /gnu/store/5y70al5r79jjc807a6a2170bv3fqxclk-icu_properties-1.5.1.crate
icu_properties_data-1.5.1.crate /gnu/store/2szk5c8382y1ljmq75pw9vcgw6f17fdc-icu_properties_data-1.5.1.crate
icu_provider-1.5.0.crate /gnu/store/rj0sz356xgac4wfqwrbb881vzmm7w3f6-icu_provider-1.5.0.crate
icu_provider_macros-1.5.0.crate /gnu/store/rbckn18rhhd9z0ydz1ad0blr0rc0x80p-icu_provider_macros-1.5.0.crate
indexmap-2.14.0.crate /gnu/store/wvwmy8027ig84c6vgfcvl86z3s10xmwp-indexmap-2.14.0.crate
intrusive-collections-0.9.7.crate /gnu/store/kg6f9xsania0cd16lyw7c3l0vbkxx692-intrusive-collections-0.9.7.crate
itertools-0.13.0.crate /gnu/store/l1bydvmhj23ll56n40ycwbpxdw408sj7-itertools-0.13.0.crate
itoa-1.0.18.crate /gnu/store/0i2n04ghadj4lfjy4ynxgl8vdbrhdi1q-itoa-1.0.18.crate
js-sys-0.3.102.crate /gnu/store/q24yp7iqb0wqr21vj1lm75xn762gjrb8-js-sys-0.3.102.crate
libc-0.2.186.crate /gnu/store/6z23zikr51l5f1dv8ggwb1sas5c2pvk0-libc-0.2.186.crate
litemap-0.7.5.crate /gnu/store/8g05wbfh32pfbf0mnpakpd1dx1malhrz-litemap-0.7.5.crate
lock_api-0.4.14.crate /gnu/store/60n2lc3y41pfnlh4j7j8b3vdcrrm7b1x-lock_api-0.4.14.crate
memchr-2.8.2.crate /gnu/store/03a7631q1w5akvdpil3l7qnlgplsj41k-memchr-2.8.2.crate
memoffset-0.9.1.crate /gnu/store/2qzzca0in3xzhm6q91x57vxdngz14c43-memoffset-0.9.1.crate
num-bigint-0.4.6.crate /gnu/store/4qsgpy7j8viwwq3h96lnyrjrd4vla62g-num-bigint-0.4.6.crate
num-conv-0.2.2.crate /gnu/store/ksnhcrdgh4x6jwdj8wv25v5gs5wb6jjc-num-conv-0.2.2.crate
num_enum-0.7.6.crate /gnu/store/zx4gr0z89mdxbnbz1s9iz83ny2j91kbk-num_enum-0.7.6.crate
num_enum_derive-0.7.6.crate /gnu/store/4g6gf2k3qqmzp8fbyxwvjx9xisp52ngk-num_enum_derive-0.7.6.crate
num-integer-0.1.46.crate /gnu/store/7ih4yzhfv5h5rdin55pbr8s32shsxyfw-num-integer-0.1.46.crate
num_threads-0.1.7.crate /gnu/store/jkacfpa673f8gsvk9kxvhwjc73q85mf9-num_threads-0.1.7.crate
num-traits-0.2.19.crate /gnu/store/r3lj4j2lcpl8r72wryq6zr3wnmmrm6ms-num-traits-0.2.19.crate
once_cell-1.21.4.crate /gnu/store/pv264x1nj4xvz8nwlbn3ka0h8xdk4n4b-once_cell-1.21.4.crate
parking_lot_core-0.9.12.crate /gnu/store/6a79zihsf001hzshp0rxkkpagbh93rpj-parking_lot_core-0.9.12.crate
paste-1.0.15.crate /gnu/store/9d86l0qgz1k5972dzjbaid71gsnffzqj-paste-1.0.15.crate
phf-0.11.3.crate /gnu/store/5yhvjzb5by3l7981l8mx9byad60lxn2p-phf-0.11.3.crate
phf_generator-0.11.3.crate /gnu/store/8zfx5jxvag31dgzv3wqmf08q999n1dq4-phf_generator-0.11.3.crate
phf_macros-0.11.3.crate /gnu/store/dj3lnp67ww834jcqaf6lisb0izzkqqrj-phf_macros-0.11.3.crate
phf_shared-0.11.3.crate /gnu/store/d95plgbp68baffrlw5kh05v3cn81bly5-phf_shared-0.11.3.crate
pin-project-lite-0.2.17.crate /gnu/store/arjkj04g2qqd99n2qz7z1lngr2060d68-pin-project-lite-0.2.17.crate
pollster-0.4.0.crate /gnu/store/jla3jil9qbzslz8wj4c275r3zizhi9cq-pollster-0.4.0.crate
portable-atomic-1.13.1.crate /gnu/store/qha2yakkkhnpr2z11jf729kyhfw8l97z-portable-atomic-1.13.1.crate
powerfmt-0.2.0.crate /gnu/store/wp20j1zv0m8335ma222xjkpqi0rvbksx-powerfmt-0.2.0.crate
ppv-lite86-0.2.21.crate /gnu/store/7lqk09ycvs9z45pw3zk58sf60x9djdg5-ppv-lite86-0.2.21.crate
proc-macro2-1.0.106.crate /gnu/store/klw2pvqcrlici7n0rxvxidj12kd0fr8v-proc-macro2-1.0.106.crate
proc-macro-crate-3.5.0.crate /gnu/store/64ji6rqrsafij9affq8y19d1an9h6vh1-proc-macro-crate-3.5.0.crate
quote-1.0.45.crate /gnu/store/m3ssfwbs4hjb3q5wh22l1n3853chgvh0-quote-1.0.45.crate
rand-0.8.6.crate /gnu/store/z8x6dq7bwwzx0sc7wdzggg03afl09bxl-rand-0.8.6.crate
rand_chacha-0.3.1.crate /gnu/store/6k4q7y66chkppb0p5s5h7hjn2cvr4vq2-rand_chacha-0.3.1.crate
rand_core-0.6.4.crate /gnu/store/4xirdi2273zmjlwsi0mm1jsiyjcbjj34-rand_core-0.6.4.crate
redox_syscall-0.5.18.crate /gnu/store/jmhgin47r4izf0wah4bazcfkld25r0vv-redox_syscall-0.5.18.crate
regress-0.10.5.crate /gnu/store/vxfi5dydjp9d94s3bhyck046490jd74w-regress-0.10.5.crate
rustc-hash-2.1.2.crate /gnu/store/44a61v7skxn2j0ggrk2i861rpgslaid2-rustc-hash-2.1.2.crate
rustversion-1.0.22.crate /gnu/store/s86m5vkanskv695jzb2vlwvrg3qk7nyb-rustversion-1.0.22.crate
ryu-js-1.0.2.crate /gnu/store/21sl21jrynb7vf73vpvznf4i0jvyf5zd-ryu-js-1.0.2.crate
scopeguard-1.2.0.crate /gnu/store/2lh0qgjd94n90i8q3p62imqnmp03ppf9-scopeguard-1.2.0.crate
serde-1.0.228.crate /gnu/store/8p7dng2jrns0fln47aiv0imj1wna6fyc-serde-1.0.228.crate
serde_core-1.0.228.crate /gnu/store/iam1jbf61sldmn1zxvx3i2ibm68zgyfa-serde_core-1.0.228.crate
serde_derive-1.0.228.crate /gnu/store/39gbq3hzbnsnssbgb2q5blqds6irh1mc-serde_derive-1.0.228.crate
serde_json-1.0.150.crate /gnu/store/8lygf44h3z52wqxvy36kp53dj1cj2xif-serde_json-1.0.150.crate
siphasher-1.0.3.crate /gnu/store/c33gj69q9cpjkib7vy8kv2nifj6lqqly-siphasher-1.0.3.crate
slab-0.4.12.crate /gnu/store/gr4x0y9fggzygljqdan15rwik5xx9mir-slab-0.4.12.crate
smallvec-1.15.2.crate /gnu/store/055ms9779mkm36ssq9611hfg1grl7d7l-smallvec-1.15.2.crate
sptr-0.3.2.crate /gnu/store/sg7yllsnvyzx8kkymhqa2jn0lxxq10rc-sptr-0.3.2.crate
stable_deref_trait-1.2.1.crate /gnu/store/21p983904fkc3ayyhri90zi60fm5xnwb-stable_deref_trait-1.2.1.crate
static_assertions-1.1.0.crate /gnu/store/ygyq3p6hn0h9gfkwb5gfgr2iql4ih14x-static_assertions-1.1.0.crate
syn-2.0.117.crate /gnu/store/01v6gvahz1zvddww7acn9lls1f4720lv-syn-2.0.117.crate
synstructure-0.13.2.crate /gnu/store/akmwb1k5nzpv9c25p8b6q0dx42r0ji6j-synstructure-0.13.2.crate
tap-1.0.1.crate /gnu/store/w62dwjh3pi7vzvv2y69fsx5rg2951ri5-tap-1.0.1.crate
thin-vec-0.2.18.crate /gnu/store/jdxqvgxbbhi98ys75hq5gj3rfvnh96iy-thin-vec-0.2.18.crate
thiserror-2.0.18.crate /gnu/store/gf2c793vrmjd1bpkwxs3ypfyrzgzvryc-thiserror-2.0.18.crate
thiserror-impl-2.0.18.crate /gnu/store/ksnpzl525d3z8n2wdv2r90wnrq39ccia-thiserror-impl-2.0.18.crate
time-0.3.47.crate /gnu/store/6m821xa726whn7xr7pjvi42k56lwa9xf-time-0.3.47.crate
time-core-0.1.8.crate /gnu/store/kzbmf9l0k0r9s6f15z7i0q603s2kzcil-time-core-0.1.8.crate
time-macros-0.2.27.crate /gnu/store/gl4nnhd62kscprgkb4hrnlb5gzfdpv6m-time-macros-0.2.27.crate
tinystr-0.7.6.crate /gnu/store/zmxrxs921x00qzcmmcp6zvvp113hjygb-tinystr-0.7.6.crate
toml_datetime-1.1.1+spec-1.1.0.crate /gnu/store/51b9hwfarvy5vz243lmi5swsvy97n7n2-toml_datetime-1.1.1+spec-1.1.0.crate
toml_edit-0.25.12+spec-1.1.0.crate /gnu/store/s0g134v7a9515nmsim7xrni8hkflfw5a-toml_edit-0.25.12+spec-1.1.0.crate
toml_parser-1.1.2+spec-1.1.0.crate /gnu/store/29cv1kx4p33kj40lr0gww416in6li3sc-toml_parser-1.1.2+spec-1.1.0.crate
unicode-ident-1.0.24.crate /gnu/store/kd162djh3hq59zk00hlzkrsxvc2gkwlh-unicode-ident-1.0.24.crate
utf16_iter-1.0.5.crate /gnu/store/i38p60g45pcrx133sk59p6pva6ycwd20-utf16_iter-1.0.5.crate
utf8_iter-1.0.4.crate /gnu/store/48v86aqicmdmpwgznf2dfxkf8b1vxl4w-utf8_iter-1.0.4.crate
wasi-0.11.1+wasi-snapshot-preview1.crate /gnu/store/pzgrwdgywqd6ckc5gxv60igq5d7js4kk-wasi-0.11.1+wasi-snapshot-preview1.crate
wasm-bindgen-0.2.125.crate /gnu/store/8j4jhprpsdlp4627xn98v3a6y0k586qh-wasm-bindgen-0.2.125.crate
wasm-bindgen-macro-0.2.125.crate /gnu/store/11ym4dq8xr87dxjdjvfq4vw4clwaq79r-wasm-bindgen-macro-0.2.125.crate
wasm-bindgen-macro-support-0.2.125.crate /gnu/store/0svxj1zyg1p27nfrfyq33pnmcq5h0a8h-wasm-bindgen-macro-support-0.2.125.crate
wasm-bindgen-shared-0.2.125.crate /gnu/store/cfi28v20ws5rsmg93c54nvn886d09z7n-wasm-bindgen-shared-0.2.125.crate
windows-link-0.2.1.crate /gnu/store/3jj3c5wb8ahnkszdz42xdc6brm2033l1-windows-link-0.2.1.crate
winnow-1.0.3.crate /gnu/store/8s54g3fflfn9gpvaz5h026zndfwwwf2b-winnow-1.0.3.crate
write16-1.0.0.crate /gnu/store/f7rlc27m5nvzi1sw170krz18pfj1chlb-write16-1.0.0.crate
writeable-0.5.5.crate /gnu/store/7ni4givh77kga7xzfgyfn9fnnd7xnz2g-writeable-0.5.5.crate
yoke-0.7.5.crate /gnu/store/jis7pq2s3wxr1x8vxj1pqhk1i2jrswn0-yoke-0.7.5.crate
yoke-derive-0.7.5.crate /gnu/store/qy3wqyyasdsxkm4q7zwab37zpm8zlszp-yoke-derive-0.7.5.crate
zerocopy-0.8.52.crate /gnu/store/86pixd19fmhv271gax3pk5vmdih2ljrw-zerocopy-0.8.52.crate
zerocopy-derive-0.8.52.crate /gnu/store/4z734f0spbx6a0nfzkzlqv977mi0p3x3-zerocopy-derive-0.8.52.crate
zerofrom-0.1.8.crate /gnu/store/7rya4zhb4rn1qwnlrzlsh210xrfdhix1-zerofrom-0.1.8.crate
zerofrom-derive-0.1.7.crate /gnu/store/1sncfsa58bdkgrqzyq8xxy2c9kjryynf-zerofrom-derive-0.1.7.crate
zerovec-0.10.4.crate /gnu/store/sac2qmn7b6skghaczb7hh2mhb5dklj4c-zerovec-0.10.4.crate
zerovec-derive-0.10.3.crate /gnu/store/hg652605gmfhzb0s7mr8937yrl3ajfkn-zerovec-derive-0.10.3.crate
zmij-1.0.21.crate /gnu/store/cn5flb8vwir9phmlca04a1mw73xlsd4m-zmij-1.0.21.crate
