# td-vendor-demo.lock — pinned inputs for building the td-vendor-demo crate WITH
# dependencies via `td-builder build-recipe` (buildSystem "rust"). No
# specification->package in the build path. Regenerate the toolchain seed on a
# channel bump. Two kinds of entry beyond the seed:
#   *.crate            — a vendored Rust dependency (Cargo.lock-pinned), fetched
#                        fixed-output from static.crates.io (sha256 == its
#                        Cargo.lock checksum). build-recipe routes these to
#                        TD_VENDOR_CRATES; run_rust assembles the cargo vendor dir.
#   td-vendor-demo-source — the crate tree, interned at gate time (appended), since
#                        it is the live tests/vendor-demo source.
# Toolchain seed (rustc + cargo + gcc-toolchain + coreutils + bash + tar + gzip):
kalrvf4si2s65g1ps7cw4gkz0q7lwryn-rust-1.93.0 /gnu/store/kalrvf4si2s65g1ps7cw4gkz0q7lwryn-rust-1.93.0
z7kjjjv2k1aniv8lndhb5q1p3639631q-rust-1.93.0-cargo /gnu/store/z7kjjjv2k1aniv8lndhb5q1p3639631q-rust-1.93.0-cargo
z78xpbjrl0g6238acy238fibgzckqgak-gcc-toolchain-15.2.0 /gnu/store/z78xpbjrl0g6238acy238fibgzckqgak-gcc-toolchain-15.2.0
bwfxzfsm742izbqrx63ica0jq0sbnmrp-coreutils-9.1 /gnu/store/bwfxzfsm742izbqrx63ica0jq0sbnmrp-coreutils-9.1
p5dap5q3wfdy0h3m31q5hbj3gpbkmrxv-bash-5.2.37 /gnu/store/p5dap5q3wfdy0h3m31q5hbj3gpbkmrxv-bash-5.2.37
vlx3kkamd502jahyyn03qq9dxa63h3cz-tar-1.35 /gnu/store/vlx3kkamd502jahyyn03qq9dxa63h3cz-tar-1.35
ch4v61a0lw0f1hkm5adai5z42qpyf20k-gzip-1.14 /gnu/store/ch4v61a0lw0f1hkm5adai5z42qpyf20k-gzip-1.14
# Vendored dependencies (static.crates.io fixed-output fetches; Cargo.lock-pinned):
itoa-1.0.18.crate /gnu/store/0i2n04ghadj4lfjy4ynxgl8vdbrhdi1q-itoa-1.0.18.crate
ryu-1.0.23.crate /gnu/store/3hhzjj1r1w75jf6gjmi1j0ipi10xv8pa-ryu-1.0.23.crate
