# uutils-coreutils.lock — pinned inputs for building the FULL uutils coreutils
# MULTICALL binary (crate `coreutils` 0.9.0, binary `coreutils`, default feature
# feat_common_core) WITH its full dependency closure via `td-builder build-recipe`
# (buildSystem "rust", recipe-uutils.ts). GENERATED from coreutils' shipped Cargo.lock:
# the `uutils-source` entry is the upstream `coreutils` crate tarball; every `*.crate`
# entry is a vendored dependency (all the uu_* members + shared deps). All are
# fixed-output fetches from static.crates.io (sha256 == Cargo.lock checksum); no
# specification->package in the build path. The guix channel carries NO per-crate
# packages, so this is fully guix-independent. Regenerate the toolchain seed on a
# channel bump; regenerate the deps from coreutils' Cargo.lock on a version bump.
# Toolchain seed (rustc + cargo + gcc-toolchain + coreutils + bash + tar + gzip):
kalrvf4si2s65g1ps7cw4gkz0q7lwryn-rust-1.93.0 /gnu/store/kalrvf4si2s65g1ps7cw4gkz0q7lwryn-rust-1.93.0
z7kjjjv2k1aniv8lndhb5q1p3639631q-rust-1.93.0-cargo /gnu/store/z7kjjjv2k1aniv8lndhb5q1p3639631q-rust-1.93.0-cargo
z78xpbjrl0g6238acy238fibgzckqgak-gcc-toolchain-15.2.0 /gnu/store/z78xpbjrl0g6238acy238fibgzckqgak-gcc-toolchain-15.2.0
bwfxzfsm742izbqrx63ica0jq0sbnmrp-coreutils-9.1 /gnu/store/bwfxzfsm742izbqrx63ica0jq0sbnmrp-coreutils-9.1
p5dap5q3wfdy0h3m31q5hbj3gpbkmrxv-bash-5.2.37 /gnu/store/p5dap5q3wfdy0h3m31q5hbj3gpbkmrxv-bash-5.2.37
vlx3kkamd502jahyyn03qq9dxa63h3cz-tar-1.35 /gnu/store/vlx3kkamd502jahyyn03qq9dxa63h3cz-tar-1.35
ch4v61a0lw0f1hkm5adai5z42qpyf20k-gzip-1.14 /gnu/store/ch4v61a0lw0f1hkm5adai5z42qpyf20k-gzip-1.14
# Source (coreutils crate tarball) + vendored dependency closure (static.crates.io):
uutils-source /gnu/store/jqwcr5h7dmzw75ilfal8h5v72cjsjmm2-coreutils-0.9.0.crate
adler2-2.0.1.crate /gnu/store/dikyd6abcmxwqiail913a4pd5srgyk9g-adler2-2.0.1.crate
aho-corasick-1.1.4.crate /gnu/store/4c53hry3ln75d6rp82gq84ajlshckyh4-aho-corasick-1.1.4.crate
allocator-api2-0.2.21.crate /gnu/store/izmjjy64kl66c4lq76rwin9g767ra1z4-allocator-api2-0.2.21.crate
android_system_properties-0.1.5.crate /gnu/store/8vzvhgf98aphw3n85sihl9a8b59cyrja-android_system_properties-0.1.5.crate
ansi-width-0.1.0.crate /gnu/store/v05v3mwar3d5dqsy5zgcbmlsm1gcrnc9-ansi-width-0.1.0.crate
anstream-1.0.0.crate /gnu/store/awkli7af7h5sxbribzm11ijpaynwwdpi-anstream-1.0.0.crate
anstyle-1.0.14.crate /gnu/store/y7a0ld0690qk6d1w95qv534kl1vz7j7z-anstyle-1.0.14.crate
anstyle-parse-1.0.0.crate /gnu/store/sf0xljp9j6b4mifdfa9qnlvpf2zm5z4b-anstyle-parse-1.0.0.crate
anstyle-query-1.1.5.crate /gnu/store/whfin4jpd80519psy14s0yd5vvqh0fr0-anstyle-query-1.1.5.crate
anstyle-wincon-3.0.11.crate /gnu/store/403j4ardqcrg7brmjvnk3j10nz5qibf3-anstyle-wincon-3.0.11.crate
anyhow-1.0.102.crate /gnu/store/5z0y78dxsibx1p4hbxpawc2ry1kl8sz1-anyhow-1.0.102.crate
arrayref-0.3.9.crate /gnu/store/d41glkm04pmx52vc0nmas0gqiizw2jj9-arrayref-0.3.9.crate
arrayvec-0.7.6.crate /gnu/store/y42ygcsrbbpv30rxgv26626l7mhrhcix-arrayvec-0.7.6.crate
autocfg-1.5.0.crate /gnu/store/g0m7y7hg427imgryd24qz0iwaw0mcxkn-autocfg-1.5.0.crate
base64-simd-0.8.0.crate /gnu/store/2l0amj8jzqfz683n6dvn22a3sj967hbn-base64-simd-0.8.0.crate
bigdecimal-0.4.10.crate /gnu/store/2kls0i0i66rhvzk6fhy8c8flvk97azk5-bigdecimal-0.4.10.crate
binary-heap-plus-0.5.0.crate /gnu/store/46h2ldjkkpmizb9q0q822xby7cbb6r1s-binary-heap-plus-0.5.0.crate
bindgen-0.72.1.crate /gnu/store/j7ja1zn74n81xawdkkn00nxbfc600cj1-bindgen-0.72.1.crate
bitflags-2.11.1.crate /gnu/store/57aa30wnjqxk2x0dz3cafqyq7gk4hyfv-bitflags-2.11.1.crate
bitvec-1.0.1.crate /gnu/store/kfhdz0jmh7lbnm9lqbrsxwzg77y7kg0y-bitvec-1.0.1.crate
blake2b_simd-1.0.4.crate /gnu/store/ray5izhf0avr5v25x7gvz663igk1n34r-blake2b_simd-1.0.4.crate
blake3-1.8.5.crate /gnu/store/xnp11q6gpr7x8gd9nl3mi5y6msqg4a8k-blake3-1.8.5.crate
block2-0.6.2.crate /gnu/store/87iaqmk468h3nw25hdfbz8ng0b9vzbm3-block2-0.6.2.crate
block-buffer-0.12.0.crate /gnu/store/fnb7v1ipf10cvhhdf3kzc8n9skikcfc4-block-buffer-0.12.0.crate
bstr-1.12.1.crate /gnu/store/9fi1r16vm4v0xlgrjz6x35g51za7r98h-bstr-1.12.1.crate
bumpalo-3.20.2.crate /gnu/store/02jqqzx39cmglhkp81yjgdbb07gc9xf1-bumpalo-3.20.2.crate
bytecount-0.6.9.crate /gnu/store/3ivin3af29q0ixrc30m7jbriwszwy1rf-bytecount-0.6.9.crate
byteorder-1.5.0.crate /gnu/store/k67mcfsd155y8dibv4v966yjf2jg6hh3-byteorder-1.5.0.crate
calendrical_calculations-0.2.4.crate /gnu/store/5wrwkjwhch75yh635m65hjpg0d68x8xr-calendrical_calculations-0.2.4.crate
cc-1.2.59.crate /gnu/store/xkcv2gw8982mlcdra5867gjgsaxcidq0-cc-1.2.59.crate
cexpr-0.6.0.crate /gnu/store/fn9h84ji1591hm1n6bbrs13yc4ybzb0b-cexpr-0.6.0.crate
cfg_aliases-0.2.1.crate /gnu/store/c6a2b2mgc0gazbsljv90wv4b3126rhap-cfg_aliases-0.2.1.crate
cfg-if-1.0.4.crate /gnu/store/3qkldk98fx04kxj7pp72ynmxvibrk63d-cfg-if-1.0.4.crate
chacha20-0.10.0.crate /gnu/store/mm3hf3i4dsdn6ns9cpglsmjzwqr1yxdv-chacha20-0.10.0.crate
chrono-0.4.44.crate /gnu/store/9r3g67w2yc7lyfb8gwq1fhgawrrzhirp-chrono-0.4.44.crate
clang-sys-1.8.1.crate /gnu/store/3fljr0cl1pcccs7jjray5241354543yc-clang-sys-1.8.1.crate
clap-4.6.1.crate /gnu/store/35zkfynk9k9kbsdbg66is1pkw39lr193-clap-4.6.1.crate
clap_builder-4.6.0.crate /gnu/store/8q7izm71syxfqjl2hqxpsgd35yssy9iv-clap_builder-4.6.0.crate
clap_complete-4.6.5.crate /gnu/store/fxjdz171w4qg19s5zzbzh01lynz3w9l3-clap_complete-4.6.5.crate
clap_lex-1.1.0.crate /gnu/store/c7rqvix0am4la17ws2ba9mh0900mw02r-clap_lex-1.1.0.crate
clap_mangen-0.3.0.crate /gnu/store/aikfhgwa7hkr4wz1d62nzq4vjklrvnh6-clap_mangen-0.3.0.crate
colorchoice-1.0.5.crate /gnu/store/b6sh21a4bq57l65x987l9dkg4r54lcis-colorchoice-1.0.5.crate
compare-0.1.0.crate /gnu/store/783rcasdvidvpgp002i8vmz1mgzrc77y-compare-0.1.0.crate
console-0.16.3.crate /gnu/store/bfpqfrf7rwrnaz5l0d7j4jylakwf2hp4-console-0.16.3.crate
constant_time_eq-0.4.2.crate /gnu/store/54i5n98m3jk9dw40n4rkxzjms1z0z1bg-constant_time_eq-0.4.2.crate
const-oid-0.10.2.crate /gnu/store/bfdqv9hc5zd4q3gp8pgxfav48gna9d53-const-oid-0.10.2.crate
const-random-0.1.18.crate /gnu/store/9d5807qrnx60w81b9dadpv98vkh2lfwy-const-random-0.1.18.crate
const-random-macro-0.1.16.crate /gnu/store/fb50bjv3hsbs6xn5lkxrsp6sns9lhdw2-const-random-macro-0.1.16.crate
core-foundation-sys-0.8.7.crate /gnu/store/2aj6mpkvhx6v38pkg79fwslchnslxr90-core-foundation-sys-0.8.7.crate
core_maths-0.1.1.crate /gnu/store/qp34zb3bnp2yhzfys7wslq5i17p2p64r-core_maths-0.1.1.crate
cpufeatures-0.3.0.crate /gnu/store/wayyvjisxh45gsw6w232r7l7yndjf97h-cpufeatures-0.3.0.crate
crc32fast-1.5.0.crate /gnu/store/y77nr0vz7mgmyxxrnls4k9c9g3nk3zmd-crc32fast-1.5.0.crate
crc-3.3.0.crate /gnu/store/vqpi15a3w36fvnbrsp29dvvbdcllns8z-crc-3.3.0.crate
crc-catalog-2.5.0.crate /gnu/store/q749x0iaazz66459db6nsh2vsd0dlgyx-crc-catalog-2.5.0.crate
crc-fast-1.9.0.crate /gnu/store/f9zamnyrg17xzcr1y5z5vk4c7jp055kg-crc-fast-1.9.0.crate
crossbeam-deque-0.8.6.crate /gnu/store/8a170jfqzc7f4bzz5q2pcjg6cp1cwklv-crossbeam-deque-0.8.6.crate
crossbeam-epoch-0.9.18.crate /gnu/store/9zf4wyvq3jv66p5g66iga4g93rd138ix-crossbeam-epoch-0.9.18.crate
crossbeam-utils-0.8.21.crate /gnu/store/xn9iq1pw7jqb685yj4say105c7ffgi2p-crossbeam-utils-0.8.21.crate
crossterm-0.29.0.crate /gnu/store/km0d231knmh7d00k18dgpc4ks96cn31i-crossterm-0.29.0.crate
crossterm_winapi-0.9.1.crate /gnu/store/76hw6qj1vbnih75djzgvv9qnqdcydslp-crossterm_winapi-0.9.1.crate
crunchy-0.2.4.crate /gnu/store/3h24aq3gvlvnhcn4mnnxs7mgpz1ycpyf-crunchy-0.2.4.crate
crypto-common-0.1.7.crate /gnu/store/vsgz8xqrmsp8kq4b6fgivpxkwd731pgy-crypto-common-0.1.7.crate
crypto-common-0.2.1.crate /gnu/store/ni6k68vlp2s4zbwl4hfrvvq5y9y4h9pv-crypto-common-0.2.1.crate
ctor-1.0.7.crate /gnu/store/63p90fk1whh9dz10bpmfwy9zhzq5s8h8-ctor-1.0.7.crate
ctrlc-3.5.2.crate /gnu/store/vlip3z3k4bv0jyqjxqkh7rqlamg69p8w-ctrlc-3.5.2.crate
data-encoding-2.11.0.crate /gnu/store/bsz58ifcb7y3r74sjcr244z0qxbiwrkh-data-encoding-2.11.0.crate
data-encoding-macro-0.1.20.crate /gnu/store/38q5c37f9xr542irmf6s8dfkqmww1apy-data-encoding-macro-0.1.20.crate
data-encoding-macro-internal-0.1.18.crate /gnu/store/crplg6zik4fbpcy8bf89c675cgrz6aic-data-encoding-macro-internal-0.1.18.crate
deranged-0.5.8.crate /gnu/store/m1y2jd09gdb2k41fg31qrxls2a45k82d-deranged-0.5.8.crate
diff-0.1.13.crate /gnu/store/b5vdnrlzwvc0khca66ci0sbg5qcxl188-diff-0.1.13.crate
digest-0.10.7.crate /gnu/store/mq4h6yzn79r00fd53zv324zcml4ai8kv-digest-0.10.7.crate
digest-0.11.3.crate /gnu/store/xchqqfyh8mh6h2ldga3w642ncm4118kj-digest-0.11.3.crate
dispatch2-0.3.1.crate /gnu/store/w9wldvc2n9fh32p7g4zddhx1w8bsg11z-dispatch2-0.3.1.crate
displaydoc-0.2.5.crate /gnu/store/s3qhjc3v0crib0ci0ipfq49k3xlmy6m0-displaydoc-0.2.5.crate
dlv-list-0.5.2.crate /gnu/store/by2hz0sd57qxrvgx5x6jcc6rh00dxzd6-dlv-list-0.5.2.crate
dns-lookup-3.0.1.crate /gnu/store/axp2fgxfimysq9dl7yifg5liygyby155-dns-lookup-3.0.1.crate
document-features-0.2.12.crate /gnu/store/sd06h7nsix46hn8849g4sli3jx2j7c42-document-features-0.2.12.crate
dunce-1.0.5.crate /gnu/store/l8gjpxwfz92f25vmc7a9300rq4xnl9dk-dunce-1.0.5.crate
either-1.15.0.crate /gnu/store/rqfn5k6dvgidqaghypwis1iyxh2v1mad-either-1.15.0.crate
encode_unicode-1.0.0.crate /gnu/store/93c3w60pacj4ccjycqc5rmrgsln7v79r-encode_unicode-1.0.0.crate
equivalent-1.0.2.crate /gnu/store/i0lww8s18pixd50znab9dpqn59f5vlz4-equivalent-1.0.2.crate
errno-0.3.14.crate /gnu/store/8hbs0pxm2jc272z7z4l23dqq76hnlc1x-errno-0.3.14.crate
exacl-0.13.0.crate /gnu/store/vw92q745zbyxvhgnaxr39jszb07yypnx-exacl-0.13.0.crate
fastrand-2.4.1.crate /gnu/store/x1n61dvq0ahd2333a59gvrc8jhi44kcr-fastrand-2.4.1.crate
filedescriptor-0.8.3.crate /gnu/store/dk02zsvg0kn4rzba7y01d2f7h87z8y7j-filedescriptor-0.8.3.crate
file_diff-1.0.0.crate /gnu/store/pc8xisp80jajbaqzxhbiwy145sxvmy27-file_diff-1.0.0.crate
filetime-0.2.29.crate /gnu/store/3f504kig3b0kk1c3ds8y4g2vm7xr9ffl-filetime-0.2.29.crate
find-msvc-tools-0.1.9.crate /gnu/store/kdrkkakcjbmrjxja9rjz8gsmzpn2q445-find-msvc-tools-0.1.9.crate
fixed_decimal-0.7.2.crate /gnu/store/0hs7f8qrbhwagl4ffkj443y31pkad39v-fixed_decimal-0.7.2.crate
flate2-1.1.9.crate /gnu/store/368wgqb0nvyrxy0wj4rwv6zz25k03lsf-flate2-1.1.9.crate
fluent-0.17.0.crate /gnu/store/2fy23l8y5d5rxiqbi03ypgbbq9x36z7w-fluent-0.17.0.crate
fluent-bundle-0.16.0.crate /gnu/store/l2af2nxr5vqykb35l15bdpqs9ri18b1s-fluent-bundle-0.16.0.crate
fluent-langneg-0.13.1.crate /gnu/store/shg393k31rn7c8fhllsjcqizs6b3x0bi-fluent-langneg-0.13.1.crate
fluent-syntax-0.12.0.crate /gnu/store/943gp6g6pl3xs9fl583gqwi309f75dpk-fluent-syntax-0.12.0.crate
foldhash-0.1.5.crate /gnu/store/dhpg86r0hh8s6djixpwc62gkzbf7ipwg-foldhash-0.1.5.crate
foldhash-0.2.0.crate /gnu/store/lmbsf9ak9m5lb2i5rb01c21yab1nzbj2-foldhash-0.2.0.crate
fsevent-sys-4.1.0.crate /gnu/store/v2bnwzcqa2kgp12r2kj3mczvhc8bdsnr-fsevent-sys-4.1.0.crate
fs_extra-1.3.0.crate /gnu/store/ngm5k9v89nvcv4gziibhnc7b9yc7j5s6-fs_extra-1.3.0.crate
fts-sys-0.2.17.crate /gnu/store/4cdkgb538731z93v57xc2dh4wf0xqs45-fts-sys-0.2.17.crate
funty-2.0.0.crate /gnu/store/361ln0r65gkldxikpaxgrz5mz6nglllh-funty-2.0.0.crate
futures-core-0.3.32.crate /gnu/store/h6fpgqf81zybndnis9q1fsnwarznvn0p-futures-core-0.3.32.crate
futures-macro-0.3.32.crate /gnu/store/lcp0qg8i7v6w9daz4qwbjwyg35lrl1pn-futures-macro-0.3.32.crate
futures-task-0.3.32.crate /gnu/store/503202i136whrfjkdh3d4gcrgjcb7pj8-futures-task-0.3.32.crate
futures-timer-3.0.3.crate /gnu/store/dd8i9qpdw9672rd6ivb5i3ywx302mw60-futures-timer-3.0.3.crate
futures-util-0.3.32.crate /gnu/store/3g2kpyp86q3d3wqk2nv9rhy460mvqwdh-futures-util-0.3.32.crate
gcd-2.3.0.crate /gnu/store/lx8xvgd4i1p3h6lp5c8n25yiyvxsh7g6-gcd-2.3.0.crate
generic-array-0.14.7.crate /gnu/store/8agqx6gkpanyp70sk2g52slq10jd77nx-generic-array-0.14.7.crate
getrandom-0.2.17.crate /gnu/store/7dmx4r8h5d4js46bswsk41fx5ymiqc2w-getrandom-0.2.17.crate
getrandom-0.4.2.crate /gnu/store/lqsw8p1xps9rfjiqhw75zvmvzn4z1lfg-getrandom-0.4.2.crate
glob-0.3.3.crate /gnu/store/3kfm3jfzsvc0fq7jyf22wnyxg49r41f7-glob-0.3.3.crate
half-2.7.1.crate /gnu/store/fja2ayjdlf6fsrdhf96ihkf5hq9fd0hd-half-2.7.1.crate
hashbrown-0.14.5.crate /gnu/store/12q8cr0r1rhwagk6h349jld3lbxpvxpj-hashbrown-0.14.5.crate
hashbrown-0.15.5.crate /gnu/store/8ysfiz97llrhl07xx3i39hc8vgnd4nmc-hashbrown-0.15.5.crate
hashbrown-0.16.1.crate /gnu/store/4an95553sigrp3zfwqr4y9jp3acx0c9s-hashbrown-0.16.1.crate
heck-0.5.0.crate /gnu/store/v2fbsphdk3hx22pba2c67vndch9170yk-heck-0.5.0.crate
hex-0.4.3.crate /gnu/store/ja2g834szjh1rrnb330abcbdy0idfs1r-hex-0.4.3.crate
hex-literal-1.1.0.crate /gnu/store/35dry1h29h0zarzy6yvhmp3yzidhlj86-hex-literal-1.1.0.crate
hostname-0.4.2.crate /gnu/store/pp1h6vsjzig09l1jkmshwbzcp1fcv7mn-hostname-0.4.2.crate
hybrid-array-0.4.10.crate /gnu/store/1mj1zifyd647ziqf6kynxz31bj6ky8qw-hybrid-array-0.4.10.crate
iana-time-zone-0.1.65.crate /gnu/store/5l07r2q8z3i4h37zha7bm33jw28rij9c-iana-time-zone-0.1.65.crate
iana-time-zone-haiku-0.1.2.crate /gnu/store/g5q9yz5cgn5s31v8abkrn5vwryc1y8dv-iana-time-zone-haiku-0.1.2.crate
icu_calendar-2.2.1.crate /gnu/store/a0hjbxgppfi4waqadaap3pqcrhs01acn-icu_calendar-2.2.1.crate
icu_calendar_data-2.2.0.crate /gnu/store/sgiis98iy6wi06yqyx5gb0zi0zgkg793-icu_calendar_data-2.2.0.crate
icu_collator-2.2.0.crate /gnu/store/hs82dbx6bi7lwrkq02gr2gvd992zxylc-icu_collator-2.2.0.crate
icu_collator_data-2.2.0.crate /gnu/store/nygc9ilxpzqyjzxb5hhzxfwpc1qi4ja5-icu_collator_data-2.2.0.crate
icu_collections-2.2.0.crate /gnu/store/9rgg21bifw4dy6zhr6npxdk6rd66qp3n-icu_collections-2.2.0.crate
icu_datetime-2.2.0.crate /gnu/store/jb3gqyi1agvy43208qsfyr3z1l9k7xdr-icu_datetime-2.2.0.crate
icu_datetime_data-2.2.0.crate /gnu/store/r2z3g67c1fzw1q1g31nxv3mj2457in4m-icu_datetime_data-2.2.0.crate
icu_decimal-2.2.0.crate /gnu/store/n90a0ra34s9ja779l4ra1fmqhm2qy08d-icu_decimal-2.2.0.crate
icu_decimal_data-2.2.0.crate /gnu/store/mhcc8npnb939gg6jaqrnbvl34xhplqb6-icu_decimal_data-2.2.0.crate
icu_locale-2.2.0.crate /gnu/store/j2qlzmmm48mzciv6g7yvihxfl9hfh43k-icu_locale-2.2.0.crate
icu_locale_core-2.2.0.crate /gnu/store/14xidwn2rd0lmww7z90zpgg5hm3xqmg5-icu_locale_core-2.2.0.crate
icu_locale_data-2.2.0.crate /gnu/store/yd8p4r7dhr7jsm99nx0c91qh80a53z0i-icu_locale_data-2.2.0.crate
icu_normalizer-2.2.0.crate /gnu/store/8v4vvk5gpz2lfjfzb4qillfp8apbwq1j-icu_normalizer-2.2.0.crate
icu_normalizer_data-2.2.0.crate /gnu/store/2bn610v21kc9pkxcwz0wljfcf892j0f4-icu_normalizer_data-2.2.0.crate
icu_pattern-0.4.2.crate /gnu/store/qk1nyd7lpf0mq68schqg4x69wipw8992-icu_pattern-0.4.2.crate
icu_plurals-2.2.0.crate /gnu/store/0mxg3abh46fgfmmj3xin9d2xwpp225gi-icu_plurals-2.2.0.crate
icu_plurals_data-2.2.0.crate /gnu/store/rn05hz6qibpfxr0sf0w2hd3y7smv6rr4-icu_plurals_data-2.2.0.crate
icu_properties-2.2.0.crate /gnu/store/j1zpjdg34ykw08an0y7xdqn6h9475x8k-icu_properties-2.2.0.crate
icu_properties_data-2.2.0.crate /gnu/store/jlry002813p2j2c5icznq76nw4q1df1y-icu_properties_data-2.2.0.crate
icu_provider-2.2.0.crate /gnu/store/y2z20wjlfv5k3kgj2lym9wdqza8h4w8q-icu_provider-2.2.0.crate
icu_time-2.2.0.crate /gnu/store/z72cbcs7xg0lqws85lcs2ixcyvl3gcsy-icu_time-2.2.0.crate
icu_time_data-2.2.0.crate /gnu/store/54l77gri98c7pa4j52bqhby24b475wxv-icu_time_data-2.2.0.crate
id-arena-2.3.0.crate /gnu/store/dxh7k8d2w6b6lyc3cya4fjmb0gbp3wnx-id-arena-2.3.0.crate
indexmap-2.13.1.crate /gnu/store/p9nr3r2za6gda2f81phhznkbp9vy7cr9-indexmap-2.13.1.crate
indicatif-0.18.4.crate /gnu/store/62rjkjwv80dx2pihqp1cwzsa6j80fazr-indicatif-0.18.4.crate
inotify-0.11.1.crate /gnu/store/qhb545pq00jn8bpfxrlr419xynvf03ap-inotify-0.11.1.crate
inotify-sys-0.1.5.crate /gnu/store/8k6gyrb298jlh4iwkiqs472qc3c6grm2-inotify-sys-0.1.5.crate
intl-memoizer-0.5.3.crate /gnu/store/cqwcpbsvlrydvnml9i5xi24p4qp67ybq-intl-memoizer-0.5.3.crate
intl_pluralrules-7.0.2.crate /gnu/store/wznri55g3l6vymvfszhsn45i61qix9y3-intl_pluralrules-7.0.2.crate
is_terminal_polyfill-1.70.2.crate /gnu/store/2g23xhbxzm0qlpbq9lhi8v9wg7h6varf-is_terminal_polyfill-1.70.2.crate
itertools-0.13.0.crate /gnu/store/l1bydvmhj23ll56n40ycwbpxdw408sj7-itertools-0.13.0.crate
itertools-0.14.0.crate /gnu/store/yv1xm687qdxicv7mdd04y1wx6xpgjp6m-itertools-0.14.0.crate
itoa-1.0.18.crate /gnu/store/0i2n04ghadj4lfjy4ynxgl8vdbrhdi1q-itoa-1.0.18.crate
jiff-0.2.28.crate /gnu/store/nqxf01sc53nd5zpwwrywmkcx1f2ra5am-jiff-0.2.28.crate
jiff-icu-0.2.2.crate /gnu/store/753p6ndymghxi5zl8rh5brifzmfinq51-jiff-icu-0.2.2.crate
jiff-static-0.2.28.crate /gnu/store/1agjmgc3hym0irvd21vbqqw2fb15l18p-jiff-static-0.2.28.crate
jiff-tzdb-0.1.6.crate /gnu/store/83szsx1yqqjpxafyangw3wg9jsqvv2dl-jiff-tzdb-0.1.6.crate
jiff-tzdb-platform-0.1.3.crate /gnu/store/4h3jk7xwfr7gyg97qswcq5clwbchvnd9-jiff-tzdb-platform-0.1.3.crate
js-sys-0.3.94.crate /gnu/store/53hfax0l5yc2kid25vwi85wgaqfhqcy0-js-sys-0.3.94.crate
keccak-0.2.0.crate /gnu/store/9q9i4f99c6k59vk7cj4qqk0v1wpwxxqy-keccak-0.2.0.crate
kqueue-1.1.1.crate /gnu/store/xx3pf5qb84q5kr2f7gvjzsydrmx917db-kqueue-1.1.1.crate
kqueue-sys-1.1.0.crate /gnu/store/j223lfziaw301agjvxk5lblv5lszgqbi-kqueue-sys-1.1.0.crate
leb128fmt-0.1.0.crate /gnu/store/584dx6mxzzmdx78nfwgpx71cmpylh724-leb128fmt-0.1.0.crate
libc-0.2.186.crate /gnu/store/6z23zikr51l5f1dv8ggwb1sas5c2pvk0-libc-0.2.186.crate
libloading-0.8.9.crate /gnu/store/6av3jn2zzzmgvskzv88869p71aznxa7z-libloading-0.8.9.crate
libm-0.2.16.crate /gnu/store/hih0h85k8mrm17rq28jl4dfkm9ryxvvf-libm-0.2.16.crate
link-section-0.18.0.crate /gnu/store/fif8wsan3shaxnhiqvhr9myjjx2xsa2z-link-section-0.18.0.crate
linktime-proc-macro-0.2.0.crate /gnu/store/mvgvx4yxfv5cc93yp32llv329ds49xxa-linktime-proc-macro-0.2.0.crate
linux-raw-sys-0.12.1.crate /gnu/store/3vp04yah8d62xqbir9acj8pmwlxi8vqz-linux-raw-sys-0.12.1.crate
litemap-0.8.2.crate /gnu/store/0pmddcvwfmrj9724cc4rbgf1ryz4z3kz-litemap-0.8.2.crate
litrs-1.0.0.crate /gnu/store/bn6dr3nvc91mhs7lypq0vnhvh6pxid7l-litrs-1.0.0.crate
lock_api-0.4.14.crate /gnu/store/60n2lc3y41pfnlh4j7j8b3vdcrrm7b1x-lock_api-0.4.14.crate
log-0.4.29.crate /gnu/store/b39926qyb0ia9s55d8z30fbm06pnw3gf-log-0.4.29.crate
lru-0.16.3.crate /gnu/store/41xsiwwb6yn0vs97l2lc6l07lv2vg1pb-lru-0.16.3.crate
lscolors-0.21.0.crate /gnu/store/wnkv3vvnbpmkb1fnca6x9sgifyhncgmr-lscolors-0.21.0.crate
md-5-0.11.0.crate /gnu/store/nd3cmq25h9wwxgb5pih7zhb3gw453lmi-md-5-0.11.0.crate
memchr-2.8.1.crate /gnu/store/8r4vkvnkw79i2ypkb8prxyxfjgg44qf0-memchr-2.8.1.crate
memmap2-0.9.10.crate /gnu/store/psyy6gwnl8md6q1zsp2rg9l1y9qkir3z-memmap2-0.9.10.crate
memoffset-0.9.1.crate /gnu/store/2qzzca0in3xzhm6q91x57vxdngz14c43-memoffset-0.9.1.crate
minimal-lexical-0.2.1.crate /gnu/store/h5vv29cp4kcwccj6wr05q4jdn4z835ss-minimal-lexical-0.2.1.crate
miniz_oxide-0.8.9.crate /gnu/store/0mrmqqf4yqv5hqp4irigz3yz9mwwv08l-miniz_oxide-0.8.9.crate
mio-1.1.1.crate /gnu/store/81s1g6303j63rxrlf7hc7j5famlqgd5w-mio-1.1.1.crate
nix-0.31.3.crate /gnu/store/g0mbcjsp730zjhsqah4x3srvvc03xlpn-nix-0.31.3.crate
nom-7.1.3.crate /gnu/store/g20ap595wa0pqzgf24pigz640896cgqd-nom-7.1.3.crate
nom-8.0.0.crate /gnu/store/9gw8787n829qwy5fmhngxfn3h36jndqi-nom-8.0.0.crate
notify-8.2.0.crate /gnu/store/d0rcdfspik3mvj31kbcrz7r7x6rlfi41-notify-8.2.0.crate
notify-types-2.1.0.crate /gnu/store/h2hvy5nqy9s94rpd5nfzjdp0n7hk666c-notify-types-2.1.0.crate
nu-ansi-term-0.50.3.crate /gnu/store/2il0nhx06ihdvawlvbdrar5jbfq8ly43-nu-ansi-term-0.50.3.crate
num-bigint-0.4.6.crate /gnu/store/4qsgpy7j8viwwq3h96lnyrjrd4vla62g-num-bigint-0.4.6.crate
num-conv-0.2.1.crate /gnu/store/sx6lng38j2cms2ik4vj369k5wka2sxqk-num-conv-0.2.1.crate
num-integer-0.1.46.crate /gnu/store/7ih4yzhfv5h5rdin55pbr8s32shsxyfw-num-integer-0.1.46.crate
num-modular-0.6.1.crate /gnu/store/pvr1f6fpqqnp05h7qc5irnvmdgkh5val-num-modular-0.6.1.crate
num-prime-0.5.0.crate /gnu/store/9qjf5575zdh0kha2jn9ga2j9gbs4iayd-num-prime-0.5.0.crate
num_threads-0.1.7.crate /gnu/store/jkacfpa673f8gsvk9kxvhwjc73q85mf9-num_threads-0.1.7.crate
num-traits-0.2.19.crate /gnu/store/r3lj4j2lcpl8r72wryq6zr3wnmmrm6ms-num-traits-0.2.19.crate
objc2-0.6.4.crate /gnu/store/y5bxsi7p1cfy956bmwvj155yi0zk63an-objc2-0.6.4.crate
objc2-encode-4.1.0.crate /gnu/store/w6k2b8sqg77n0apfdxlapdis5yx4y9yi-objc2-encode-4.1.0.crate
once_cell-1.21.4.crate /gnu/store/pv264x1nj4xvz8nwlbn3ka0h8xdk4n4b-once_cell-1.21.4.crate
once_cell_polyfill-1.70.2.crate /gnu/store/s221px8xav5z4qjga7kwx3i2srq9b267-once_cell_polyfill-1.70.2.crate
onig-6.5.3.crate /gnu/store/clb4rdlipladdczcdv711829xsz3iv4m-onig-6.5.3.crate
onig_sys-69.9.3.crate /gnu/store/5ay6516vjljmrp3ac31j2r97j1fs8wff-onig_sys-69.9.3.crate
ordered-multimap-0.7.3.crate /gnu/store/d3k971y1ahwxznzc2a3pnicnbzblqwz8-ordered-multimap-0.7.3.crate
os_display-0.1.4.crate /gnu/store/mf8l6s19mkc3xawiqlhsralm031k2cx9-os_display-0.1.4.crate
outref-0.5.2.crate /gnu/store/dwl9c7iiklf2ixk7kvhiw45k8hi4ykyg-outref-0.5.2.crate
parking_lot-0.12.5.crate /gnu/store/8dvl6sgl0r35dq1zsa4gc4ppfs620gsk-parking_lot-0.12.5.crate
parking_lot_core-0.9.12.crate /gnu/store/6a79zihsf001hzshp0rxkkpagbh93rpj-parking_lot_core-0.9.12.crate
parse_datetime-0.14.0.crate /gnu/store/75qn2jj14k86ccxa9w6p25ficvhb4ik6-parse_datetime-0.14.0.crate
phf-0.13.1.crate /gnu/store/adgyfxr24hf0bcgvvgy80p0ivi7g789r-phf-0.13.1.crate
phf_codegen-0.13.1.crate /gnu/store/zy06mayagdzhvhakw976h35713czk7c7-phf_codegen-0.13.1.crate
phf_generator-0.13.1.crate /gnu/store/3mccjpfb8ms43874s4j2jbrh03jx01yi-phf_generator-0.13.1.crate
phf_shared-0.13.1.crate /gnu/store/gji5lldqqjm8l898d3c00yla26vkkd2i-phf_shared-0.13.1.crate
pin-project-lite-0.2.17.crate /gnu/store/arjkj04g2qqd99n2qz7z1lngr2060d68-pin-project-lite-0.2.17.crate
pkg-config-0.3.32.crate /gnu/store/0sgnjraj641wazgck3xiqdkgkw73srsy-pkg-config-0.3.32.crate
platform-info-2.1.0.crate /gnu/store/98syg46cih9vcq9dr8vddc4ls7xjxv6c-platform-info-2.1.0.crate
portable-atomic-1.13.1.crate /gnu/store/qha2yakkkhnpr2z11jf729kyhfw8l97z-portable-atomic-1.13.1.crate
portable-atomic-util-0.2.6.crate /gnu/store/zbh41pq305dy4sprrvisj1diax8c4jfz-portable-atomic-util-0.2.6.crate
potential_utf-0.1.5.crate /gnu/store/ji78bzilkj3dcfk5f8d6n128mzk0iycn-potential_utf-0.1.5.crate
powerfmt-0.2.0.crate /gnu/store/wp20j1zv0m8335ma222xjkpqi0rvbksx-powerfmt-0.2.0.crate
ppv-lite86-0.2.21.crate /gnu/store/7lqk09ycvs9z45pw3zk58sf60x9djdg5-ppv-lite86-0.2.21.crate
pretty_assertions-1.4.1.crate /gnu/store/p4wqzvwgbk8jvsivvf9m8glpjqn6rlpd-pretty_assertions-1.4.1.crate
prettyplease-0.2.37.crate /gnu/store/p0qm97h9b0fm498v91h36z60c7ardd19-prettyplease-0.2.37.crate
procfs-0.18.0.crate /gnu/store/wwpqmchz6qqi7cf7dfmz611mf4cn5f44-procfs-0.18.0.crate
procfs-core-0.18.0.crate /gnu/store/mpvc70j3kaji90rx1262lhr38271g8jk-procfs-core-0.18.0.crate
proc-macro2-1.0.106.crate /gnu/store/klw2pvqcrlici7n0rxvxidj12kd0fr8v-proc-macro2-1.0.106.crate
proc-macro-crate-3.5.0.crate /gnu/store/64ji6rqrsafij9affq8y19d1an9h6vh1-proc-macro-crate-3.5.0.crate
quote-1.0.45.crate /gnu/store/m3ssfwbs4hjb3q5wh22l1n3853chgvh0-quote-1.0.45.crate
radium-0.7.0.crate /gnu/store/p7xhks6m88b2pr3a5272c2i58vsjy84z-radium-0.7.0.crate
rand-0.10.1.crate /gnu/store/l952pm33fz0mw9zp9wk7amrlr6bmq0wn-rand-0.10.1.crate
rand-0.8.6.crate /gnu/store/z8x6dq7bwwzx0sc7wdzggg03afl09bxl-rand-0.8.6.crate
rand_chacha-0.10.0.crate /gnu/store/mwac50rpsk43l6nwpjdl7sss5qaxgq6s-rand_chacha-0.10.0.crate
rand_chacha-0.3.1.crate /gnu/store/6k4q7y66chkppb0p5s5h7hjn2cvr4vq2-rand_chacha-0.3.1.crate
rand_core-0.10.0.crate /gnu/store/jgxwgdkd3wjcx47vqshw6y0f4ag6xb8p-rand_core-0.10.0.crate
rand_core-0.6.4.crate /gnu/store/4xirdi2273zmjlwsi0mm1jsiyjcbjj34-rand_core-0.6.4.crate
rayon-1.12.0.crate /gnu/store/3axg4hwg153b00r4k3bbkqm3kcyhzfwq-rayon-1.12.0.crate
rayon-core-1.13.0.crate /gnu/store/vbqpygy3m2sk1kp2pqnfj329kf4qar5y-rayon-core-1.13.0.crate
redox_syscall-0.5.18.crate /gnu/store/jmhgin47r4izf0wah4bazcfkld25r0vv-redox_syscall-0.5.18.crate
r-efi-6.0.0.crate /gnu/store/nyxparzws5yfyr6d6ffzwrh9ac3bjm2z-r-efi-6.0.0.crate
regex-1.12.3.crate /gnu/store/2ba1whv9bn8fca1yfs08mkivm8i424lp-regex-1.12.3.crate
regex-automata-0.4.14.crate /gnu/store/ar1grh27fr8filzj1qf78hmr6jhzjp81-regex-automata-0.4.14.crate
regex-syntax-0.8.10.crate /gnu/store/9pwd92pb39azxqib9f48k2yzfz97pz4b-regex-syntax-0.8.10.crate
relative-path-1.9.3.crate /gnu/store/bzwixwwcxpblf8732pvj7kwm1vcrjdzm-relative-path-1.9.3.crate
rlimit-0.11.0.crate /gnu/store/ymz296xl9yw2kp5wa3gsx3c3gjj1776z-rlimit-0.11.0.crate
roff-1.1.1.crate /gnu/store/fmw6r09d8j0bc3zdbq27b998v8y9r5la-roff-1.1.1.crate
rstest-0.26.1.crate /gnu/store/vvhdi2ghmim9cp3f791z6bk8jqhxhyca-rstest-0.26.1.crate
rstest_macros-0.26.1.crate /gnu/store/shfqxz2dmakz1gzidx9slgsrfyg4jgzh-rstest_macros-0.26.1.crate
rstest_reuse-0.7.0.crate /gnu/store/184ajaggw96wh2i5pjhswyxqam4avrfw-rstest_reuse-0.7.0.crate
rustc-hash-2.1.2.crate /gnu/store/44a61v7skxn2j0ggrk2i861rpgslaid2-rustc-hash-2.1.2.crate
rustc_version-0.4.1.crate /gnu/store/pld57ylinzxv56fvrdsdrgk399pjrbis-rustc_version-0.4.1.crate
rust-ini-0.21.3.crate /gnu/store/0q8zcjgclq505kk2xm9z4ij5wg4gyd7s-rust-ini-0.21.3.crate
rustix-1.1.4.crate /gnu/store/da29xkw9511zisy3mkbdhwzhnbacbkx8-rustix-1.1.4.crate
rustversion-1.0.22.crate /gnu/store/s86m5vkanskv695jzb2vlwvrg3qk7nyb-rustversion-1.0.22.crate
same-file-1.0.6.crate /gnu/store/55kpbrak1xn2bbnp2fmdpzfnypvm0sc1-same-file-1.0.6.crate
scopeguard-1.2.0.crate /gnu/store/2lh0qgjd94n90i8q3p62imqnmp03ppf9-scopeguard-1.2.0.crate
self_cell-1.2.2.crate /gnu/store/1dvm75zlvqpjrzb2nrd3gs5cqjhqlp6s-self_cell-1.2.2.crate
selinux-0.6.2.crate /gnu/store/k5rbhpf4mxlc0iijzm6ij0b8p973hkbs-selinux-0.6.2.crate
selinux-sys-0.7.0.crate /gnu/store/w7m291syw5k9w1h92xd523wnkcxc3l7k-selinux-sys-0.7.0.crate
semver-1.0.28.crate /gnu/store/h9gmv3jh555rv7j06axzpsb5g4kcv7wn-semver-1.0.28.crate
serde-1.0.228.crate /gnu/store/8p7dng2jrns0fln47aiv0imj1wna6fyc-serde-1.0.228.crate
serde_core-1.0.228.crate /gnu/store/iam1jbf61sldmn1zxvx3i2ibm68zgyfa-serde_core-1.0.228.crate
serde_derive-1.0.228.crate /gnu/store/39gbq3hzbnsnssbgb2q5blqds6irh1mc-serde_derive-1.0.228.crate
serde_json-1.0.149.crate /gnu/store/8bvs384h521v4iw4psmzl9dan0b8h2m1-serde_json-1.0.149.crate
sha1-0.11.0.crate /gnu/store/nxcrc0adrkwpf1rxjbmz5cmm2hgwd0zm-sha1-0.11.0.crate
sha2-0.11.0.crate /gnu/store/ikjxjywi5x0sghxd67cl8bwj59zzhs0b-sha2-0.11.0.crate
sha3-0.12.0.crate /gnu/store/34d3hd38bvyxfh63hj9iqgyr52wpin02-sha3-0.12.0.crate
shake-0.1.0.crate /gnu/store/w5cwwdvk074g567my8gc1sysrl840i5f-shake-0.1.0.crate
shlex-1.3.0.crate /gnu/store/c7c1gbrj2k3j28684a08fvfp2qds0fg4-shlex-1.3.0.crate
signal-hook-0.3.18.crate /gnu/store/f302y8ayr42ih1hy1ic2y0ay3rs5ifhy-signal-hook-0.3.18.crate
signal-hook-mio-0.2.5.crate /gnu/store/ydgnknq3sdj5w5ic7iympzwx5mgpw154-signal-hook-mio-0.2.5.crate
signal-hook-registry-1.4.8.crate /gnu/store/aka1kb4s7p4xc9lcmm4507xxv5gdxc2k-signal-hook-registry-1.4.8.crate
simd-adler32-0.3.9.crate /gnu/store/2zqh4nkxl17zlzsnjavz4fjwgjbf0h34-simd-adler32-0.3.9.crate
siphasher-1.0.2.crate /gnu/store/qjasmk6gdhizdp780vxsxrp4hkiiyl42-siphasher-1.0.2.crate
slab-0.4.12.crate /gnu/store/gr4x0y9fggzygljqdan15rwik5xx9mir-slab-0.4.12.crate
sm3-0.5.0.crate /gnu/store/z84hks0wwp8yqg4cqdfx4i2068bm9b8y-sm3-0.5.0.crate
smallvec-1.15.1.crate /gnu/store/mvpwxdanm2cjv47wsdfdz0ip9xc0642r-smallvec-1.15.1.crate
smawk-0.3.2.crate /gnu/store/0mwb60rbssli51kwyy6dwjlhdxafxyxm-smawk-0.3.2.crate
socket2-0.6.3.crate /gnu/store/q6gh31zypgx4cpd3fqnck8fhpwss5qrq-socket2-0.6.3.crate
spin-0.10.0.crate /gnu/store/ci81hdj4rbgi6q1ci8jkwiqlrg5mkrrr-spin-0.10.0.crate
sponge-cursor-0.1.0.crate /gnu/store/j33mk6wxqa8901bqyw595d6hk1d87vgp-sponge-cursor-0.1.0.crate
stable_deref_trait-1.2.1.crate /gnu/store/21p983904fkc3ayyhri90zi60fm5xnwb-stable_deref_trait-1.2.1.crate
string-interner-0.20.0.crate /gnu/store/mykrlbr31xami3yxzkfjxqvmgn30fqw8-string-interner-0.20.0.crate
strsim-0.11.1.crate /gnu/store/hjvjr70kmchp5aqsdvw2xggs5hwhqngh-strsim-0.11.1.crate
syn-2.0.117.crate /gnu/store/01v6gvahz1zvddww7acn9lls1f4720lv-syn-2.0.117.crate
synstructure-0.13.2.crate /gnu/store/akmwb1k5nzpv9c25p8b6q0dx42r0ji6j-synstructure-0.13.2.crate
tap-1.0.1.crate /gnu/store/w62dwjh3pi7vzvv2y69fsx5rg2951ri5-tap-1.0.1.crate
tempfile-3.27.0.crate /gnu/store/alzqp20ibfd9a48bbhvfgyzmmrm00nk4-tempfile-3.27.0.crate
terminal_size-0.4.4.crate /gnu/store/rm28bn5p2n7ra0a6vxjq8s961k2amqyz-terminal_size-0.4.4.crate
textwrap-0.16.2.crate /gnu/store/v8yi8dj9b0i8732r6sxxx6cdqsmgcbj5-textwrap-0.16.2.crate
thiserror-1.0.69.crate /gnu/store/lsmb62h900610q19hb42nq30z3xc5r0h-thiserror-1.0.69.crate
thiserror-2.0.18.crate /gnu/store/gf2c793vrmjd1bpkwxs3ypfyrzgzvryc-thiserror-2.0.18.crate
thiserror-impl-1.0.69.crate /gnu/store/32lds8pra884sn8gy14f99r4x5jafwg7-thiserror-impl-1.0.69.crate
thiserror-impl-2.0.18.crate /gnu/store/ksnpzl525d3z8n2wdv2r90wnrq39ccia-thiserror-impl-2.0.18.crate
time-0.3.47.crate /gnu/store/6m821xa726whn7xr7pjvi42k56lwa9xf-time-0.3.47.crate
time-core-0.1.8.crate /gnu/store/kzbmf9l0k0r9s6f15z7i0q603s2kzcil-time-core-0.1.8.crate
time-macros-0.2.27.crate /gnu/store/gl4nnhd62kscprgkb4hrnlb5gzfdpv6m-time-macros-0.2.27.crate
tiny-keccak-2.0.2.crate /gnu/store/j55w3x8imqbp2snp1n3azh77dh2n40pb-tiny-keccak-2.0.2.crate
tinystr-0.8.3.crate /gnu/store/h9m86q36m21fmr5vpvm756a8dgxncmq1-tinystr-0.8.3.crate
toml_datetime-1.1.1+spec-1.1.0.crate /gnu/store/51b9hwfarvy5vz243lmi5swsvy97n7n2-toml_datetime-1.1.1+spec-1.1.0.crate
toml_edit-0.25.11+spec-1.1.0.crate /gnu/store/ivg5h1dgv2ma5blvw0rkwk11d5ai2vck-toml_edit-0.25.11+spec-1.1.0.crate
toml_parser-1.1.2+spec-1.1.0.crate /gnu/store/29cv1kx4p33kj40lr0gww416in6li3sc-toml_parser-1.1.2+spec-1.1.0.crate
typed-path-0.12.3.crate /gnu/store/9krkhrm9bgd2j6rz3q615xbqizb9a7sa-typed-path-0.12.3.crate
type-map-0.5.1.crate /gnu/store/bk6757p7gyilsqrp2agk9vnwmdshm3p8-type-map-0.5.1.crate
typenum-1.19.0.crate /gnu/store/99jd44a373myfg8rlg0ywdzpssipzqxh-typenum-1.19.0.crate
unic-langid-0.9.6.crate /gnu/store/3nf7ybh5bs4pcnm3nhfzhz699k3dblav-unic-langid-0.9.6.crate
unic-langid-impl-0.9.6.crate /gnu/store/adlsdh2vbcb92nhwp95h02ry132x0j23-unic-langid-impl-0.9.6.crate
unicode-ident-1.0.24.crate /gnu/store/kd162djh3hq59zk00hlzkrsxvc2gkwlh-unicode-ident-1.0.24.crate
unicode-linebreak-0.1.5.crate /gnu/store/asjjb1x78v7d6pgjrzg75jj7c9baj8r2-unicode-linebreak-0.1.5.crate
unicode-width-0.1.14.crate /gnu/store/bqzyc8jvvxnv06hcp70h8ix20r4mvn3i-unicode-width-0.1.14.crate
unicode-width-0.2.2.crate /gnu/store/7lmbr0scdks0dc4sqi75mgg387cwddh9-unicode-width-0.2.2.crate
unicode-xid-0.2.6.crate /gnu/store/1g4sd1d8bsssz2f8vi32fi9m33wzjd1x-unicode-xid-0.2.6.crate
unindent-0.2.4.crate /gnu/store/w0drk3mai350p9yca9ziw0d3nsfps8ns-unindent-0.2.4.crate
unit-prefix-0.5.2.crate /gnu/store/hpchqm47j73df7adl71shdk554ygf2f7-unit-prefix-0.5.2.crate
utf16_iter-1.0.5.crate /gnu/store/i38p60g45pcrx133sk59p6pva6ycwd20-utf16_iter-1.0.5.crate
utf8_iter-1.0.4.crate /gnu/store/48v86aqicmdmpwgznf2dfxkf8b1vxl4w-utf8_iter-1.0.4.crate
utf8parse-0.2.2.crate /gnu/store/x1d35rflshf5sr1wnk5rri5vypabzhma-utf8parse-0.2.2.crate
utmp-classic-0.1.6.crate /gnu/store/k4j6vgddwbc89dbrhkz2j0yp4d96l0l6-utmp-classic-0.1.6.crate
utmp-classic-raw-0.1.3.crate /gnu/store/8ql80kng35l2nas3lzbvm4985y3h7ncr-utmp-classic-raw-0.1.3.crate
uu_arch-0.9.0.crate /gnu/store/pcid3ldiyig3rgkmc5y36l27z8kc5d50-uu_arch-0.9.0.crate
uu_b2sum-0.9.0.crate /gnu/store/k574ab8wka86jibpb329h8vnn6a7r726-uu_b2sum-0.9.0.crate
uu_base32-0.9.0.crate /gnu/store/33j17s1f6r8sygf37p64whbysz7325f5-uu_base32-0.9.0.crate
uu_base64-0.9.0.crate /gnu/store/cjxxz1l31vqqzzdnb5nfjmlflrpp19z8-uu_base64-0.9.0.crate
uu_basename-0.9.0.crate /gnu/store/qk6fpd1h5xz9sfq1qkc0ql84m2v54rdn-uu_basename-0.9.0.crate
uu_basenc-0.9.0.crate /gnu/store/5im7f8rfriqa263ggs7frzxzimabq73b-uu_basenc-0.9.0.crate
uu_cat-0.9.0.crate /gnu/store/qb7qc6g6jmii25cmjnf0d6v9lyq73rk3-uu_cat-0.9.0.crate
uu_chcon-0.9.0.crate /gnu/store/q91bzc1nkfq5h3j94nqq6qrdd1q16ygf-uu_chcon-0.9.0.crate
uu_checksum_common-0.9.0.crate /gnu/store/m9pqa5dvzdclkywyxcy6cvl9f6dvbivj-uu_checksum_common-0.9.0.crate
uu_chgrp-0.9.0.crate /gnu/store/085drrpmffkn3lhhcd87d7i25aqq7b33-uu_chgrp-0.9.0.crate
uu_chmod-0.9.0.crate /gnu/store/yhlqklk0qn4mj4hkm33dyc1xxc4m1ln2-uu_chmod-0.9.0.crate
uu_chown-0.9.0.crate /gnu/store/6zax04mnq7pz7b983iax3k2wdfvk1dk1-uu_chown-0.9.0.crate
uu_chroot-0.9.0.crate /gnu/store/314x6cy793f603874zy8bw4wi9frjhin-uu_chroot-0.9.0.crate
uu_cksum-0.9.0.crate /gnu/store/l15h4prx1mck7f67zxg7m3mznvfmc7ba-uu_cksum-0.9.0.crate
uu_comm-0.9.0.crate /gnu/store/dhqzg3n15mdc1bw2igndp91xglyqmih2-uu_comm-0.9.0.crate
uucore-0.9.0.crate /gnu/store/jzrfgcqrbq6cq7a00pvx0dyla6rf9n50-uucore-0.9.0.crate
uucore_procs-0.9.0.crate /gnu/store/cj2y1hv2pa41xgjkv1m6anj16zar1147-uucore_procs-0.9.0.crate
uu_cp-0.9.0.crate /gnu/store/g46smvqnvjyd80i73vfgbs9akmac6avm-uu_cp-0.9.0.crate
uu_csplit-0.9.0.crate /gnu/store/c3m4riqlfc488zq6lhj0qs27cf8hwslm-uu_csplit-0.9.0.crate
uu_cut-0.9.0.crate /gnu/store/1zyxz2n9krh9dhxg88vrq117z8mch89k-uu_cut-0.9.0.crate
uu_date-0.9.0.crate /gnu/store/9vsaxs0asabyry12ajfb0xhdqh2ldbc8-uu_date-0.9.0.crate
uu_dd-0.9.0.crate /gnu/store/sn2ya4ylwavl53lflgy3fhjy3psc8j31-uu_dd-0.9.0.crate
uu_df-0.9.0.crate /gnu/store/jn33ngzjj3zm1kdl961g1ml8v0fp6z4f-uu_df-0.9.0.crate
uu_dir-0.9.0.crate /gnu/store/0fm9wzqqh99fz86a9g3imkqfn0sd5xix-uu_dir-0.9.0.crate
uu_dircolors-0.9.0.crate /gnu/store/6clykqmfkwssmnaqdf5ysjb0cpvyk7a5-uu_dircolors-0.9.0.crate
uu_dirname-0.9.0.crate /gnu/store/4vvk5hgqdkk54r4mppw43fbfim64igwq-uu_dirname-0.9.0.crate
uu_du-0.9.0.crate /gnu/store/dzq0m6wb6ax54qaw9rg6mnsilnjsiy3l-uu_du-0.9.0.crate
uu_echo-0.9.0.crate /gnu/store/mf36j9cgal8zd7phzqrfqw4iik1lbklk-uu_echo-0.9.0.crate
uu_env-0.9.0.crate /gnu/store/vd2bsnz5iajswg0fjbdg9f1657z2l8z5-uu_env-0.9.0.crate
uu_expand-0.9.0.crate /gnu/store/iknc4xkx7pwk0nwjglk4rx9xfi5nsrzm-uu_expand-0.9.0.crate
uu_expr-0.9.0.crate /gnu/store/k0j26mqpv5i5p32zaxihklkav47wqz15-uu_expr-0.9.0.crate
uu_factor-0.9.0.crate /gnu/store/vz0w78cf1gr9892nl88djnwwxrgzs57g-uu_factor-0.9.0.crate
uu_false-0.9.0.crate /gnu/store/yhyvb4msrvvhbzf3pqb3zl8r5n4q8xa0-uu_false-0.9.0.crate
uu_fmt-0.9.0.crate /gnu/store/48qvsdfgvl5zj4ppyijl6gx01qjg6zns-uu_fmt-0.9.0.crate
uu_fold-0.9.0.crate /gnu/store/r74lwn7i2sj0wx55s0xnw440djwyarww-uu_fold-0.9.0.crate
uu_groups-0.9.0.crate /gnu/store/kg14l99rm3p4nq28zy70d5p2x80m5r23-uu_groups-0.9.0.crate
uu_head-0.9.0.crate /gnu/store/9hy2n691wvc2qqlfxabpp8miffjdaks5-uu_head-0.9.0.crate
uu_hostid-0.9.0.crate /gnu/store/z7a27naim7z8z4z6rlgn4xchb1m8b17a-uu_hostid-0.9.0.crate
uu_hostname-0.9.0.crate /gnu/store/k8q9ghk21p63qvqf4b9xy0gqia2p42v9-uu_hostname-0.9.0.crate
uu_id-0.9.0.crate /gnu/store/4sqj9qd1pk0y4kdbav3rp971qghmg4b1-uu_id-0.9.0.crate
uuid-1.23.1.crate /gnu/store/ph2nbip5vm5yxrscsybaxdmr0jj357bj-uuid-1.23.1.crate
uu_install-0.9.0.crate /gnu/store/jw27ds0kvpp9n78fl1b4fzy73zm080k8-uu_install-0.9.0.crate
uu_join-0.9.0.crate /gnu/store/l9rdrg0pkjf2wyjdhnl1hd7kwkz5jdwf-uu_join-0.9.0.crate
uu_kill-0.9.0.crate /gnu/store/3573r096l7ymjlzcvjrg7gcgnsj4b1vv-uu_kill-0.9.0.crate
uu_link-0.9.0.crate /gnu/store/wqmpsy8chmfkswxhliqbz15c8951rfkg-uu_link-0.9.0.crate
uu_ln-0.9.0.crate /gnu/store/vrzl725qn9x52s1sxpvjn35l2ap6dmwj-uu_ln-0.9.0.crate
uu_logname-0.9.0.crate /gnu/store/pzi0r8689m96d7w5gaxs4i70q6c87iys-uu_logname-0.9.0.crate
uu_ls-0.9.0.crate /gnu/store/p4zlzlq891nfrpnfl8hmyjhljv826ms3-uu_ls-0.9.0.crate
uu_md5sum-0.9.0.crate /gnu/store/p2rh0s70hrly74vch04ijviy21g59gnn-uu_md5sum-0.9.0.crate
uu_mkdir-0.9.0.crate /gnu/store/iginsn89axjzihn1hgn9x05ar0ml9ncp-uu_mkdir-0.9.0.crate
uu_mkfifo-0.9.0.crate /gnu/store/bvj0gvkya8j4z1ririxf7ahqyff3ddjg-uu_mkfifo-0.9.0.crate
uu_mknod-0.9.0.crate /gnu/store/ximwv72kk454shf0zms3y7dqymzjayhd-uu_mknod-0.9.0.crate
uu_mktemp-0.9.0.crate /gnu/store/jkz3fyimhbfy3ly8rqkpxbv466nv684f-uu_mktemp-0.9.0.crate
uu_more-0.9.0.crate /gnu/store/066f4z48kzdi1chx0spmhbrgvv152qg7-uu_more-0.9.0.crate
uu_mv-0.9.0.crate /gnu/store/rvqrr7fjf0hh6ky0fip8x5xfa2c08ina-uu_mv-0.9.0.crate
uu_nice-0.9.0.crate /gnu/store/i5ll94rk8pn8bi1yxjw74pnbz9djg0aq-uu_nice-0.9.0.crate
uu_nl-0.9.0.crate /gnu/store/ida0vnxci16zxqdsylpj5g10fj01lbxi-uu_nl-0.9.0.crate
uu_nohup-0.9.0.crate /gnu/store/1awpwajadr8vs0xgzvmngnasbf8n4q64-uu_nohup-0.9.0.crate
uu_nproc-0.9.0.crate /gnu/store/7la8cpcr25x43pz6rwcc04albcmcwi4k-uu_nproc-0.9.0.crate
uu_numfmt-0.9.0.crate /gnu/store/4w22af5cqvdwqrf12wyyylcrjpmg27dx-uu_numfmt-0.9.0.crate
uu_od-0.9.0.crate /gnu/store/8b0imgyz0pyy4s4v4j7vjn3fdmz4mw18-uu_od-0.9.0.crate
uu_paste-0.9.0.crate /gnu/store/xvrm84ab2x3i3qqnf3jx9xk66zbyrg54-uu_paste-0.9.0.crate
uu_pathchk-0.9.0.crate /gnu/store/cddbpv760dracf4cbby18cnb3hfbhznp-uu_pathchk-0.9.0.crate
uu_pinky-0.9.0.crate /gnu/store/akg6m0pbixwgj4l2v3y3k6ivpqcxrwgm-uu_pinky-0.9.0.crate
uu_pr-0.9.0.crate /gnu/store/jla95pvijnsjlyam90ylrj2vv0vi7y4c-uu_pr-0.9.0.crate
uu_printenv-0.9.0.crate /gnu/store/sajc0qdllhwasgnr89wnll6hcrlqsh7a-uu_printenv-0.9.0.crate
uu_printf-0.9.0.crate /gnu/store/xl4cc1w1i5cvnhvrib28ngl24zc30ag4-uu_printf-0.9.0.crate
uu_ptx-0.9.0.crate /gnu/store/sp3az64z3d5pfdccfq2arl84g33d3w1w-uu_ptx-0.9.0.crate
uu_pwd-0.9.0.crate /gnu/store/fddn2j9sjw0qqzpicspcnzgv2zn0px35-uu_pwd-0.9.0.crate
uu_readlink-0.9.0.crate /gnu/store/1jsnj6a11nbid1gnssm01mhw6l605mwf-uu_readlink-0.9.0.crate
uu_realpath-0.9.0.crate /gnu/store/78h4myij0h9sdfa5ifvcxhssdni0hqnq-uu_realpath-0.9.0.crate
uu_rm-0.9.0.crate /gnu/store/yx4jgrsk5qvxbvvgz1inrxmnn9bnbbpj-uu_rm-0.9.0.crate
uu_rmdir-0.9.0.crate /gnu/store/d0gaj93yjlc33i1gmsi7wnd5hxnrh89g-uu_rmdir-0.9.0.crate
uu_runcon-0.9.0.crate /gnu/store/wsgigqq97mlzf41ny43fsjr9rzg2wpsw-uu_runcon-0.9.0.crate
uu_seq-0.9.0.crate /gnu/store/qc2xr7vd8y53wagvlbd9vgprhwv6jlbq-uu_seq-0.9.0.crate
uu_sha1sum-0.9.0.crate /gnu/store/hv9jilz7sszgnl6mf640s6h9kqbs9iwk-uu_sha1sum-0.9.0.crate
uu_sha224sum-0.9.0.crate /gnu/store/27lqm0j35r167r7yfzilnjphczab0b9g-uu_sha224sum-0.9.0.crate
uu_sha256sum-0.9.0.crate /gnu/store/gkmglqsql94qjgmk2s8jp0szkvnbrhpb-uu_sha256sum-0.9.0.crate
uu_sha384sum-0.9.0.crate /gnu/store/idjkc6bl7g5kfmjywgbwjx9pymc5x639-uu_sha384sum-0.9.0.crate
uu_sha512sum-0.9.0.crate /gnu/store/aqc4vkc2p0hm9s816xv47wxjm57mssp9-uu_sha512sum-0.9.0.crate
uu_shred-0.9.0.crate /gnu/store/qqx38xr3kpsq28v8g9l9z3l11b507146-uu_shred-0.9.0.crate
uu_shuf-0.9.0.crate /gnu/store/sbls1qph41jplh278wfz2w0scs5cz6pm-uu_shuf-0.9.0.crate
uu_sleep-0.9.0.crate /gnu/store/kizyd8mzna93wb2x1kzb59swba60p612-uu_sleep-0.9.0.crate
uu_sort-0.9.0.crate /gnu/store/9xpp55772s82j7014x8mgmij67dyncbc-uu_sort-0.9.0.crate
uu_split-0.9.0.crate /gnu/store/xbq6bxk0l0cqr4gvhzqxhqyd5lrb4gsh-uu_split-0.9.0.crate
uu_stat-0.9.0.crate /gnu/store/c3laj3fhd29h42i3q1v9c973zv3f5xpn-uu_stat-0.9.0.crate
uu_stdbuf-0.9.0.crate /gnu/store/w2d10f15f3ycx93gcfbydxb7np7k5hzm-uu_stdbuf-0.9.0.crate
uu_stdbuf_libstdbuf-0.9.0.crate /gnu/store/dy5vx85s8ifik1di8vlv1y81kzlcxwpg-uu_stdbuf_libstdbuf-0.9.0.crate
uu_stty-0.9.0.crate /gnu/store/p1q4scbm3ipawc70mc9y5pvxp93hygsp-uu_stty-0.9.0.crate
uu_sum-0.9.0.crate /gnu/store/4v97wjabm78f63cjc4xz6njxyznmk21p-uu_sum-0.9.0.crate
uu_sync-0.9.0.crate /gnu/store/zyjy6qwiw6xdnb1ln6jwad9f4ax9cjd3-uu_sync-0.9.0.crate
uu_tac-0.9.0.crate /gnu/store/fij673mqpvkyxb5j3jlhiz6q6k22c5xl-uu_tac-0.9.0.crate
uu_tail-0.9.0.crate /gnu/store/i38469qdibqbhjc8ajc52may3j0fcq9w-uu_tail-0.9.0.crate
uu_tee-0.9.0.crate /gnu/store/5c9advfa9csz642n2j4441h3i8cwba9y-uu_tee-0.9.0.crate
uu_test-0.9.0.crate /gnu/store/vj7gm36xwzvkhsda29jmhdiaz9bfngab-uu_test-0.9.0.crate
uutests-0.9.0.crate /gnu/store/apfzq23bnyyqkas4wwbf29fl7bcigrsp-uutests-0.9.0.crate
uutils_term_grid-0.8.0.crate /gnu/store/rclyr3vynkcpi2mbafpff0flabm1pgcf-uutils_term_grid-0.8.0.crate
uu_timeout-0.9.0.crate /gnu/store/prkykbzi0jf81ifdwnhslvrb1b3bvh0i-uu_timeout-0.9.0.crate
uu_touch-0.9.0.crate /gnu/store/1jfwx1ib0pyhkk54s7qyl5xprj350j6n-uu_touch-0.9.0.crate
uu_tr-0.9.0.crate /gnu/store/8zaqqnay696yrsz010211fgvmg4hqm8h-uu_tr-0.9.0.crate
uu_true-0.9.0.crate /gnu/store/mip5nq3awnbbninyss4glk50p43g6dyn-uu_true-0.9.0.crate
uu_truncate-0.9.0.crate /gnu/store/fm1qb5nfqyh61g2glp7zwbiqzpvv1pnp-uu_truncate-0.9.0.crate
uu_tsort-0.9.0.crate /gnu/store/acya6dpwyc0ax27gy9pzm1k1jhp6b9jx-uu_tsort-0.9.0.crate
uu_tty-0.9.0.crate /gnu/store/d0fgnmdhn84wy43q4hdf7j132ywg9148-uu_tty-0.9.0.crate
uu_uname-0.9.0.crate /gnu/store/z37ms7j7wwy8n7m8w38dkzzbsh2divkv-uu_uname-0.9.0.crate
uu_unexpand-0.9.0.crate /gnu/store/zlk3rb5vkc0z6saxqsyascr7lbxw9s34-uu_unexpand-0.9.0.crate
uu_uniq-0.9.0.crate /gnu/store/hb5r8gdfywdvkvfbfc625abjik248myd-uu_uniq-0.9.0.crate
uu_unlink-0.9.0.crate /gnu/store/9b8xrq0w2ihqfpvp90wc4hh0v9q5nnrz-uu_unlink-0.9.0.crate
uu_uptime-0.9.0.crate /gnu/store/6ahflbqx0maigwijad8r5y1skwid45lv-uu_uptime-0.9.0.crate
uu_users-0.9.0.crate /gnu/store/zf9ffbp4p1z4h6f6hxzbl093rmdi81ir-uu_users-0.9.0.crate
uu_vdir-0.9.0.crate /gnu/store/al18mkj572c9akvd4r3djgn5h2yb54wh-uu_vdir-0.9.0.crate
uu_wc-0.9.0.crate /gnu/store/x6cjfh2f6vwrm5h0ma67cwb98j99mfgc-uu_wc-0.9.0.crate
uu_who-0.9.0.crate /gnu/store/mgjmmg7whly4yz7ffhpxw00hwkpi8y4z-uu_who-0.9.0.crate
uu_whoami-0.9.0.crate /gnu/store/120n9xv8475c240if35ihd5hw7l694hg-uu_whoami-0.9.0.crate
uu_yes-0.9.0.crate /gnu/store/xfyhqzhdqs3llk9f6fgcp0757c1si9sd-uu_yes-0.9.0.crate
version_check-0.9.5.crate /gnu/store/l0fqvn5p9rkng1f287ymykbp8y3hk4a2-version_check-0.9.5.crate
vsimd-0.8.0.crate /gnu/store/qy0a5hj0s6d74qwn5lf0zmifjwgjszyz-vsimd-0.8.0.crate
walkdir-2.5.0.crate /gnu/store/zm27z0yl373yddi1rax0ifcxa29dgscn-walkdir-2.5.0.crate
wasi-0.11.1+wasi-snapshot-preview1.crate /gnu/store/pzgrwdgywqd6ckc5gxv60igq5d7js4kk-wasi-0.11.1+wasi-snapshot-preview1.crate
wasip2-1.0.2+wasi-0.2.9.crate /gnu/store/ln8c3np6hfc4lyc7n818hlq2z0yc1m63-wasip2-1.0.2+wasi-0.2.9.crate
wasip3-0.4.0+wasi-0.3.0-rc-2026-01-06.crate /gnu/store/k5cp5n64830m76gwiz0a81l39sl5sx34-wasip3-0.4.0+wasi-0.3.0-rc-2026-01-06.crate
wasm-bindgen-0.2.117.crate /gnu/store/hcaj2vr0w53kchnnf9lr9kdjm9811d9v-wasm-bindgen-0.2.117.crate
wasm-bindgen-macro-0.2.117.crate /gnu/store/zv9zn52p4m34ji84y90yjd6qc0w2zrbh-wasm-bindgen-macro-0.2.117.crate
wasm-bindgen-macro-support-0.2.117.crate /gnu/store/fhv1qd47659azmfslhssdqa2ivpya9fl-wasm-bindgen-macro-support-0.2.117.crate
wasm-bindgen-shared-0.2.117.crate /gnu/store/0xg6hbifham0d06kc84j4s0k8rc541m6-wasm-bindgen-shared-0.2.117.crate
wasm-encoder-0.244.0.crate /gnu/store/cn6l83ig4wlxiyjwzvxb2k2kz2yvxyy8-wasm-encoder-0.244.0.crate
wasm-metadata-0.244.0.crate /gnu/store/ksyzpq74rdy14dpngq5izm05jsrhmskd-wasm-metadata-0.244.0.crate
wasmparser-0.244.0.crate /gnu/store/d8q2fy9h7wa1qj39qkcjbianrdqnx7a7-wasmparser-0.244.0.crate
web-time-1.1.0.crate /gnu/store/s5zl3dlwxr28cwd3n3q83kawyg2xp48l-web-time-1.1.0.crate
wild-2.2.1.crate /gnu/store/s9rrnk5gcakqzdkiv51dmgv44rwmd78n-wild-2.2.1.crate
winapi-0.3.9.crate /gnu/store/1h6dw7664nxx5v57lqrcb3adaqxia566-winapi-0.3.9.crate
winapi-i686-pc-windows-gnu-0.4.0.crate /gnu/store/911f23l7vphvxn7v2sal86px6pybnib9-winapi-i686-pc-windows-gnu-0.4.0.crate
winapi-util-0.1.11.crate /gnu/store/fj82w583k2c83kfaj800zd0fpga3898a-winapi-util-0.1.11.crate
winapi-x86_64-pc-windows-gnu-0.4.0.crate /gnu/store/0v8q2a0fbym648aa43iz6q3nmm4xjanh-winapi-x86_64-pc-windows-gnu-0.4.0.crate
windows_aarch64_gnullvm-0.52.6.crate /gnu/store/rg4ry72h729l3giv9qs401rfrzyw0708-windows_aarch64_gnullvm-0.52.6.crate
windows_aarch64_gnullvm-0.53.1.crate /gnu/store/sna90psdy6cxi4lzyz5gplsp1660pl0r-windows_aarch64_gnullvm-0.53.1.crate
windows_aarch64_msvc-0.52.6.crate /gnu/store/jvxzk87cgpmnmx4x292avjfkk3a5bg3w-windows_aarch64_msvc-0.52.6.crate
windows_aarch64_msvc-0.53.1.crate /gnu/store/75i5dq7gci7x2qlbwb0zlkg9wwj1bw4c-windows_aarch64_msvc-0.53.1.crate
windows-core-0.62.2.crate /gnu/store/xbnq74wkcsyzvrp7q42wz9f46q67sdrx-windows-core-0.62.2.crate
windows_i686_gnu-0.52.6.crate /gnu/store/aq9fcaz2ngzymq5zh7h9vfgjq13dyrc0-windows_i686_gnu-0.52.6.crate
windows_i686_gnu-0.53.1.crate /gnu/store/qx6jzqx75nx8qk8k6wvdqd8vj991ba0c-windows_i686_gnu-0.53.1.crate
windows_i686_gnullvm-0.52.6.crate /gnu/store/0yhp6a28by3gx19jsblz1xywzgmyzik4-windows_i686_gnullvm-0.52.6.crate
windows_i686_gnullvm-0.53.1.crate /gnu/store/7pifqix893c2w6db7gylxnm3vfyb8yh9-windows_i686_gnullvm-0.53.1.crate
windows_i686_msvc-0.52.6.crate /gnu/store/rk7nhshmacjrba8x72mpy2bg0amhp0lh-windows_i686_msvc-0.52.6.crate
windows_i686_msvc-0.53.1.crate /gnu/store/n5zpzd97f28ljk2aw0mzlly467gbzrdg-windows_i686_msvc-0.53.1.crate
windows-implement-0.60.2.crate /gnu/store/lfgksdzvsvhqip3rffa0xn85w6d4m3jd-windows-implement-0.60.2.crate
windows-interface-0.59.3.crate /gnu/store/7c1gkw7rm6z9izmf8da9fdin7i41559j-windows-interface-0.59.3.crate
windows-link-0.2.1.crate /gnu/store/3jj3c5wb8ahnkszdz42xdc6brm2033l1-windows-link-0.2.1.crate
windows-result-0.4.1.crate /gnu/store/sbs9bz86x52yaxg63a5dad18vkllbbfg-windows-result-0.4.1.crate
windows-strings-0.5.1.crate /gnu/store/cmhr442wpxa54xkyidb8blsa0dqdfxkh-windows-strings-0.5.1.crate
windows-sys-0.59.0.crate /gnu/store/15lg2yn57fd2z03w1a8wa2xr4hczxmp8-windows-sys-0.59.0.crate
windows-sys-0.60.2.crate /gnu/store/03il6s86ic8844300pyg86aqbcf8m628-windows-sys-0.60.2.crate
windows-sys-0.61.2.crate /gnu/store/h3s6ph781279nzn52bz1van33zk2m9gs-windows-sys-0.61.2.crate
windows-targets-0.52.6.crate /gnu/store/343niy8jfi87m8gzmiv5rviff3ik0bim-windows-targets-0.52.6.crate
windows-targets-0.53.5.crate /gnu/store/38m4r0s4f3ljpy4byqvg47kq77nlz134-windows-targets-0.53.5.crate
windows_x86_64_gnu-0.52.6.crate /gnu/store/0jkfmb8dyr6dlalprh8j91c7hm7p5dj1-windows_x86_64_gnu-0.52.6.crate
windows_x86_64_gnu-0.53.1.crate /gnu/store/csbs4fc71q6gcqd2sxnqxjvs4x6n1k00-windows_x86_64_gnu-0.53.1.crate
windows_x86_64_gnullvm-0.52.6.crate /gnu/store/0lz4q364rg6jl360nv0kk7dxa0z34mv0-windows_x86_64_gnullvm-0.52.6.crate
windows_x86_64_gnullvm-0.53.1.crate /gnu/store/i26fqm4qqjgwgp1c3azba3ac9jv5zj1p-windows_x86_64_gnullvm-0.53.1.crate
windows_x86_64_msvc-0.52.6.crate /gnu/store/m05bpzmqgnns551qba3vqhlll32i0y3s-windows_x86_64_msvc-0.52.6.crate
windows_x86_64_msvc-0.53.1.crate /gnu/store/j2y8qjnbnfkmahnp67qmj5qvak06xv2r-windows_x86_64_msvc-0.53.1.crate
winnow-0.7.15.crate /gnu/store/x2sifxv5b2pbyjg8z859sj3w0d176ba6-winnow-0.7.15.crate
winnow-1.0.1.crate /gnu/store/asx65b2f5awwllb026ayxxvga6mbzilr-winnow-1.0.1.crate
wit-bindgen-0.51.0.crate /gnu/store/lfy734axwvjchyz95j61q1avdk4shzvi-wit-bindgen-0.51.0.crate
wit-bindgen-core-0.51.0.crate /gnu/store/gzjwsl4530v49rmy76d1jrgb2lzhcij3-wit-bindgen-core-0.51.0.crate
wit-bindgen-rust-0.51.0.crate /gnu/store/1vxz10qdx4cqza8m0ad4h0x451qhyl10-wit-bindgen-rust-0.51.0.crate
wit-bindgen-rust-macro-0.51.0.crate /gnu/store/9qdzyygjv7prq1gjpcfxryd2l9k4zc97-wit-bindgen-rust-macro-0.51.0.crate
wit-component-0.244.0.crate /gnu/store/gnwh2vf0kk92qn13q9n09zd9afy3kncb-wit-component-0.244.0.crate
wit-parser-0.244.0.crate /gnu/store/3a8x4l0f2f20ly1vplllf9mvvq5fxmby-wit-parser-0.244.0.crate
write16-1.0.0.crate /gnu/store/f7rlc27m5nvzi1sw170krz18pfj1chlb-write16-1.0.0.crate
writeable-0.6.3.crate /gnu/store/f5f0w1jrhlwf80n72vp7fzb6bda3wkbz-writeable-0.6.3.crate
wyz-0.5.1.crate /gnu/store/dcvb07l2v3r72y56407yaypw589kdazv-wyz-0.5.1.crate
xattr-1.6.1.crate /gnu/store/4h9sa7qi33ldscfpm6zzjr57ddjj7kms-xattr-1.6.1.crate
yansi-1.0.1.crate /gnu/store/4bl6fwvg7ika3wjj69b3yqfbqfk1i0w9-yansi-1.0.1.crate
yoke-0.8.2.crate /gnu/store/p1ga4z56ng75w5rxx72hrk23s78mmkdm-yoke-0.8.2.crate
yoke-derive-0.8.2.crate /gnu/store/lm10480pyzf0ismsn2yby844d1r0lawv-yoke-derive-0.8.2.crate
z85-3.0.7.crate /gnu/store/wgibd8gaigh7d9phqnlnkdn7rdi5avfb-z85-3.0.7.crate
zerocopy-0.7.35.crate /gnu/store/4ivbh7z9bqqpn83m2frdamrlik2bw2pr-zerocopy-0.7.35.crate
zerocopy-0.8.48.crate /gnu/store/rf62bcplx4lgbl1rl6s05alpcblwf7i5-zerocopy-0.8.48.crate
zerocopy-derive-0.7.35.crate /gnu/store/a62l8mb3iywgkr15vjivf55p80crk1ls-zerocopy-derive-0.7.35.crate
zerocopy-derive-0.8.48.crate /gnu/store/0vl72s3p5cf7c4f3gspis7ygzpnpi5ny-zerocopy-derive-0.8.48.crate
zerofrom-0.1.7.crate /gnu/store/rwz6hix8y53cfdsncb88hclkzv7psyv1-zerofrom-0.1.7.crate
zerofrom-derive-0.1.7.crate /gnu/store/1sncfsa58bdkgrqzyq8xxy2c9kjryynf-zerofrom-derive-0.1.7.crate
zerotrie-0.2.4.crate /gnu/store/0b1whj7jaaf6n5w07flb34s1jvkphz4f-zerotrie-0.2.4.crate
zerovec-0.11.6.crate /gnu/store/0bb5lb2yp9cvpbpb19mqn125whbwj9ja-zerovec-0.11.6.crate
zerovec-derive-0.11.3.crate /gnu/store/nvfngvbdzbzi48xwmy50rlwf9wjyq1k7-zerovec-derive-0.11.3.crate
zip-8.6.0.crate /gnu/store/wna189ds1x0wciig2hih0yjv94b4adc1-zip-8.6.0.crate
zlib-rs-0.6.3.crate /gnu/store/anksl499qhqaf7iyyfj2a21b7jzd5593-zlib-rs-0.6.3.crate
zmij-1.0.21.crate /gnu/store/cn5flb8vwir9phmlca04a1mw73xlsd4m-zmij-1.0.21.crate
zopfli-0.8.3.crate /gnu/store/zgivh109wy9aj4xkc5gaj80nsscykw62-zopfli-0.8.3.crate
