# This file is automatically @generated by Cargo.
# It is not intended for manual editing.
version = 4

[[package]]
name = "td-fido"
version = "0.1.0"

[[package]]
name = "td-pass"
version = "0.1.0"
dependencies = [
 "td-secret",
 "td-test-compositor",
 "td-ui",
]

[[package]]
name = "td-secret"
version = "0.1.0"
dependencies = [
 "td-fido",
 "td-tpm",
]

[[package]]
name = "td-test-compositor"
version = "0.1.0"

[[package]]
name = "td-tpm"
version = "0.1.0"

[[package]]
name = "td-ui"
version = "0.1.0"
