# seed/stage0.lock - local stage0-posix source archive for bootstrap brick 0.
#
# The archive is a deterministic tar of the previously vendored seed/stage0 tree:
#
#   git archive --format=tar --mtime='1970-01-01 00:00:00 +0000' \
#     -o seed/stage0-3b9c2bb.tar <tree-ish>:seed/stage0
#
# Contents are the pinned stage0-posix-x86 commit
# 3b9c2bb6d4155e4f2e5f642b5e0f59255dfc5934, including the AMD64 seed files,
# M2-Planet, M2libc, bootstrap-seeds, and mescc-tools files td's brick-0/2
# runners consume. The bootstrap-seed pinned-input leg also verifies the two
# binary seed members inside this tarball by their per-file sha256 pins.
sha256 cd9065bb1bba0495731658fb18d5d92d57a652bda5d56af79ee75e40389c33e5
file stage0-3b9c2bb.tar
