# This file is automatically @generated by Cargo.
# It is not intended for manual editing.
version = 4

[[package]]
name = "td-civil"
version = "0.1.0"

[[package]]
name = "td-fetch-client"
version = "0.1.0"

[[package]]
name = "td-html"
version = "0.1.0"

[[package]]
name = "td-json"
version = "0.1.0"

[[package]]
name = "td-kv"
version = "0.1.0"

[[package]]
name = "td-mail"
version = "0.1.0"
dependencies = [
 "td-civil",
 "td-fetch-client",
 "td-html",
 "td-json",
 "td-kv",
 "td-regex",
 "td-toml",
 "td-ui",
]

[[package]]
name = "td-regex"
version = "0.1.0"

[[package]]
name = "td-toml"
version = "0.1.0"

[[package]]
name = "td-ui"
version = "0.1.0"
