# This file is automatically @generated by Cargo.
# It is not intended for manual editing.
version = 4

[[package]]
name = "td-header"
version = "0.1.0"

[[package]]
name = "td-json"
version = "0.1.0"

[[package]]
name = "td-mime"
version = "0.1.0"
dependencies = [
 "td-header",
 "td-json",
 "td-nfc",
]

[[package]]
name = "td-nfc"
version = "0.1.0"
