# This file is automatically @generated by Cargo.
# It is not intended for manual editing.
# Committed deliberately: a pinned lockfile keeps the td-builder build
# reproducible and offline (no resolver step needs the network). S1 has no
# dependencies, so the graph is the crate alone; it grows with S2+.
version = 3

[[package]]
name = "td-builder"
version = "0.1.0"
